
Microsoft Visual Studio Solution File, Format Version 9.00
# Visual Studio 2005
Project("{FAE04EC0-301F-11D3-BF4B-00C04F79EFBC}") = "PMSYA04005R", "PMSYA04005R\PMSYA04005R.csproj", "{7F1A5D41-3872-43F8-A384-D8EB869661D9}"
EndProject
Project("{FAE04EC0-301F-11D3-BF4B-00C04F79EFBC}") = "PMSYA04004G", "PMSYA04004G\PMSYA04004G.csproj", "{D1848155-D509-4D9B-99DA-F8C90F00BC40}"
EndProject
Project("{FAE04EC0-301F-11D3-BF4B-00C04F79EFBC}") = "PMSYA04006O", "PMSYA04006O\PMSYA04006O.csproj", "{A09A8E53-24C4-4FB2-8518-580728919E01}"
EndProject
Project("{FAE04EC0-301F-11D3-BF4B-00C04F79EFBC}") = "PMSYA04007D", "PMSYA04007D\PMSYA04007D.csproj", "{99C6CFA2-BFAB-4328-BA68-AE2543C4723C}"
EndProject
Project("{FAE04EC0-301F-11D3-BF4B-00C04F79EFBC}") = "ConsoleServerWorker", "ConsoleServerWorker\ConsoleServerWorker.csproj", "{11E26D9B-CBF7-4964-8C1D-F0496D783B6B}"
EndProject
Global
	GlobalSection(SourceCodeControl) = preSolution
		SccNumberOfProjects = 6
		SccLocalPath0 = .
		SccProjectUniqueName1 = ConsoleServerWorker\\ConsoleServerWorker.csproj
		SccLocalPath1 = .
		SccProjectFilePathRelativizedFromConnection1 = ConsoleServerWorker\\
		SccProjectUniqueName2 = PMSYA04004G\\PMSYA04004G.csproj
		SccLocalPath2 = .
		SccProjectFilePathRelativizedFromConnection2 = PMSYA04004G\\
		SccProjectUniqueName3 = PMSYA04005R\\PMSYA04005R.csproj
		SccLocalPath3 = .
		SccProjectFilePathRelativizedFromConnection3 = PMSYA04005R\\
		SccProjectUniqueName4 = PMSYA04006O\\PMSYA04006O.csproj
		SccLocalPath4 = .
		SccProjectFilePathRelativizedFromConnection4 = PMSYA04006O\\
		SccProjectUniqueName5 = PMSYA04007D\\PMSYA04007D.csproj
		SccLocalPath5 = .
		SccProjectFilePathRelativizedFromConnection5 = PMSYA04007D\\
	EndGlobalSection
	GlobalSection(SolutionConfigurationPlatforms) = preSolution
		Debug|Any CPU = Debug|Any CPU
		Release|Any CPU = Release|Any CPU
	EndGlobalSection
	GlobalSection(ProjectConfigurationPlatforms) = postSolution
		{7F1A5D41-3872-43F8-A384-D8EB869661D9}.Debug|Any CPU.ActiveCfg = Debug|Any CPU
		{7F1A5D41-3872-43F8-A384-D8EB869661D9}.Debug|Any CPU.Build.0 = Debug|Any CPU
		{7F1A5D41-3872-43F8-A384-D8EB869661D9}.Release|Any CPU.ActiveCfg = Release|Any CPU
		{7F1A5D41-3872-43F8-A384-D8EB869661D9}.Release|Any CPU.Build.0 = Release|Any CPU
		{D1848155-D509-4D9B-99DA-F8C90F00BC40}.Debug|Any CPU.ActiveCfg = Debug|Any CPU
		{D1848155-D509-4D9B-99DA-F8C90F00BC40}.Debug|Any CPU.Build.0 = Debug|Any CPU
		{D1848155-D509-4D9B-99DA-F8C90F00BC40}.Release|Any CPU.ActiveCfg = Release|Any CPU
		{D1848155-D509-4D9B-99DA-F8C90F00BC40}.Release|Any CPU.Build.0 = Release|Any CPU
		{A09A8E53-24C4-4FB2-8518-580728919E01}.Debug|Any CPU.ActiveCfg = Debug|Any CPU
		{A09A8E53-24C4-4FB2-8518-580728919E01}.Debug|Any CPU.Build.0 = Debug|Any CPU
		{A09A8E53-24C4-4FB2-8518-580728919E01}.Release|Any CPU.ActiveCfg = Release|Any CPU
		{A09A8E53-24C4-4FB2-8518-580728919E01}.Release|Any CPU.Build.0 = Release|Any CPU
		{99C6CFA2-BFAB-4328-BA68-AE2543C4723C}.Debug|Any CPU.ActiveCfg = Debug|Any CPU
		{99C6CFA2-BFAB-4328-BA68-AE2543C4723C}.Debug|Any CPU.Build.0 = Debug|Any CPU
		{99C6CFA2-BFAB-4328-BA68-AE2543C4723C}.Release|Any CPU.ActiveCfg = Release|Any CPU
		{99C6CFA2-BFAB-4328-BA68-AE2543C4723C}.Release|Any CPU.Build.0 = Release|Any CPU
		{11E26D9B-CBF7-4964-8C1D-F0496D783B6B}.Debug|Any CPU.ActiveCfg = Debug|Any CPU
		{11E26D9B-CBF7-4964-8C1D-F0496D783B6B}.Debug|Any CPU.Build.0 = Debug|Any CPU
		{11E26D9B-CBF7-4964-8C1D-F0496D783B6B}.Release|Any CPU.ActiveCfg = Release|Any CPU
		{11E26D9B-CBF7-4964-8C1D-F0496D783B6B}.Release|Any CPU.Build.0 = Release|Any CPU
	EndGlobalSection
	GlobalSection(SolutionProperties) = preSolution
		HideSolutionNode = FALSE
	EndGlobalSection
EndGlobal
