Microsoft Visual Studio Solution File, Format Version 9.00
# Visual Studio 2005
Project("{FAE04EC0-301F-11D3-BF4B-00C04F79EFBC}") = "PMREC09014G", "PMREC09014G\PMREC09014G.csproj", "{B4FF1652-2789-775B-58C1-9671145267D8}"
EndProject
Project("{FAE04EC0-301F-11D3-BF4B-00C04F79EFBC}") = "PMREC09015R", "PMREC09015R\PMREC09015R.csproj", "{E190A308-9FE9-BDFA-27D5-A7938BD8FE80}"
EndProject
Project("{FAE04EC0-301F-11D3-BF4B-00C04F79EFBC}") = "PMREC09016O", "PMREC09016O\PMREC09016O.csproj", "{4B1ED01A-8B57-35C4-C586-A90AFBBC20BC}"
EndProject
Project("{FAE04EC0-301F-11D3-BF4B-00C04F79EFBC}") = "PMREC09017D", "PMREC09017D\PMREC09017D.csproj", "{9A7C9905-FB68-B97A-B2FD-071A9FDA9931}"
EndProject
Project("{FAE04EC0-301F-11D3-BF4B-00C04F79EFBC}") = "ConsolePMREC09015R", "ConsolePMREC09015R\ConsolePMREC09015R.csproj", "{0833C99D-FF20-342E-AF88-2EF0397FC874}"
EndProject
Project("{FAE04EC0-301F-11D3-BF4B-00C04F79EFBC}") = "PMREC09015RTest", "PMREC09015RTest\PMREC09015RTest.csproj", "{70A3FF69-6683-4A72-83CF-0E6195DDC924}"
EndProject
Global
	GlobalSection(SourceCodeControl) = preSolution
		SccNumberOfProjects = 7
		SccLocalPath0 = .
		SccProjectUniqueName1 = ConsolePMREC09015R\\ConsolePMREC09015R.csproj
		SccLocalPath1 = .
		SccProjectFilePathRelativizedFromConnection1 = ConsolePMREC09015R\\
		SccProjectUniqueName2 = PMREC09014G\\PMREC09014G.csproj
		SccLocalPath2 = .
		SccProjectFilePathRelativizedFromConnection2 = PMREC09014G\\
		SccProjectUniqueName3 = PMREC09015R\\PMREC09015R.csproj
		SccLocalPath3 = .
		SccProjectFilePathRelativizedFromConnection3 = PMREC09015R\\
		SccProjectUniqueName4 = PMREC09015RTest\\PMREC09015RTest.csproj
		SccLocalPath4 = .
		SccProjectFilePathRelativizedFromConnection4 = PMREC09015RTest\\
		SccProjectUniqueName5 = PMREC09016O\\PMREC09016O.csproj
		SccLocalPath5 = .
		SccProjectFilePathRelativizedFromConnection5 = PMREC09016O\\
		SccProjectUniqueName6 = PMREC09017D\\PMREC09017D.csproj
		SccLocalPath6 = .
		SccProjectFilePathRelativizedFromConnection6 = PMREC09017D\\
	EndGlobalSection
	GlobalSection(SolutionConfigurationPlatforms) = preSolution
		Debug|Any CPU = Debug|Any CPU
		Release|Any CPU = Release|Any CPU
	EndGlobalSection
	GlobalSection(ProjectConfigurationPlatforms) = postSolution
		{B4FF1652-2789-775B-58C1-9671145267D8}.Debug|Any CPU.ActiveCfg = Debug|Any CPU
		{B4FF1652-2789-775B-58C1-9671145267D8}.Debug|Any CPU.Build.0 = Debug|Any CPU
		{B4FF1652-2789-775B-58C1-9671145267D8}.Release|Any CPU.ActiveCfg = Release|Any CPU
		{B4FF1652-2789-775B-58C1-9671145267D8}.Release|Any CPU.Build.0 = Release|Any CPU
		{E190A308-9FE9-BDFA-27D5-A7938BD8FE80}.Debug|Any CPU.ActiveCfg = Debug|Any CPU
		{E190A308-9FE9-BDFA-27D5-A7938BD8FE80}.Debug|Any CPU.Build.0 = Debug|Any CPU
		{E190A308-9FE9-BDFA-27D5-A7938BD8FE80}.Release|Any CPU.ActiveCfg = Release|Any CPU
		{E190A308-9FE9-BDFA-27D5-A7938BD8FE80}.Release|Any CPU.Build.0 = Release|Any CPU
		{4B1ED01A-8B57-35C4-C586-A90AFBBC20BC}.Debug|Any CPU.ActiveCfg = Debug|Any CPU
		{4B1ED01A-8B57-35C4-C586-A90AFBBC20BC}.Debug|Any CPU.Build.0 = Debug|Any CPU
		{4B1ED01A-8B57-35C4-C586-A90AFBBC20BC}.Release|Any CPU.ActiveCfg = Release|Any CPU
		{4B1ED01A-8B57-35C4-C586-A90AFBBC20BC}.Release|Any CPU.Build.0 = Release|Any CPU
		{9A7C9905-FB68-B97A-B2FD-071A9FDA9931}.Debug|Any CPU.ActiveCfg = Debug|Any CPU
		{9A7C9905-FB68-B97A-B2FD-071A9FDA9931}.Debug|Any CPU.Build.0 = Debug|Any CPU
		{9A7C9905-FB68-B97A-B2FD-071A9FDA9931}.Release|Any CPU.ActiveCfg = Release|Any CPU
		{9A7C9905-FB68-B97A-B2FD-071A9FDA9931}.Release|Any CPU.Build.0 = Release|Any CPU
		{0833C99D-FF20-342E-AF88-2EF0397FC874}.Debug|Any CPU.ActiveCfg = Debug|Any CPU
		{0833C99D-FF20-342E-AF88-2EF0397FC874}.Debug|Any CPU.Build.0 = Debug|Any CPU
		{0833C99D-FF20-342E-AF88-2EF0397FC874}.Release|Any CPU.ActiveCfg = Release|Any CPU
		{0833C99D-FF20-342E-AF88-2EF0397FC874}.Release|Any CPU.Build.0 = Release|Any CPU
		{70A3FF69-6683-4A72-83CF-0E6195DDC924}.Debug|Any CPU.ActiveCfg = Debug|Any CPU
		{70A3FF69-6683-4A72-83CF-0E6195DDC924}.Debug|Any CPU.Build.0 = Debug|Any CPU
		{70A3FF69-6683-4A72-83CF-0E6195DDC924}.Release|Any CPU.ActiveCfg = Release|Any CPU
		{70A3FF69-6683-4A72-83CF-0E6195DDC924}.Release|Any CPU.Build.0 = Release|Any CPU
	EndGlobalSection
	GlobalSection(SolutionProperties) = preSolution
		HideSolutionNode = FALSE
	EndGlobalSection
EndGlobal
