Microsoft Visual Studio Solution File, Format Version 9.00
# Visual Studio 2005
Project("{FAE04EC0-301F-11D3-BF4B-00C04F79EFBC}") = "PMPCC09062A", "PMPCC09062A\PMPCC09062A.csproj", "{94408178-DE92-7A0A-0987-7638947C9F95}"
EndProject
Global
	GlobalSection(SourceCodeControl) = preSolution
		SccNumberOfProjects = 2
		SccLocalPath0 = .
		SccProjectUniqueName1 = PMPCC09062A\\PMPCC09062A.csproj
		SccLocalPath1 = .
		SccProjectFilePathRelativizedFromConnection1 = PMPCC09062A\\
	EndGlobalSection
	GlobalSection(SolutionConfigurationPlatforms) = preSolution
		Debug|Any CPU = Debug|Any CPU
		Release|Any CPU = Release|Any CPU
	EndGlobalSection
	GlobalSection(ProjectConfigurationPlatforms) = postSolution
		{94408178-DE92-7A0A-0987-7638947C9F95}.Debug|Any CPU.ActiveCfg = Debug|Any CPU
		{94408178-DE92-7A0A-0987-7638947C9F95}.Debug|Any CPU.Build.0 = Debug|Any CPU
		{94408178-DE92-7A0A-0987-7638947C9F95}.Release|Any CPU.ActiveCfg = Release|Any CPU
		{94408178-DE92-7A0A-0987-7638947C9F95}.Release|Any CPU.Build.0 = Release|Any CPU
	EndGlobalSection
	GlobalSection(SolutionProperties) = preSolution
		HideSolutionNode = FALSE
	EndGlobalSection
EndGlobal
