
Microsoft Visual Studio Solution File, Format Version 9.00
# Visual Studio 2005
Project("{FAE04EC0-301F-11D3-BF4B-00C04F79EFBC}") = "PMTEG09101U", "PMTEG09101U\PMTEG09101U.csproj", "{B29A345B-97CE-4A6F-9CBB-E87AE6272363}"
EndProject
Global
	GlobalSection(SourceCodeControl) = preSolution
		SccNumberOfProjects = 2
		SccLocalPath0 = .
		SccProjectUniqueName1 = PMTEG09101U\\PMTEG09101U.csproj
		SccLocalPath1 = .
		SccProjectFilePathRelativizedFromConnection1 = PMTEG09101U\\
	EndGlobalSection
	GlobalSection(SolutionConfigurationPlatforms) = preSolution
		Debug|Any CPU = Debug|Any CPU
		Release|Any CPU = Release|Any CPU
	EndGlobalSection
	GlobalSection(ProjectConfigurationPlatforms) = postSolution
		{B29A345B-97CE-4A6F-9CBB-E87AE6272363}.Debug|Any CPU.ActiveCfg = Debug|Any CPU
		{B29A345B-97CE-4A6F-9CBB-E87AE6272363}.Debug|Any CPU.Build.0 = Debug|Any CPU
		{B29A345B-97CE-4A6F-9CBB-E87AE6272363}.Release|Any CPU.ActiveCfg = Release|Any CPU
		{B29A345B-97CE-4A6F-9CBB-E87AE6272363}.Release|Any CPU.Build.0 = Release|Any CPU
	EndGlobalSection
	GlobalSection(SolutionProperties) = preSolution
		HideSolutionNode = FALSE
	EndGlobalSection
	GlobalSection(DPCodeReviewSolutionGUID) = preSolution
		DPCodeReviewSolutionGUID = {00000000-0000-0000-0000-000000000000}
	EndGlobalSection
EndGlobal
