
Microsoft Visual Studio Solution File, Format Version 9.00
# Visual Studio 2005
Project("{FAE04EC0-301F-11D3-BF4B-00C04F79EFBC}") = "PMKHN08712A", "PMKHN08712A\PMKHN08712A.csproj", "{F3A2D1A3-D3C2-46BE-994C-F3729BA24866}"
EndProject
Global
	GlobalSection(SourceCodeControl) = preSolution
		SccNumberOfProjects = 2
		SccLocalPath0 = .
		SccProjectUniqueName1 = PMKHN08712A\\PMKHN08712A.csproj
		SccProjectName1 = \u0022$/Partsman[810]/Source/Client/PMKHN08712A.root/PMKHN08712A/PMKHN08712A\u0022,\u0020ILADAAAA
		SccLocalPath1 = PMKHN08712A
	EndGlobalSection
	GlobalSection(SolutionConfigurationPlatforms) = preSolution
		Debug|Any CPU = Debug|Any CPU
		Release|Any CPU = Release|Any CPU
	EndGlobalSection
	GlobalSection(ProjectConfigurationPlatforms) = postSolution
		{F3A2D1A3-D3C2-46BE-994C-F3729BA24866}.Debug|Any CPU.ActiveCfg = Debug|Any CPU
		{F3A2D1A3-D3C2-46BE-994C-F3729BA24866}.Debug|Any CPU.Build.0 = Debug|Any CPU
		{F3A2D1A3-D3C2-46BE-994C-F3729BA24866}.Release|Any CPU.ActiveCfg = Release|Any CPU
		{F3A2D1A3-D3C2-46BE-994C-F3729BA24866}.Release|Any CPU.Build.0 = Release|Any CPU
	EndGlobalSection
	GlobalSection(SolutionProperties) = preSolution
		HideSolutionNode = FALSE
	EndGlobalSection
EndGlobal
