Microsoft Visual Studio Solution File, Format Version 9.00
# Visual Studio 2005
Project("{FAE04EC0-301F-11D3-BF4B-00C04F79EFBC}") = "SFTOK09401E", "SFTOK09401E.csproj", "{2FCDCC55-06B8-46A3-B706-78DC47E2038D}"
EndProject
Global
	GlobalSection(SourceCodeControl) = preSolution
		SccNumberOfProjects = 2
		SccLocalPath0 = .
		SccProjectUniqueName1 = SFTOK09401E.csproj
		SccLocalPath1 = .
	EndGlobalSection
	GlobalSection(SolutionConfigurationPlatforms) = preSolution
		Debug|Any CPU = Debug|Any CPU
		Release|Any CPU = Release|Any CPU
	EndGlobalSection
	GlobalSection(ProjectConfigurationPlatforms) = postSolution
		{2FCDCC55-06B8-46A3-B706-78DC47E2038D}.Debug|Any CPU.ActiveCfg = Debug|Any CPU
		{2FCDCC55-06B8-46A3-B706-78DC47E2038D}.Debug|Any CPU.Build.0 = Debug|Any CPU
		{2FCDCC55-06B8-46A3-B706-78DC47E2038D}.Release|Any CPU.ActiveCfg = Release|Any CPU
		{2FCDCC55-06B8-46A3-B706-78DC47E2038D}.Release|Any CPU.Build.0 = Release|Any CPU
	EndGlobalSection
	GlobalSection(SolutionProperties) = preSolution
		HideSolutionNode = FALSE
	EndGlobalSection
EndGlobal
