
Microsoft Visual Studio Solution File, Format Version 9.00
# Visual Studio 2005
Project("{FAE04EC0-301F-11D3-BF4B-00C04F79EFBC}") = "PMKAU04005P", "PMKAU04005P\PMKAU04005P.csproj", "{583D2272-E132-4A02-B707-0AB0DC86FEAD}"
EndProject
Global
	GlobalSection(SourceCodeControl) = preSolution
		SccNumberOfProjects = 2
		SccLocalPath0 = .
		SccProjectUniqueName1 = PMKAU04005P\\PMKAU04005P.csproj
		SccLocalPath1 = .
		SccProjectFilePathRelativizedFromConnection1 = PMKAU04005P\\
	EndGlobalSection
	GlobalSection(SolutionConfigurationPlatforms) = preSolution
		Debug|Any CPU = Debug|Any CPU
		Release|Any CPU = Release|Any CPU
	EndGlobalSection
	GlobalSection(ProjectConfigurationPlatforms) = postSolution
		{583D2272-E132-4A02-B707-0AB0DC86FEAD}.Debug|Any CPU.ActiveCfg = Debug|Any CPU
		{583D2272-E132-4A02-B707-0AB0DC86FEAD}.Debug|Any CPU.Build.0 = Debug|Any CPU
		{583D2272-E132-4A02-B707-0AB0DC86FEAD}.Release|Any CPU.ActiveCfg = Release|Any CPU
		{583D2272-E132-4A02-B707-0AB0DC86FEAD}.Release|Any CPU.Build.0 = Release|Any CPU
	EndGlobalSection
	GlobalSection(SolutionProperties) = preSolution
		HideSolutionNode = FALSE
	EndGlobalSection
EndGlobal
