Microsoft Visual Studio Solution File, Format Version 9.00
# Visual Studio 2005
Project("{FAE04EC0-301F-11D3-BF4B-00C04F79EFBC}") = "SFUKK01360A", "SFUKK01360A\SFUKK01360A.csproj", "{BADCA8D1-4BA8-41C5-8E3E-68E8C46F296D}"
EndProject
Global
	GlobalSection(SourceCodeControl) = preSolution
		SccNumberOfProjects = 2
		SccLocalPath0 = .
		SccProjectUniqueName1 = SFUKK01360A\\SFUKK01360A.csproj
		SccLocalPath1 = .
		SccProjectFilePathRelativizedFromConnection1 = SFUKK01360A\\
	EndGlobalSection
	GlobalSection(SolutionConfigurationPlatforms) = preSolution
		Debug|Any CPU = Debug|Any CPU
		Release|Any CPU = Release|Any CPU
	EndGlobalSection
	GlobalSection(ProjectConfigurationPlatforms) = postSolution
		{BADCA8D1-4BA8-41C5-8E3E-68E8C46F296D}.Debug|Any CPU.ActiveCfg = Debug|Any CPU
		{BADCA8D1-4BA8-41C5-8E3E-68E8C46F296D}.Debug|Any CPU.Build.0 = Debug|Any CPU
		{BADCA8D1-4BA8-41C5-8E3E-68E8C46F296D}.Release|Any CPU.ActiveCfg = Release|Any CPU
		{BADCA8D1-4BA8-41C5-8E3E-68E8C46F296D}.Release|Any CPU.Build.0 = Release|Any CPU
	EndGlobalSection
	GlobalSection(SolutionProperties) = preSolution
		HideSolutionNode = FALSE
	EndGlobalSection
EndGlobal
