
Microsoft Visual Studio Solution File, Format Version 9.00
# Visual Studio 2005
Project("{FAE04EC0-301F-11D3-BF4B-00C04F79EFBC}") = "PMSAE02005P_01A4C", "PMSAE02005P_01A4C\PMSAE02005P_01A4C.csproj", "{2374128A-C264-47B2-9631-571F7CAF5280}"
EndProject
Global
	GlobalSection(SourceCodeControl) = preSolution
		SccNumberOfProjects = 2
		SccLocalPath0 = .
		SccProjectUniqueName1 = PMSAE02005P_01A4C\\PMSAE02005P_01A4C.csproj
		SccLocalPath1 = .
		SccProjectFilePathRelativizedFromConnection1 = PMSAE02005P_01A4C\\
	EndGlobalSection
	GlobalSection(SolutionConfigurationPlatforms) = preSolution
		Debug|Any CPU = Debug|Any CPU
		Release|Any CPU = Release|Any CPU
	EndGlobalSection
	GlobalSection(ProjectConfigurationPlatforms) = postSolution
		{2374128A-C264-47B2-9631-571F7CAF5280}.Debug|Any CPU.ActiveCfg = Debug|Any CPU
		{2374128A-C264-47B2-9631-571F7CAF5280}.Debug|Any CPU.Build.0 = Debug|Any CPU
		{2374128A-C264-47B2-9631-571F7CAF5280}.Release|Any CPU.ActiveCfg = Release|Any CPU
		{2374128A-C264-47B2-9631-571F7CAF5280}.Release|Any CPU.Build.0 = Release|Any CPU
	EndGlobalSection
	GlobalSection(SolutionProperties) = preSolution
		HideSolutionNode = FALSE
	EndGlobalSection
	GlobalSection(DPCodeReviewSolutionGUID) = preSolution
		DPCodeReviewSolutionGUID = {00000000-0000-0000-0000-000000000000}
	EndGlobalSection
EndGlobal
