
Microsoft Visual Studio Solution File, Format Version 9.00
# Visual Studio 2005
Project("{FAE04EC0-301F-11D3-BF4B-00C04F79EFBC}") = "ApplicationWorker", "ApplicationWorker\ApplicationWorker.csproj", "{BB578F2F-1BFA-4124-836D-93D9EF736377}"
EndProject
Project("{FAE04EC0-301F-11D3-BF4B-00C04F79EFBC}") = "PMKHN09803G", "PMKHN09803G\PMKHN09803G.csproj", "{06E75B32-60A9-48D0-BFDA-E5831DBBD9E1}"
EndProject
Project("{FAE04EC0-301F-11D3-BF4B-00C04F79EFBC}") = "PMKHN09804R", "PMKHN09804R\PMKHN09804R.csproj", "{2EB46B03-92EA-4D2B-AA77-123F99C2AA3D}"
EndProject
Project("{FAE04EC0-301F-11D3-BF4B-00C04F79EFBC}") = "PMKHN09805O", "PMKHN09805O\PMKHN09805O.csproj", "{E0368338-B87F-4A0E-9C76-D60808E53227}"
EndProject
Project("{FAE04EC0-301F-11D3-BF4B-00C04F79EFBC}") = "ServerWorker", "ServerWorker\ServerWorker.csproj", "{D71EABFF-669A-4558-B0B5-A656EC327B16}"
EndProject
Global
	GlobalSection(SourceCodeControl) = preSolution
		SccNumberOfProjects = 6
		SccLocalPath0 = .
		SccProjectUniqueName1 = ApplicationWorker\\ApplicationWorker.csproj
		SccProjectName1 = \u0022$/Partsman[810]/Source/Server/PMKHN09804R.root/PMKHN09804R/ApplicationWorker\u0022,\u0020ECWCAAAA
		SccLocalPath1 = ApplicationWorker
		SccProjectUniqueName2 = PMKHN09803G\\PMKHN09803G.csproj
		SccProjectName2 = \u0022$/Partsman[810]/Source/Server/PMKHN09804R.root/PMKHN09804R/PMKHN09803G\u0022,\u0020LCWCAAAA
		SccLocalPath2 = PMKHN09803G
		SccProjectUniqueName3 = PMKHN09804R\\PMKHN09804R.csproj
		SccProjectName3 = \u0022$/Partsman[810]/Source/Server/PMKHN09804R.root/PMKHN09804R/PMKHN09804R\u0022,\u0020QCWCAAAA
		SccLocalPath3 = PMKHN09804R
		SccProjectUniqueName4 = PMKHN09805O\\PMKHN09805O.csproj
		SccProjectName4 = \u0022$/Partsman[810]/Source/Server/PMKHN09804R.root/PMKHN09804R/PMKHN09805O\u0022,\u0020VCWCAAAA
		SccLocalPath4 = PMKHN09805O
		SccProjectUniqueName5 = ServerWorker\\ServerWorker.csproj
		SccProjectName5 = \u0022$/Partsman[810]/Source/Server/PMKHN09804R.root/PMKHN09804R/ServerWorker\u0022,\u0020ADWCAAAA
		SccLocalPath5 = ServerWorker
	EndGlobalSection
	GlobalSection(SolutionConfigurationPlatforms) = preSolution
		Debug|Any CPU = Debug|Any CPU
		Release|Any CPU = Release|Any CPU
	EndGlobalSection
	GlobalSection(ProjectConfigurationPlatforms) = postSolution
		{BB578F2F-1BFA-4124-836D-93D9EF736377}.Debug|Any CPU.ActiveCfg = Debug|Any CPU
		{BB578F2F-1BFA-4124-836D-93D9EF736377}.Debug|Any CPU.Build.0 = Debug|Any CPU
		{BB578F2F-1BFA-4124-836D-93D9EF736377}.Release|Any CPU.ActiveCfg = Release|Any CPU
		{BB578F2F-1BFA-4124-836D-93D9EF736377}.Release|Any CPU.Build.0 = Release|Any CPU
		{06E75B32-60A9-48D0-BFDA-E5831DBBD9E1}.Debug|Any CPU.ActiveCfg = Debug|Any CPU
		{06E75B32-60A9-48D0-BFDA-E5831DBBD9E1}.Debug|Any CPU.Build.0 = Debug|Any CPU
		{06E75B32-60A9-48D0-BFDA-E5831DBBD9E1}.Release|Any CPU.ActiveCfg = Release|Any CPU
		{06E75B32-60A9-48D0-BFDA-E5831DBBD9E1}.Release|Any CPU.Build.0 = Release|Any CPU
		{2EB46B03-92EA-4D2B-AA77-123F99C2AA3D}.Debug|Any CPU.ActiveCfg = Debug|Any CPU
		{2EB46B03-92EA-4D2B-AA77-123F99C2AA3D}.Debug|Any CPU.Build.0 = Debug|Any CPU
		{2EB46B03-92EA-4D2B-AA77-123F99C2AA3D}.Release|Any CPU.ActiveCfg = Release|Any CPU
		{2EB46B03-92EA-4D2B-AA77-123F99C2AA3D}.Release|Any CPU.Build.0 = Release|Any CPU
		{E0368338-B87F-4A0E-9C76-D60808E53227}.Debug|Any CPU.ActiveCfg = Debug|Any CPU
		{E0368338-B87F-4A0E-9C76-D60808E53227}.Debug|Any CPU.Build.0 = Debug|Any CPU
		{E0368338-B87F-4A0E-9C76-D60808E53227}.Release|Any CPU.ActiveCfg = Release|Any CPU
		{E0368338-B87F-4A0E-9C76-D60808E53227}.Release|Any CPU.Build.0 = Release|Any CPU
		{D71EABFF-669A-4558-B0B5-A656EC327B16}.Debug|Any CPU.ActiveCfg = Debug|Any CPU
		{D71EABFF-669A-4558-B0B5-A656EC327B16}.Debug|Any CPU.Build.0 = Debug|Any CPU
		{D71EABFF-669A-4558-B0B5-A656EC327B16}.Release|Any CPU.ActiveCfg = Release|Any CPU
		{D71EABFF-669A-4558-B0B5-A656EC327B16}.Release|Any CPU.Build.0 = Release|Any CPU
	EndGlobalSection
	GlobalSection(SolutionProperties) = preSolution
		HideSolutionNode = FALSE
	EndGlobalSection
EndGlobal
