
Microsoft Visual Studio Solution File, Format Version 9.00
# Visual Studio 2005
Project("{FAE04EC0-301F-11D3-BF4B-00C04F79EFBC}") = "SFANL08140U", "SFANL08140U\SFANL08140U.csproj", "{6C9BC358-D94C-4636-AD1F-4F890698C886}"
EndProject
Global
	GlobalSection(SourceCodeControl) = preSolution
		SccNumberOfProjects = 2
		SccLocalPath0 = .
		SccProjectUniqueName1 = SFANL08140U\\SFANL08140U.csproj
		SccLocalPath1 = .
		SccProjectFilePathRelativizedFromConnection1 = SFANL08140U\\
	EndGlobalSection
	GlobalSection(SolutionConfigurationPlatforms) = preSolution
		Debug|Any CPU = Debug|Any CPU
		Release|Any CPU = Release|Any CPU
	EndGlobalSection
	GlobalSection(ProjectConfigurationPlatforms) = postSolution
		{6C9BC358-D94C-4636-AD1F-4F890698C886}.Debug|Any CPU.ActiveCfg = Debug|Any CPU
		{6C9BC358-D94C-4636-AD1F-4F890698C886}.Debug|Any CPU.Build.0 = Debug|Any CPU
		{6C9BC358-D94C-4636-AD1F-4F890698C886}.Release|Any CPU.ActiveCfg = Release|Any CPU
		{6C9BC358-D94C-4636-AD1F-4F890698C886}.Release|Any CPU.Build.0 = Release|Any CPU
	EndGlobalSection
	GlobalSection(SolutionProperties) = preSolution
		HideSolutionNode = FALSE
	EndGlobalSection
EndGlobal
