Microsoft Visual Studio Solution File, Format Version 9.00
# Visual Studio 2005
Project("{FAE04EC0-301F-11D3-BF4B-00C04F79EFBC}") = "PMSCM09050U", "PMSCM09050U\PMSCM09050U.csproj", "{033EE8A6-3E8E-4DD0-9736-785F7DE1E8CA}"
EndProject
Global
	GlobalSection(SourceCodeControl) = preSolution
		SccNumberOfProjects = 2
		SccLocalPath0 = .
		SccProjectUniqueName1 = PMSCM09050U\\PMSCM09050U.csproj
		SccProjectName1 = \u0022$/Partsman[810]/Source/Client/PMSCM09050U.root/PMSCM09050U/PMSCM09050U\u0022,\u0020ERDCAAAA
		SccLocalPath1 = PMSCM09050U
	EndGlobalSection
	GlobalSection(SolutionConfigurationPlatforms) = preSolution
		Debug|Any CPU = Debug|Any CPU
		Release|Any CPU = Release|Any CPU
	EndGlobalSection
	GlobalSection(ProjectConfigurationPlatforms) = postSolution
		{033EE8A6-3E8E-4DD0-9736-785F7DE1E8CA}.Debug|Any CPU.ActiveCfg = Debug|Any CPU
		{033EE8A6-3E8E-4DD0-9736-785F7DE1E8CA}.Debug|Any CPU.Build.0 = Debug|Any CPU
		{033EE8A6-3E8E-4DD0-9736-785F7DE1E8CA}.Release|Any CPU.ActiveCfg = Release|Any CPU
		{033EE8A6-3E8E-4DD0-9736-785F7DE1E8CA}.Release|Any CPU.Build.0 = Release|Any CPU
	EndGlobalSection
	GlobalSection(SolutionProperties) = preSolution
		HideSolutionNode = FALSE
	EndGlobalSection
EndGlobal
