
Microsoft Visual Studio Solution File, Format Version 9.00
# Visual Studio 2005
Project("{FAE04EC0-301F-11D3-BF4B-00C04F79EFBC}") = "PMTEG05100U", "PMTEG05100U\PMTEG05100U.csproj", "{7815E002-A8F3-4DC9-82E2-7BBB564E167B}"
EndProject
Global
	GlobalSection(SourceCodeControl) = preSolution
		SccNumberOfProjects = 2
		SccLocalPath0 = .
		SccProjectUniqueName1 = PMTEG05100U\\PMTEG05100U.csproj
		SccLocalPath1 = .
		SccProjectFilePathRelativizedFromConnection1 = PMTEG05100U\\
	EndGlobalSection
	GlobalSection(SolutionConfigurationPlatforms) = preSolution
		Debug|Any CPU = Debug|Any CPU
		Release|Any CPU = Release|Any CPU
	EndGlobalSection
	GlobalSection(ProjectConfigurationPlatforms) = postSolution
		{7815E002-A8F3-4DC9-82E2-7BBB564E167B}.Debug|Any CPU.ActiveCfg = Debug|Any CPU
		{7815E002-A8F3-4DC9-82E2-7BBB564E167B}.Debug|Any CPU.Build.0 = Debug|Any CPU
		{7815E002-A8F3-4DC9-82E2-7BBB564E167B}.Release|Any CPU.ActiveCfg = Release|Any CPU
		{7815E002-A8F3-4DC9-82E2-7BBB564E167B}.Release|Any CPU.Build.0 = Release|Any CPU
	EndGlobalSection
	GlobalSection(SolutionProperties) = preSolution
		HideSolutionNode = FALSE
	EndGlobalSection
EndGlobal
