
Microsoft Visual Studio Solution File, Format Version 9.00
# Visual Studio 2005
Project("{FAE04EC0-301F-11D3-BF4B-00C04F79EFBC}") = "MAZAI05135I", "MAZAI05135I\MAZAI05135I.csproj", "{7D1FA292-58B0-4A83-8A2F-577E71603C1B}"
EndProject
Global
	GlobalSection(SourceCodeControl) = preSolution
		SccNumberOfProjects = 2
		SccLocalPath0 = .
		SccProjectUniqueName1 = MAZAI05135I\\MAZAI05135I.csproj
		SccLocalPath1 = .
		SccProjectFilePathRelativizedFromConnection1 = MAZAI05135I\\
	EndGlobalSection
	GlobalSection(SolutionConfigurationPlatforms) = preSolution
		Debug|Any CPU = Debug|Any CPU
		Release|Any CPU = Release|Any CPU
	EndGlobalSection
	GlobalSection(ProjectConfigurationPlatforms) = postSolution
		{7D1FA292-58B0-4A83-8A2F-577E71603C1B}.Debug|Any CPU.ActiveCfg = Debug|Any CPU
		{7D1FA292-58B0-4A83-8A2F-577E71603C1B}.Debug|Any CPU.Build.0 = Debug|Any CPU
		{7D1FA292-58B0-4A83-8A2F-577E71603C1B}.Release|Any CPU.ActiveCfg = Release|Any CPU
		{7D1FA292-58B0-4A83-8A2F-577E71603C1B}.Release|Any CPU.Build.0 = Release|Any CPU
	EndGlobalSection
	GlobalSection(SolutionProperties) = preSolution
		HideSolutionNode = FALSE
	EndGlobalSection
EndGlobal
