
Microsoft Visual Studio Solution File, Format Version 9.00
# Visual Studio 2005
Project("{FAE04EC0-301F-11D3-BF4B-00C04F79EFBC}") = "PMSYA04000U", "PMSYA04000U\PMSYA04000U.csproj", "{DD64E0BB-AC1D-4A13-ACFA-CD9B2A36A1CE}"
EndProject
Global
	GlobalSection(SourceCodeControl) = preSolution
		SccNumberOfProjects = 2
		SccLocalPath0 = .
		SccProjectUniqueName1 = PMSYA04000U\\PMSYA04000U.csproj
		SccLocalPath1 = .
		SccProjectFilePathRelativizedFromConnection1 = PMSYA04000U\\
	EndGlobalSection
	GlobalSection(SolutionConfigurationPlatforms) = preSolution
		Debug|Any CPU = Debug|Any CPU
		Release|Any CPU = Release|Any CPU
	EndGlobalSection
	GlobalSection(ProjectConfigurationPlatforms) = postSolution
		{DD64E0BB-AC1D-4A13-ACFA-CD9B2A36A1CE}.Debug|Any CPU.ActiveCfg = Debug|Any CPU
		{DD64E0BB-AC1D-4A13-ACFA-CD9B2A36A1CE}.Debug|Any CPU.Build.0 = Debug|Any CPU
		{DD64E0BB-AC1D-4A13-ACFA-CD9B2A36A1CE}.Release|Any CPU.ActiveCfg = Release|Any CPU
		{DD64E0BB-AC1D-4A13-ACFA-CD9B2A36A1CE}.Release|Any CPU.Build.0 = Release|Any CPU
	EndGlobalSection
	GlobalSection(SolutionProperties) = preSolution
		HideSolutionNode = FALSE
	EndGlobalSection
EndGlobal
