
Microsoft Visual Studio Solution File, Format Version 9.00
# Visual Studio 2005
Project("{FAE04EC0-301F-11D3-BF4B-00C04F79EFBC}") = "PMKHN09641U", "PMKHN09641U\PMKHN09641U.csproj", "{8CC3D9E8-7E64-4E81-A588-48DC71C0FF47}"
EndProject
Global
	GlobalSection(SourceCodeControl) = preSolution
		SccNumberOfProjects = 2
		SccLocalPath0 = .
		SccProjectUniqueName1 = PMKHN09641U\\PMKHN09641U.csproj
		SccProjectName1 = \u0022$/Partsman[810]/Source/Client/PMKHN09641U.root/PMKHN09641U/PMKHN09641U\u0022,\u0020VOADAAAA
		SccLocalPath1 = PMKHN09641U
	EndGlobalSection
	GlobalSection(SolutionConfigurationPlatforms) = preSolution
		Debug|Any CPU = Debug|Any CPU
		Release|Any CPU = Release|Any CPU
	EndGlobalSection
	GlobalSection(ProjectConfigurationPlatforms) = postSolution
		{8CC3D9E8-7E64-4E81-A588-48DC71C0FF47}.Debug|Any CPU.ActiveCfg = Debug|Any CPU
		{8CC3D9E8-7E64-4E81-A588-48DC71C0FF47}.Debug|Any CPU.Build.0 = Debug|Any CPU
		{8CC3D9E8-7E64-4E81-A588-48DC71C0FF47}.Release|Any CPU.ActiveCfg = Release|Any CPU
		{8CC3D9E8-7E64-4E81-A588-48DC71C0FF47}.Release|Any CPU.Build.0 = Release|Any CPU
	EndGlobalSection
	GlobalSection(SolutionProperties) = preSolution
		HideSolutionNode = FALSE
	EndGlobalSection
	GlobalSection(DPCodeReviewSolutionGUID) = preSolution
		DPCodeReviewSolutionGUID = {00000000-0000-0000-0000-000000000000}
	EndGlobalSection
EndGlobal
