
Microsoft Visual Studio Solution File, Format Version 9.00
# Visual Studio 2005
Project("{FAE04EC0-301F-11D3-BF4B-00C04F79EFBC}") = "PMHNB02133P", "PMHNB02133P\PMHNB02133P.csproj", "{D643E2A9-880C-4A94-BCFC-921F2F36F856}"
EndProject
Global
	GlobalSection(SourceCodeControl) = preSolution
		SccNumberOfProjects = 2
		SccLocalPath0 = .
		SccProjectUniqueName1 = PMHNB02133P\\PMHNB02133P.csproj
		SccLocalPath1 = .
		SccProjectFilePathRelativizedFromConnection1 = PMHNB02133P\\
	EndGlobalSection
	GlobalSection(SolutionConfigurationPlatforms) = preSolution
		Debug|Any CPU = Debug|Any CPU
		Release|Any CPU = Release|Any CPU
	EndGlobalSection
	GlobalSection(ProjectConfigurationPlatforms) = postSolution
		{D643E2A9-880C-4A94-BCFC-921F2F36F856}.Debug|Any CPU.ActiveCfg = Debug|Any CPU
		{D643E2A9-880C-4A94-BCFC-921F2F36F856}.Debug|Any CPU.Build.0 = Debug|Any CPU
		{D643E2A9-880C-4A94-BCFC-921F2F36F856}.Release|Any CPU.ActiveCfg = Release|Any CPU
		{D643E2A9-880C-4A94-BCFC-921F2F36F856}.Release|Any CPU.Build.0 = Release|Any CPU
	EndGlobalSection
	GlobalSection(SolutionProperties) = preSolution
		HideSolutionNode = FALSE
	EndGlobalSection
EndGlobal
