
Microsoft Visual Studio Solution File, Format Version 9.00
# Visual Studio 2005
Project("{FAE04EC0-301F-11D3-BF4B-00C04F79EFBC}") = "PMKHN09640U", "PMKHN09640U\PMKHN09640U.csproj", "{745C03AF-7A38-485B-A374-45FDE46401B6}"
EndProject
Global
	GlobalSection(SourceCodeControl) = preSolution
		SccNumberOfProjects = 2
		SccLocalPath0 = .
		SccProjectUniqueName1 = PMKHN09640U\\PMKHN09640U.csproj
		SccProjectName1 = \u0022$/Partsman[810]/Source/Client/PMKHN09640U.root/PMKHN09640U/PMKHN09640U\u0022,\u0020EOADAAAA
		SccLocalPath1 = PMKHN09640U
	EndGlobalSection
	GlobalSection(SolutionConfigurationPlatforms) = preSolution
		Debug|Any CPU = Debug|Any CPU
		Release|Any CPU = Release|Any CPU
	EndGlobalSection
	GlobalSection(ProjectConfigurationPlatforms) = postSolution
		{745C03AF-7A38-485B-A374-45FDE46401B6}.Debug|Any CPU.ActiveCfg = Debug|Any CPU
		{745C03AF-7A38-485B-A374-45FDE46401B6}.Debug|Any CPU.Build.0 = Debug|Any CPU
		{745C03AF-7A38-485B-A374-45FDE46401B6}.Release|Any CPU.ActiveCfg = Release|Any CPU
		{745C03AF-7A38-485B-A374-45FDE46401B6}.Release|Any CPU.Build.0 = Release|Any CPU
	EndGlobalSection
	GlobalSection(SolutionProperties) = preSolution
		HideSolutionNode = FALSE
	EndGlobalSection
EndGlobal
