
Microsoft Visual Studio Solution File, Format Version 9.00
# Visual Studio 2005
Project("{FAE04EC0-301F-11D3-BF4B-00C04F79EFBC}") = "PMUOE01030A", "PMUOE01030A\PMUOE01030A.csproj", "{97A27887-8ACB-45C3-9288-0C3FA558B644}"
EndProject
Project("{FAE04EC0-301F-11D3-BF4B-00C04F79EFBC}") = "PMUOE01045U", "PMUOE01045U\PMUOE01045U.csproj", "{2110D1A3-B998-4147-9E84-C0753FCFD639}"
	ProjectSection(ProjectDependencies) = postProject
		{97A27887-8ACB-45C3-9288-0C3FA558B644} = {97A27887-8ACB-45C3-9288-0C3FA558B644}
	EndProjectSection
EndProject
Global
	GlobalSection(SourceCodeControl) = preSolution
		SccNumberOfProjects = 3
		SccLocalPath0 = .
		SccProjectUniqueName1 = PMUOE01030A\\PMUOE01030A.csproj
		SccLocalPath1 = .
		SccProjectFilePathRelativizedFromConnection1 = PMUOE01030A\\
		SccProjectUniqueName2 = PMUOE01045U\\PMUOE01045U.csproj
		SccLocalPath2 = .
		SccProjectFilePathRelativizedFromConnection2 = PMUOE01045U\\
	EndGlobalSection
	GlobalSection(SolutionConfigurationPlatforms) = preSolution
		Debug|Any CPU = Debug|Any CPU
		Release|Any CPU = Release|Any CPU
	EndGlobalSection
	GlobalSection(ProjectConfigurationPlatforms) = postSolution
		{97A27887-8ACB-45C3-9288-0C3FA558B644}.Debug|Any CPU.ActiveCfg = Debug|Any CPU
		{97A27887-8ACB-45C3-9288-0C3FA558B644}.Debug|Any CPU.Build.0 = Debug|Any CPU
		{97A27887-8ACB-45C3-9288-0C3FA558B644}.Release|Any CPU.ActiveCfg = Release|Any CPU
		{97A27887-8ACB-45C3-9288-0C3FA558B644}.Release|Any CPU.Build.0 = Release|Any CPU
		{2110D1A3-B998-4147-9E84-C0753FCFD639}.Debug|Any CPU.ActiveCfg = Debug|Any CPU
		{2110D1A3-B998-4147-9E84-C0753FCFD639}.Debug|Any CPU.Build.0 = Debug|Any CPU
		{2110D1A3-B998-4147-9E84-C0753FCFD639}.Release|Any CPU.ActiveCfg = Release|Any CPU
		{2110D1A3-B998-4147-9E84-C0753FCFD639}.Release|Any CPU.Build.0 = Release|Any CPU
	EndGlobalSection
	GlobalSection(SolutionProperties) = preSolution
		HideSolutionNode = FALSE
	EndGlobalSection
EndGlobal
