
Microsoft Visual Studio Solution File, Format Version 9.00
# Visual Studio 2005
Project("{FAE04EC0-301F-11D3-BF4B-00C04F79EFBC}") = "PMZAI04600U", "PMZAI04600U\PMZAI04600U.csproj", "{44CC937B-2A74-4CED-B1C2-09472EA35452}"
	ProjectSection(ProjectDependencies) = postProject
		{E3D44D99-F68C-4319-A831-D448D31D33DB} = {E3D44D99-F68C-4319-A831-D448D31D33DB}
	EndProjectSection
EndProject
Project("{FAE04EC0-301F-11D3-BF4B-00C04F79EFBC}") = "PMZAI04601U", "PMZAI04601U\PMZAI04601U.csproj", "{F72679D5-C744-4619-BEF3-B942E97B34FB}"
EndProject
Project("{FAE04EC0-301F-11D3-BF4B-00C04F79EFBC}") = "PMZAI04602E", "PMZAI04602E\PMZAI04602E.csproj", "{46E355EF-9D52-4C81-AA00-AA22F90D4538}"
EndProject
Project("{FAE04EC0-301F-11D3-BF4B-00C04F79EFBC}") = "PMZAI04603A", "PMZAI04603A\PMZAI04603A.csproj", "{87929754-0595-4561-85AB-8731997C608F}"
EndProject
Project("{FAE04EC0-301F-11D3-BF4B-00C04F79EFBC}") = "PMZAI04604U", "PMZAI04604U\PMZAI04604U.csproj", "{E3D44D99-F68C-4319-A831-D448D31D33DB}"
	ProjectSection(ProjectDependencies) = postProject
		{87929754-0595-4561-85AB-8731997C608F} = {87929754-0595-4561-85AB-8731997C608F}
		{46E355EF-9D52-4C81-AA00-AA22F90D4538} = {46E355EF-9D52-4C81-AA00-AA22F90D4538}
	EndProjectSection
EndProject
Global
	GlobalSection(SourceCodeControl) = preSolution
		SccNumberOfProjects = 6
		SccLocalPath0 = .
		SccProjectUniqueName1 = PMZAI04600U\\PMZAI04600U.csproj
		SccLocalPath1 = .
		SccProjectFilePathRelativizedFromConnection1 = PMZAI04600U\\
		SccProjectUniqueName2 = PMZAI04601U\\PMZAI04601U.csproj
		SccLocalPath2 = .
		SccProjectFilePathRelativizedFromConnection2 = PMZAI04601U\\
		SccProjectUniqueName3 = PMZAI04602E\\PMZAI04602E.csproj
		SccLocalPath3 = .
		SccProjectFilePathRelativizedFromConnection3 = PMZAI04602E\\
		SccProjectUniqueName4 = PMZAI04603A\\PMZAI04603A.csproj
		SccLocalPath4 = .
		SccProjectFilePathRelativizedFromConnection4 = PMZAI04603A\\
		SccProjectUniqueName5 = PMZAI04604U\\PMZAI04604U.csproj
		SccLocalPath5 = .
		SccProjectFilePathRelativizedFromConnection5 = PMZAI04604U\\
	EndGlobalSection
	GlobalSection(SolutionConfigurationPlatforms) = preSolution
		Debug|Any CPU = Debug|Any CPU
		Release|Any CPU = Release|Any CPU
	EndGlobalSection
	GlobalSection(ProjectConfigurationPlatforms) = postSolution
		{44CC937B-2A74-4CED-B1C2-09472EA35452}.Debug|Any CPU.ActiveCfg = Debug|Any CPU
		{44CC937B-2A74-4CED-B1C2-09472EA35452}.Debug|Any CPU.Build.0 = Debug|Any CPU
		{44CC937B-2A74-4CED-B1C2-09472EA35452}.Release|Any CPU.ActiveCfg = Release|Any CPU
		{44CC937B-2A74-4CED-B1C2-09472EA35452}.Release|Any CPU.Build.0 = Release|Any CPU
		{F72679D5-C744-4619-BEF3-B942E97B34FB}.Debug|Any CPU.ActiveCfg = Debug|Any CPU
		{F72679D5-C744-4619-BEF3-B942E97B34FB}.Debug|Any CPU.Build.0 = Debug|Any CPU
		{F72679D5-C744-4619-BEF3-B942E97B34FB}.Release|Any CPU.ActiveCfg = Release|Any CPU
		{F72679D5-C744-4619-BEF3-B942E97B34FB}.Release|Any CPU.Build.0 = Release|Any CPU
		{46E355EF-9D52-4C81-AA00-AA22F90D4538}.Debug|Any CPU.ActiveCfg = Debug|Any CPU
		{46E355EF-9D52-4C81-AA00-AA22F90D4538}.Debug|Any CPU.Build.0 = Debug|Any CPU
		{46E355EF-9D52-4C81-AA00-AA22F90D4538}.Release|Any CPU.ActiveCfg = Release|Any CPU
		{46E355EF-9D52-4C81-AA00-AA22F90D4538}.Release|Any CPU.Build.0 = Release|Any CPU
		{87929754-0595-4561-85AB-8731997C608F}.Debug|Any CPU.ActiveCfg = Debug|Any CPU
		{87929754-0595-4561-85AB-8731997C608F}.Debug|Any CPU.Build.0 = Debug|Any CPU
		{87929754-0595-4561-85AB-8731997C608F}.Release|Any CPU.ActiveCfg = Release|Any CPU
		{87929754-0595-4561-85AB-8731997C608F}.Release|Any CPU.Build.0 = Release|Any CPU
		{E3D44D99-F68C-4319-A831-D448D31D33DB}.Debug|Any CPU.ActiveCfg = Debug|Any CPU
		{E3D44D99-F68C-4319-A831-D448D31D33DB}.Debug|Any CPU.Build.0 = Debug|Any CPU
		{E3D44D99-F68C-4319-A831-D448D31D33DB}.Release|Any CPU.ActiveCfg = Release|Any CPU
		{E3D44D99-F68C-4319-A831-D448D31D33DB}.Release|Any CPU.Build.0 = Release|Any CPU
	EndGlobalSection
	GlobalSection(SolutionProperties) = preSolution
		HideSolutionNode = FALSE
	EndGlobalSection
EndGlobal
