
Microsoft Visual Studio Solution File, Format Version 9.00
# Visual Studio 2005
Project("{FAE04EC0-301F-11D3-BF4B-00C04F79EFBC}") = "PMKHN09656O", "PMKHN09656O\PMKHN09656O.csproj", "{93926771-927D-4CB7-95AE-B159CCE63959}"
EndProject
Project("{FAE04EC0-301F-11D3-BF4B-00C04F79EFBC}") = "PMKHN09657D", "PMKHN09657D\PMKHN09657D.csproj", "{521F9CBB-57B3-4748-9753-E5D8DAF79117}"
EndProject
Project("{FAE04EC0-301F-11D3-BF4B-00C04F79EFBC}") = "ConsoleServerWorker", "ConsoleServerWorker\ConsoleServerWorker.csproj", "{72E94958-F139-4C7B-BDA7-D4A5FB8D6356}"
EndProject
Project("{FAE04EC0-301F-11D3-BF4B-00C04F79EFBC}") = "PMKHN09654G", "PMKHN09654G\PMKHN09654G.csproj", "{5EE87D54-4DCE-4130-8161-70E645C41C3A}"
EndProject
Project("{FAE04EC0-301F-11D3-BF4B-00C04F79EFBC}") = "PMKHN09655R", "PMKHN09655R\PMKHN09655R.csproj", "{B53AC2DF-8348-4D06-80AE-F22C0A8DF425}"
EndProject
Global
	GlobalSection(SourceCodeControl) = preSolution
		SccNumberOfProjects = 6
		SccLocalPath0 = .
		SccProjectUniqueName1 = PMKHN09656O\\PMKHN09656O.csproj
		SccProjectName1 = \u0022$/Partsman[810]/Source/Server/PMKHN09655R.root/PMKHN09655R/PMKHN09656O\u0022,\u0020RKBDAAAA
		SccLocalPath1 = PMKHN09656O
		SccProjectUniqueName2 = PMKHN09657D\\PMKHN09657D.csproj
		SccProjectName2 = \u0022$/Partsman[810]/Source/Server/PMKHN09655R.root/PMKHN09655R/PMKHN09657D\u0022,\u0020WKBDAAAA
		SccLocalPath2 = PMKHN09657D
		SccProjectUniqueName3 = ConsoleServerWorker\\ConsoleServerWorker.csproj
		SccProjectName3 = \u0022$/Partsman[810]/Source/Server/PMKHN09655R.root/PMKHN09655R/ConsoleServerWorker\u0022,\u0020AKBDAAAA
		SccLocalPath3 = ConsoleServerWorker
		SccProjectUniqueName4 = PMKHN09654G\\PMKHN09654G.csproj
		SccProjectName4 = \u0022$/Partsman[810]/Source/Server/PMKHN09655R.root/PMKHN09655R/PMKHN09654G\u0022,\u0020GKBDAAAA
		SccLocalPath4 = PMKHN09654G
		SccProjectUniqueName5 = PMKHN09655R\\PMKHN09655R.csproj
		SccProjectName5 = \u0022$/Partsman[810]/Source/Server/PMKHN09655R.root/PMKHN09655R/PMKHN09655R\u0022,\u0020LKBDAAAA
		SccLocalPath5 = PMKHN09655R
	EndGlobalSection
	GlobalSection(SolutionConfigurationPlatforms) = preSolution
		Debug|Any CPU = Debug|Any CPU
		Release|Any CPU = Release|Any CPU
	EndGlobalSection
	GlobalSection(ProjectConfigurationPlatforms) = postSolution
		{93926771-927D-4CB7-95AE-B159CCE63959}.Debug|Any CPU.ActiveCfg = Debug|Any CPU
		{93926771-927D-4CB7-95AE-B159CCE63959}.Debug|Any CPU.Build.0 = Debug|Any CPU
		{93926771-927D-4CB7-95AE-B159CCE63959}.Release|Any CPU.ActiveCfg = Release|Any CPU
		{93926771-927D-4CB7-95AE-B159CCE63959}.Release|Any CPU.Build.0 = Release|Any CPU
		{521F9CBB-57B3-4748-9753-E5D8DAF79117}.Debug|Any CPU.ActiveCfg = Debug|Any CPU
		{521F9CBB-57B3-4748-9753-E5D8DAF79117}.Debug|Any CPU.Build.0 = Debug|Any CPU
		{521F9CBB-57B3-4748-9753-E5D8DAF79117}.Release|Any CPU.ActiveCfg = Release|Any CPU
		{521F9CBB-57B3-4748-9753-E5D8DAF79117}.Release|Any CPU.Build.0 = Release|Any CPU
		{72E94958-F139-4C7B-BDA7-D4A5FB8D6356}.Debug|Any CPU.ActiveCfg = Debug|Any CPU
		{72E94958-F139-4C7B-BDA7-D4A5FB8D6356}.Debug|Any CPU.Build.0 = Debug|Any CPU
		{72E94958-F139-4C7B-BDA7-D4A5FB8D6356}.Release|Any CPU.ActiveCfg = Release|Any CPU
		{72E94958-F139-4C7B-BDA7-D4A5FB8D6356}.Release|Any CPU.Build.0 = Release|Any CPU
		{5EE87D54-4DCE-4130-8161-70E645C41C3A}.Debug|Any CPU.ActiveCfg = Debug|Any CPU
		{5EE87D54-4DCE-4130-8161-70E645C41C3A}.Debug|Any CPU.Build.0 = Debug|Any CPU
		{5EE87D54-4DCE-4130-8161-70E645C41C3A}.Release|Any CPU.ActiveCfg = Release|Any CPU
		{5EE87D54-4DCE-4130-8161-70E645C41C3A}.Release|Any CPU.Build.0 = Release|Any CPU
		{B53AC2DF-8348-4D06-80AE-F22C0A8DF425}.Debug|Any CPU.ActiveCfg = Debug|Any CPU
		{B53AC2DF-8348-4D06-80AE-F22C0A8DF425}.Debug|Any CPU.Build.0 = Debug|Any CPU
		{B53AC2DF-8348-4D06-80AE-F22C0A8DF425}.Release|Any CPU.ActiveCfg = Release|Any CPU
		{B53AC2DF-8348-4D06-80AE-F22C0A8DF425}.Release|Any CPU.Build.0 = Release|Any CPU
	EndGlobalSection
	GlobalSection(SolutionProperties) = preSolution
		HideSolutionNode = FALSE
	EndGlobalSection
EndGlobal
