
Microsoft Visual Studio Solution File, Format Version 9.00
# Visual Studio 2005
Project("{FAE04EC0-301F-11D3-BF4B-00C04F79EFBC}") = "PMTAB00201A", "PMTAB00201A\PMTAB00201A.csproj", "{479CB1BA-71DA-4D13-A640-8A2A08BD5DFA}"
EndProject
Global
	GlobalSection(SourceCodeControl) = preSolution
		SccNumberOfProjects = 2
		SccProjectUniqueName0 = PMTAB00201A\\PMTAB00201A.csproj
		SccProjectName0 = \u0022$/Partsman.NS[067]/Source/Server/PMTAB00201A.root/PMTAB00201A/PMTAB00201A\u0022,\u0020XINQAAAA
		SccLocalPath0 = PMTAB00201A
		SccLocalPath1 = .
	EndGlobalSection
	GlobalSection(SolutionConfigurationPlatforms) = preSolution
		Debug|Any CPU = Debug|Any CPU
		Release|Any CPU = Release|Any CPU
	EndGlobalSection
	GlobalSection(ProjectConfigurationPlatforms) = postSolution
		{479CB1BA-71DA-4D13-A640-8A2A08BD5DFA}.Debug|Any CPU.ActiveCfg = Debug|Any CPU
		{479CB1BA-71DA-4D13-A640-8A2A08BD5DFA}.Debug|Any CPU.Build.0 = Debug|Any CPU
		{479CB1BA-71DA-4D13-A640-8A2A08BD5DFA}.Release|Any CPU.ActiveCfg = Release|Any CPU
		{479CB1BA-71DA-4D13-A640-8A2A08BD5DFA}.Release|Any CPU.Build.0 = Release|Any CPU
	EndGlobalSection
	GlobalSection(SolutionProperties) = preSolution
		HideSolutionNode = FALSE
	EndGlobalSection
EndGlobal
