
Microsoft Visual Studio Solution File, Format Version 9.00
# Visual Studio 2005
Project("{FAE04EC0-301F-11D3-BF4B-00C04F79EFBC}") = "PMUOE09021E", "PMUOE09021E\PMUOE09021E.csproj", "{5A351620-E642-462E-813C-9AF9E4B7D6BC}"
EndProject
Global
	GlobalSection(SourceCodeControl) = preSolution
		SccNumberOfProjects = 2
		SccLocalPath0 = .
		SccProjectUniqueName1 = PMUOE09021E\\PMUOE09021E.csproj
		SccLocalPath1 = .
		SccProjectFilePathRelativizedFromConnection1 = PMUOE09021E\\
	EndGlobalSection
	GlobalSection(SolutionConfigurationPlatforms) = preSolution
		Debug|Any CPU = Debug|Any CPU
		Release|Any CPU = Release|Any CPU
	EndGlobalSection
	GlobalSection(ProjectConfigurationPlatforms) = postSolution
		{5A351620-E642-462E-813C-9AF9E4B7D6BC}.Debug|Any CPU.ActiveCfg = Debug|Any CPU
		{5A351620-E642-462E-813C-9AF9E4B7D6BC}.Debug|Any CPU.Build.0 = Debug|Any CPU
		{5A351620-E642-462E-813C-9AF9E4B7D6BC}.Release|Any CPU.ActiveCfg = Release|Any CPU
		{5A351620-E642-462E-813C-9AF9E4B7D6BC}.Release|Any CPU.Build.0 = Release|Any CPU
	EndGlobalSection
	GlobalSection(SolutionProperties) = preSolution
		HideSolutionNode = FALSE
	EndGlobalSection
EndGlobal
