
Microsoft Visual Studio Solution File, Format Version 9.00
# Visual Studio 2005
Project("{FAE04EC0-301F-11D3-BF4B-00C04F79EFBC}") = "PMKOU02024E", "PMKOU02024E\PMKOU02024E.csproj", "{AC3C02B4-8769-461C-A1DC-59A17AC27492}"
EndProject
Global
	GlobalSection(SourceCodeControl) = preSolution
		SccNumberOfProjects = 2
		SccLocalPath0 = .
		SccProjectUniqueName1 = PMKOU02024E\\PMKOU02024E.csproj
		SccLocalPath1 = .
		SccProjectFilePathRelativizedFromConnection1 = PMKOU02024E\\
	EndGlobalSection
	GlobalSection(SolutionConfigurationPlatforms) = preSolution
		Debug|Any CPU = Debug|Any CPU
		Release|Any CPU = Release|Any CPU
	EndGlobalSection
	GlobalSection(ProjectConfigurationPlatforms) = postSolution
		{AC3C02B4-8769-461C-A1DC-59A17AC27492}.Debug|Any CPU.ActiveCfg = Debug|Any CPU
		{AC3C02B4-8769-461C-A1DC-59A17AC27492}.Debug|Any CPU.Build.0 = Debug|Any CPU
		{AC3C02B4-8769-461C-A1DC-59A17AC27492}.Release|Any CPU.ActiveCfg = Release|Any CPU
		{AC3C02B4-8769-461C-A1DC-59A17AC27492}.Release|Any CPU.Build.0 = Release|Any CPU
	EndGlobalSection
	GlobalSection(SolutionProperties) = preSolution
		HideSolutionNode = FALSE
	EndGlobalSection
EndGlobal
