
Microsoft Visual Studio Solution File, Format Version 9.00
# Visual Studio 2005
Project("{FAE04EC0-301F-11D3-BF4B-00C04F79EFBC}") = "PMKHN08715R", "PMKHN08715R\PMKHN08715R.csproj", "{71FFCFCD-6632-40CF-BEFB-C36503B6020D}"
EndProject
Project("{FAE04EC0-301F-11D3-BF4B-00C04F79EFBC}") = "PMKHN08717D", "PMKHN08717D\PMKHN08717D.csproj", "{139177E6-69C6-4352-B20B-27C216095327}"
EndProject
Project("{FAE04EC0-301F-11D3-BF4B-00C04F79EFBC}") = "PMKHN08714G", "PMKHN08714G\PMKHN08714G.csproj", "{0CE2F287-3B6A-4534-A720-B8C2B476C129}"
EndProject
Project("{FAE04EC0-301F-11D3-BF4B-00C04F79EFBC}") = "PMKHN08716O", "PMKHN08716O\PMKHN08716O.csproj", "{1A18A4A7-DDEA-4A79-888C-2CA89DAC7835}"
EndProject
Project("{FAE04EC0-301F-11D3-BF4B-00C04F79EFBC}") = "ConsoleApplicationWork", "ConsoleApplicationWork\ConsoleApplicationWork.csproj", "{2741176B-761B-4BE1-8266-AFB3E7E6FAB0}"
EndProject
Global
	GlobalSection(SourceCodeControl) = preSolution
		SccNumberOfProjects = 6
		SccLocalPath0 = .
		SccProjectUniqueName1 = PMKHN08715R\\PMKHN08715R.csproj
		SccProjectName1 = \u0022$/Partsman[810]/Source/Server/PMKHN08715R.root/PMKHN08715R/PMKHN08715R\u0022,\u0020ZDBDAAAA
		SccLocalPath1 = PMKHN08715R
		SccProjectUniqueName2 = PMKHN08717D\\PMKHN08717D.csproj
		SccProjectName2 = \u0022$/Partsman[810]/Source/Server/PMKHN08715R.root/PMKHN08715R/PMKHN08717D\u0022,\u0020KEBDAAAA
		SccLocalPath2 = PMKHN08717D
		SccProjectUniqueName3 = PMKHN08714G\\PMKHN08714G.csproj
		SccProjectName3 = \u0022$/Partsman[810]/Source/Server/PMKHN08715R.root/PMKHN08715R/PMKHN08714G\u0022,\u0020UDBDAAAA
		SccLocalPath3 = PMKHN08714G
		SccProjectUniqueName4 = PMKHN08716O\\PMKHN08716O.csproj
		SccProjectName4 = \u0022$/Partsman[810]/Source/Server/PMKHN08715R.root/PMKHN08715R/PMKHN08716O\u0022,\u0020FEBDAAAA
		SccLocalPath4 = PMKHN08716O
		SccProjectUniqueName5 = ConsoleApplicationWork\\ConsoleApplicationWork.csproj
		SccProjectName5 = \u0022$/Partsman[810]/Source/Server/PMKHN08715R.root/PMKHN08715R/ConsoleApplicationWork\u0022,\u0020ODBDAAAA
		SccLocalPath5 = ConsoleApplicationWork
	EndGlobalSection
	GlobalSection(SolutionConfigurationPlatforms) = preSolution
		Debug|Any CPU = Debug|Any CPU
		Release|Any CPU = Release|Any CPU
	EndGlobalSection
	GlobalSection(ProjectConfigurationPlatforms) = postSolution
		{71FFCFCD-6632-40CF-BEFB-C36503B6020D}.Debug|Any CPU.ActiveCfg = Debug|Any CPU
		{71FFCFCD-6632-40CF-BEFB-C36503B6020D}.Debug|Any CPU.Build.0 = Debug|Any CPU
		{71FFCFCD-6632-40CF-BEFB-C36503B6020D}.Release|Any CPU.ActiveCfg = Release|Any CPU
		{71FFCFCD-6632-40CF-BEFB-C36503B6020D}.Release|Any CPU.Build.0 = Release|Any CPU
		{139177E6-69C6-4352-B20B-27C216095327}.Debug|Any CPU.ActiveCfg = Debug|Any CPU
		{139177E6-69C6-4352-B20B-27C216095327}.Debug|Any CPU.Build.0 = Debug|Any CPU
		{139177E6-69C6-4352-B20B-27C216095327}.Release|Any CPU.ActiveCfg = Release|Any CPU
		{139177E6-69C6-4352-B20B-27C216095327}.Release|Any CPU.Build.0 = Release|Any CPU
		{0CE2F287-3B6A-4534-A720-B8C2B476C129}.Debug|Any CPU.ActiveCfg = Debug|Any CPU
		{0CE2F287-3B6A-4534-A720-B8C2B476C129}.Debug|Any CPU.Build.0 = Debug|Any CPU
		{0CE2F287-3B6A-4534-A720-B8C2B476C129}.Release|Any CPU.ActiveCfg = Release|Any CPU
		{0CE2F287-3B6A-4534-A720-B8C2B476C129}.Release|Any CPU.Build.0 = Release|Any CPU
		{1A18A4A7-DDEA-4A79-888C-2CA89DAC7835}.Debug|Any CPU.ActiveCfg = Debug|Any CPU
		{1A18A4A7-DDEA-4A79-888C-2CA89DAC7835}.Debug|Any CPU.Build.0 = Debug|Any CPU
		{1A18A4A7-DDEA-4A79-888C-2CA89DAC7835}.Release|Any CPU.ActiveCfg = Release|Any CPU
		{1A18A4A7-DDEA-4A79-888C-2CA89DAC7835}.Release|Any CPU.Build.0 = Release|Any CPU
		{2741176B-761B-4BE1-8266-AFB3E7E6FAB0}.Debug|Any CPU.ActiveCfg = Debug|Any CPU
		{2741176B-761B-4BE1-8266-AFB3E7E6FAB0}.Debug|Any CPU.Build.0 = Debug|Any CPU
		{2741176B-761B-4BE1-8266-AFB3E7E6FAB0}.Release|Any CPU.ActiveCfg = Release|Any CPU
		{2741176B-761B-4BE1-8266-AFB3E7E6FAB0}.Release|Any CPU.Build.0 = Release|Any CPU
	EndGlobalSection
	GlobalSection(SolutionProperties) = preSolution
		HideSolutionNode = FALSE
	EndGlobalSection
EndGlobal
