
Microsoft Visual Studio Solution File, Format Version 9.00
# Visual Studio 2005
Project("{FAE04EC0-301F-11D3-BF4B-00C04F79EFBC}") = "PMHNB02143P", "PMHNB02143P\PMHNB02143P.csproj", "{763E304F-B203-40E8-96A3-F0BD93D0281B}"
EndProject
Global
	GlobalSection(SourceCodeControl) = preSolution
		SccNumberOfProjects = 2
		SccLocalPath0 = .
		SccProjectUniqueName1 = PMHNB02143P\\PMHNB02143P.csproj
		SccLocalPath1 = .
		SccProjectFilePathRelativizedFromConnection1 = PMHNB02143P\\
	EndGlobalSection
	GlobalSection(SolutionConfigurationPlatforms) = preSolution
		Debug|Any CPU = Debug|Any CPU
		Release|Any CPU = Release|Any CPU
	EndGlobalSection
	GlobalSection(ProjectConfigurationPlatforms) = postSolution
		{763E304F-B203-40E8-96A3-F0BD93D0281B}.Debug|Any CPU.ActiveCfg = Debug|Any CPU
		{763E304F-B203-40E8-96A3-F0BD93D0281B}.Debug|Any CPU.Build.0 = Debug|Any CPU
		{763E304F-B203-40E8-96A3-F0BD93D0281B}.Release|Any CPU.ActiveCfg = Release|Any CPU
		{763E304F-B203-40E8-96A3-F0BD93D0281B}.Release|Any CPU.Build.0 = Release|Any CPU
	EndGlobalSection
	GlobalSection(SolutionProperties) = preSolution
		HideSolutionNode = FALSE
	EndGlobalSection
EndGlobal
