
Microsoft Visual Studio Solution File, Format Version 9.00
# Visual Studio 2005
Project("{FAE04EC0-301F-11D3-BF4B-00C04F79EFBC}") = "PMKHN09633A", "PMKHN09633A\PMKHN09633A.csproj", "{607C4E67-85E0-4006-81DB-73FEB7D6B49D}"
EndProject
Global
	GlobalSection(SourceCodeControl) = preSolution
		SccNumberOfProjects = 2
		SccLocalPath0 = .
		SccProjectUniqueName1 = PMKHN09633A\\PMKHN09633A.csproj
		SccProjectName1 = \u0022$/Partsman[810]/Source/Client/PMKHN09633A.root/PMKHN09633A/PMKHN09633A\u0022,\u0020WNADAAAA
		SccLocalPath1 = PMKHN09633A
	EndGlobalSection
	GlobalSection(SolutionConfigurationPlatforms) = preSolution
		Debug|Any CPU = Debug|Any CPU
		Release|Any CPU = Release|Any CPU
	EndGlobalSection
	GlobalSection(ProjectConfigurationPlatforms) = postSolution
		{607C4E67-85E0-4006-81DB-73FEB7D6B49D}.Debug|Any CPU.ActiveCfg = Debug|Any CPU
		{607C4E67-85E0-4006-81DB-73FEB7D6B49D}.Debug|Any CPU.Build.0 = Debug|Any CPU
		{607C4E67-85E0-4006-81DB-73FEB7D6B49D}.Release|Any CPU.ActiveCfg = Release|Any CPU
		{607C4E67-85E0-4006-81DB-73FEB7D6B49D}.Release|Any CPU.Build.0 = Release|Any CPU
	EndGlobalSection
	GlobalSection(SolutionProperties) = preSolution
		HideSolutionNode = FALSE
	EndGlobalSection
EndGlobal
