
Microsoft Visual Studio Solution File, Format Version 9.00
# Visual Studio 2005
Project("{FAE04EC0-301F-11D3-BF4B-00C04F79EFBC}") = "PMKHN07120U", "PMKHN07120U\PMKHN07120U.csproj", "{19E02A7C-7D8A-49A3-B082-D6D3D5DD623D}"
EndProject
Global
	GlobalSection(SourceCodeControl) = preSolution
		SccNumberOfProjects = 2
		SccLocalPath0 = .
		SccProjectUniqueName1 = PMKHN07120U\\PMKHN07120U.csproj
		SccLocalPath1 = .
		SccProjectFilePathRelativizedFromConnection1 = PMKHN07120U\\
	EndGlobalSection
	GlobalSection(SolutionConfigurationPlatforms) = preSolution
		Debug|Any CPU = Debug|Any CPU
		Release|Any CPU = Release|Any CPU
	EndGlobalSection
	GlobalSection(ProjectConfigurationPlatforms) = postSolution
		{19E02A7C-7D8A-49A3-B082-D6D3D5DD623D}.Debug|Any CPU.ActiveCfg = Debug|Any CPU
		{19E02A7C-7D8A-49A3-B082-D6D3D5DD623D}.Debug|Any CPU.Build.0 = Debug|Any CPU
		{19E02A7C-7D8A-49A3-B082-D6D3D5DD623D}.Release|Any CPU.ActiveCfg = Release|Any CPU
		{19E02A7C-7D8A-49A3-B082-D6D3D5DD623D}.Release|Any CPU.Build.0 = Release|Any CPU
	EndGlobalSection
	GlobalSection(SolutionProperties) = preSolution
		HideSolutionNode = FALSE
	EndGlobalSection
	GlobalSection(DPCodeReviewSolutionGUID) = preSolution
		DPCodeReviewSolutionGUID = {00000000-0000-0000-0000-000000000000}
	EndGlobalSection
EndGlobal
