
Microsoft Visual Studio Solution File, Format Version 9.00
# Visual Studio 2005
Project("{FAE04EC0-301F-11D3-BF4B-00C04F79EFBC}") = "PMKHN05122A", "PMKHN05122A\PMKHN05122A.csproj", "{346C50EA-AC0C-4441-A1D8-EAE1ECF1EFE1}"
EndProject
Global
	GlobalSection(SolutionConfigurationPlatforms) = preSolution
		Debug|Any CPU = Debug|Any CPU
		Release|Any CPU = Release|Any CPU
	EndGlobalSection
	GlobalSection(ProjectConfigurationPlatforms) = postSolution
		{346C50EA-AC0C-4441-A1D8-EAE1ECF1EFE1}.Debug|Any CPU.ActiveCfg = Debug|Any CPU
		{346C50EA-AC0C-4441-A1D8-EAE1ECF1EFE1}.Debug|Any CPU.Build.0 = Debug|Any CPU
		{346C50EA-AC0C-4441-A1D8-EAE1ECF1EFE1}.Release|Any CPU.ActiveCfg = Release|Any CPU
		{346C50EA-AC0C-4441-A1D8-EAE1ECF1EFE1}.Release|Any CPU.Build.0 = Release|Any CPU
	EndGlobalSection
	GlobalSection(SolutionProperties) = preSolution
		HideSolutionNode = FALSE
	EndGlobalSection
EndGlobal
