
Microsoft Visual Studio Solution File, Format Version 9.00
# Visual Studio 2005
Project("{FAE04EC0-301F-11D3-BF4B-00C04F79EFBC}") = "PMKHN09260U", "PMKHN09260U\PMKHN09260U.csproj", "{AE75DE86-D585-458E-B0AF-352503074657}"
EndProject
Project("{FAE04EC0-301F-11D3-BF4B-00C04F79EFBC}") = "PMKHN09261U", "PMKHN09261U\PMKHN09261U.csproj", "{2C90EC06-B858-4302-98A0-8CC1301E133F}"
EndProject
Project("{FAE04EC0-301F-11D3-BF4B-00C04F79EFBC}") = "PMKHN09262E", "PMKHN09262E\PMKHN09262E.csproj", "{DEE0874D-737F-4537-82A3-33CAFBB9075D}"
EndProject
Project("{FAE04EC0-301F-11D3-BF4B-00C04F79EFBC}") = "PMKHN09263A", "PMKHN09263A\PMKHN09263A.csproj", "{7EA2C63A-3C1A-4E57-B89C-1DF30FE18B55}"
EndProject
Global
	GlobalSection(SourceCodeControl) = preSolution
		SccNumberOfProjects = 5
		SccLocalPath0 = .
		SccProjectUniqueName1 = PMKHN09260U\\PMKHN09260U.csproj
		SccLocalPath1 = .
		SccProjectFilePathRelativizedFromConnection1 = PMKHN09260U\\
		SccProjectUniqueName2 = PMKHN09261U\\PMKHN09261U.csproj
		SccLocalPath2 = .
		SccProjectFilePathRelativizedFromConnection2 = PMKHN09261U\\
		SccProjectUniqueName3 = PMKHN09262E\\PMKHN09262E.csproj
		SccLocalPath3 = .
		SccProjectFilePathRelativizedFromConnection3 = PMKHN09262E\\
		SccProjectUniqueName4 = PMKHN09263A\\PMKHN09263A.csproj
		SccLocalPath4 = .
		SccProjectFilePathRelativizedFromConnection4 = PMKHN09263A\\
	EndGlobalSection
	GlobalSection(SolutionConfigurationPlatforms) = preSolution
		Debug|Any CPU = Debug|Any CPU
		Release|Any CPU = Release|Any CPU
	EndGlobalSection
	GlobalSection(ProjectConfigurationPlatforms) = postSolution
		{AE75DE86-D585-458E-B0AF-352503074657}.Debug|Any CPU.ActiveCfg = Debug|Any CPU
		{AE75DE86-D585-458E-B0AF-352503074657}.Debug|Any CPU.Build.0 = Debug|Any CPU
		{AE75DE86-D585-458E-B0AF-352503074657}.Release|Any CPU.ActiveCfg = Release|Any CPU
		{AE75DE86-D585-458E-B0AF-352503074657}.Release|Any CPU.Build.0 = Release|Any CPU
		{2C90EC06-B858-4302-98A0-8CC1301E133F}.Debug|Any CPU.ActiveCfg = Debug|Any CPU
		{2C90EC06-B858-4302-98A0-8CC1301E133F}.Debug|Any CPU.Build.0 = Debug|Any CPU
		{2C90EC06-B858-4302-98A0-8CC1301E133F}.Release|Any CPU.ActiveCfg = Release|Any CPU
		{2C90EC06-B858-4302-98A0-8CC1301E133F}.Release|Any CPU.Build.0 = Release|Any CPU
		{DEE0874D-737F-4537-82A3-33CAFBB9075D}.Debug|Any CPU.ActiveCfg = Debug|Any CPU
		{DEE0874D-737F-4537-82A3-33CAFBB9075D}.Debug|Any CPU.Build.0 = Debug|Any CPU
		{DEE0874D-737F-4537-82A3-33CAFBB9075D}.Release|Any CPU.ActiveCfg = Release|Any CPU
		{DEE0874D-737F-4537-82A3-33CAFBB9075D}.Release|Any CPU.Build.0 = Release|Any CPU
		{7EA2C63A-3C1A-4E57-B89C-1DF30FE18B55}.Debug|Any CPU.ActiveCfg = Debug|Any CPU
		{7EA2C63A-3C1A-4E57-B89C-1DF30FE18B55}.Debug|Any CPU.Build.0 = Debug|Any CPU
		{7EA2C63A-3C1A-4E57-B89C-1DF30FE18B55}.Release|Any CPU.ActiveCfg = Release|Any CPU
		{7EA2C63A-3C1A-4E57-B89C-1DF30FE18B55}.Release|Any CPU.Build.0 = Release|Any CPU
	EndGlobalSection
	GlobalSection(SolutionProperties) = preSolution
		HideSolutionNode = FALSE
	EndGlobalSection
EndGlobal
