
Microsoft Visual Studio Solution File, Format Version 9.00
# Visual Studio 2005
Project("{FAE04EC0-301F-11D3-BF4B-00C04F79EFBC}") = "PMTEG02203P", "PMTEG02203P\PMTEG02203P.csproj", "{2FEE1CEE-CCC2-4BDB-9D03-E8E48DE70A9F}"
EndProject
Global
	GlobalSection(SourceCodeControl) = preSolution
		SccNumberOfProjects = 2
		SccLocalPath0 = .
		SccProjectUniqueName1 = PMTEG02203P\\PMTEG02203P.csproj
		SccLocalPath1 = .
		SccProjectFilePathRelativizedFromConnection1 = PMTEG02203P\\
	EndGlobalSection
	GlobalSection(SolutionConfigurationPlatforms) = preSolution
		Debug|Any CPU = Debug|Any CPU
		Release|Any CPU = Release|Any CPU
	EndGlobalSection
	GlobalSection(ProjectConfigurationPlatforms) = postSolution
		{2FEE1CEE-CCC2-4BDB-9D03-E8E48DE70A9F}.Debug|Any CPU.ActiveCfg = Debug|Any CPU
		{2FEE1CEE-CCC2-4BDB-9D03-E8E48DE70A9F}.Debug|Any CPU.Build.0 = Debug|Any CPU
		{2FEE1CEE-CCC2-4BDB-9D03-E8E48DE70A9F}.Release|Any CPU.ActiveCfg = Release|Any CPU
		{2FEE1CEE-CCC2-4BDB-9D03-E8E48DE70A9F}.Release|Any CPU.Build.0 = Release|Any CPU
	EndGlobalSection
	GlobalSection(SolutionProperties) = preSolution
		HideSolutionNode = FALSE
	EndGlobalSection
	GlobalSection(DPCodeReviewSolutionGUID) = preSolution
		DPCodeReviewSolutionGUID = {00000000-0000-0000-0000-000000000000}
	EndGlobalSection
EndGlobal
