Microsoft Visual Studio Solution File, Format Version 9.00
# Visual Studio 2005
Project("{FAE04EC0-301F-11D3-BF4B-00C04F79EFBC}") = "ConsoleServerWorker", "ConsoleServerWorker\ConsoleServerWorker.csproj", "{D71EABFF-669A-4558-B0B5-A656EC327B16}"
	ProjectSection(ProjectDependencies) = postProject
		{2EB46B03-92EA-4D2B-AA77-123F99C2AA3D} = {2EB46B03-92EA-4D2B-AA77-123F99C2AA3D}
	EndProjectSection
EndProject
Project("{FAE04EC0-301F-11D3-BF4B-00C04F79EFBC}") = "DCMIT02113G", "DCMIT02113G\DCMIT02113G.csproj", "{06E75B32-60A9-48D0-BFDA-E5831DBBD9E1}"
EndProject
Project("{FAE04EC0-301F-11D3-BF4B-00C04F79EFBC}") = "DCMIT02114R", "DCMIT02114R\DCMIT02114R.csproj", "{2EB46B03-92EA-4D2B-AA77-123F99C2AA3D}"
EndProject
Project("{FAE04EC0-301F-11D3-BF4B-00C04F79EFBC}") = "DCMIT02115O", "DCMIT02115O\DCMIT02115O.csproj", "{E0368338-B87F-4A0E-9C76-D60808E53227}"
EndProject
Project("{FAE04EC0-301F-11D3-BF4B-00C04F79EFBC}") = "DCMIT02116D", "DCMIT02116D\DCMIT02116D.csproj", "{C959EC7C-DA7F-40BC-8B70-9F7A8014AB50}"
EndProject
Project("{FAE04EC0-301F-11D3-BF4B-00C04F79EFBC}") = "WindowsApplicationWorker", "WindowsApplicationWorker\WindowsApplicationWorker.csproj", "{BB578F2F-1BFA-4124-836D-93D9EF736377}"
EndProject
Global
	GlobalSection(SourceCodeControl) = preSolution
		SccNumberOfProjects = 7
		SccLocalPath0 = .
		SccProjectUniqueName1 = ConsoleServerWorker\\ConsoleServerWorker.csproj
		SccProjectName1 = \u0022$/Partsman[810]/Source/Server/DCMIT02114R.root/DCMIT02114R/ConsoleServerWorker\u0022,\u0020FLRAAAAA
		SccLocalPath1 = ConsoleServerWorker
		SccProjectUniqueName2 = DCMIT02113G\\DCMIT02113G.csproj
		SccProjectName2 = \u0022$/Partsman[810]/Source/Server/DCMIT02114R.root/DCMIT02114R/DCMIT02113G\u0022,\u0020MLRAAAAA
		SccLocalPath2 = DCMIT02113G
		SccProjectUniqueName3 = DCMIT02114R\\DCMIT02114R.csproj
		SccProjectName3 = \u0022$/Partsman[810]/Source/Server/DCMIT02114R.root/DCMIT02114R/DCMIT02114R\u0022,\u0020RLRAAAAA
		SccLocalPath3 = DCMIT02114R
		SccProjectUniqueName4 = DCMIT02115O\\DCMIT02115O.csproj
		SccProjectName4 = \u0022$/Partsman[810]/Source/Server/DCMIT02114R.root/DCMIT02114R/DCMIT02115O\u0022,\u0020WLRAAAAA
		SccLocalPath4 = DCMIT02115O
		SccProjectUniqueName5 = DCMIT02116D\\DCMIT02116D.csproj
		SccProjectName5 = \u0022$/Partsman[810]/Source/Server/DCMIT02114R.root/DCMIT02114R/DCMIT02116D\u0022,\u0020BNRAAAAA
		SccLocalPath5 = DCMIT02116D
		SccProjectUniqueName6 = WindowsApplicationWorker\\WindowsApplicationWorker.csproj
		SccProjectName6 = \u0022$/Partsman[810]/Source/Server/DCMIT02114R.root/DCMIT02114R/WindowsApplicationWorker\u0022,\u0020HNRAAAAA
		SccLocalPath6 = WindowsApplicationWorker
	EndGlobalSection
	GlobalSection(SolutionConfigurationPlatforms) = preSolution
		Debug|Any CPU = Debug|Any CPU
		Release|Any CPU = Release|Any CPU
	EndGlobalSection
	GlobalSection(ProjectConfigurationPlatforms) = postSolution
		{D71EABFF-669A-4558-B0B5-A656EC327B16}.Debug|Any CPU.ActiveCfg = Debug|Any CPU
		{D71EABFF-669A-4558-B0B5-A656EC327B16}.Debug|Any CPU.Build.0 = Debug|Any CPU
		{D71EABFF-669A-4558-B0B5-A656EC327B16}.Release|Any CPU.ActiveCfg = Debug|Any CPU
		{D71EABFF-669A-4558-B0B5-A656EC327B16}.Release|Any CPU.Build.0 = Debug|Any CPU
		{06E75B32-60A9-48D0-BFDA-E5831DBBD9E1}.Debug|Any CPU.ActiveCfg = Debug|Any CPU
		{06E75B32-60A9-48D0-BFDA-E5831DBBD9E1}.Debug|Any CPU.Build.0 = Debug|Any CPU
		{06E75B32-60A9-48D0-BFDA-E5831DBBD9E1}.Release|Any CPU.ActiveCfg = Release|Any CPU
		{06E75B32-60A9-48D0-BFDA-E5831DBBD9E1}.Release|Any CPU.Build.0 = Release|Any CPU
		{2EB46B03-92EA-4D2B-AA77-123F99C2AA3D}.Debug|Any CPU.ActiveCfg = Debug|Any CPU
		{2EB46B03-92EA-4D2B-AA77-123F99C2AA3D}.Debug|Any CPU.Build.0 = Debug|Any CPU
		{2EB46B03-92EA-4D2B-AA77-123F99C2AA3D}.Release|Any CPU.ActiveCfg = Release|Any CPU
		{2EB46B03-92EA-4D2B-AA77-123F99C2AA3D}.Release|Any CPU.Build.0 = Release|Any CPU
		{E0368338-B87F-4A0E-9C76-D60808E53227}.Debug|Any CPU.ActiveCfg = Debug|Any CPU
		{E0368338-B87F-4A0E-9C76-D60808E53227}.Debug|Any CPU.Build.0 = Debug|Any CPU
		{E0368338-B87F-4A0E-9C76-D60808E53227}.Release|Any CPU.ActiveCfg = Release|Any CPU
		{E0368338-B87F-4A0E-9C76-D60808E53227}.Release|Any CPU.Build.0 = Release|Any CPU
		{C959EC7C-DA7F-40BC-8B70-9F7A8014AB50}.Debug|Any CPU.ActiveCfg = Debug|Any CPU
		{C959EC7C-DA7F-40BC-8B70-9F7A8014AB50}.Debug|Any CPU.Build.0 = Debug|Any CPU
		{C959EC7C-DA7F-40BC-8B70-9F7A8014AB50}.Release|Any CPU.ActiveCfg = Release|Any CPU
		{C959EC7C-DA7F-40BC-8B70-9F7A8014AB50}.Release|Any CPU.Build.0 = Release|Any CPU
		{BB578F2F-1BFA-4124-836D-93D9EF736377}.Debug|Any CPU.ActiveCfg = Debug|Any CPU
		{BB578F2F-1BFA-4124-836D-93D9EF736377}.Debug|Any CPU.Build.0 = Debug|Any CPU
		{BB578F2F-1BFA-4124-836D-93D9EF736377}.Release|Any CPU.ActiveCfg = Release|Any CPU
		{BB578F2F-1BFA-4124-836D-93D9EF736377}.Release|Any CPU.Build.0 = Release|Any CPU
	EndGlobalSection
	GlobalSection(SolutionProperties) = preSolution
		HideSolutionNode = FALSE
	EndGlobalSection
EndGlobal
