
Microsoft Visual Studio Solution File, Format Version 9.00
# Visual Studio 2005
Project("{FAE04EC0-301F-11D3-BF4B-00C04F79EFBC}") = "PMJKN01000U", "PMJKN01000U\PMJKN01000U.csproj", "{7BBD8459-F924-45A4-8C61-482A7F50CE57}"
EndProject
Project("{FAE04EC0-301F-11D3-BF4B-00C04F79EFBC}") = "PMJKN01001A", "PMJKN01001A\PMJKN01001A.csproj", "{153007F5-B38B-47D4-A695-5822802EDB89}"
EndProject
Global
	GlobalSection(SourceCodeControl) = preSolution
		SccNumberOfProjects = 3
		SccLocalPath0 = .
		SccProjectUniqueName1 = PMJKN01000U\\PMJKN01000U.csproj
		SccLocalPath1 = .
		SccProjectFilePathRelativizedFromConnection1 = PMJKN01000U\\
		SccProjectUniqueName2 = PMJKN01001A\\PMJKN01001A.csproj
		SccLocalPath2 = .
		SccProjectFilePathRelativizedFromConnection2 = PMJKN01001A\\
	EndGlobalSection
	GlobalSection(SolutionConfigurationPlatforms) = preSolution
		Debug|Any CPU = Debug|Any CPU
		Release|Any CPU = Release|Any CPU
	EndGlobalSection
	GlobalSection(ProjectConfigurationPlatforms) = postSolution
		{7BBD8459-F924-45A4-8C61-482A7F50CE57}.Debug|Any CPU.ActiveCfg = Debug|Any CPU
		{7BBD8459-F924-45A4-8C61-482A7F50CE57}.Debug|Any CPU.Build.0 = Debug|Any CPU
		{7BBD8459-F924-45A4-8C61-482A7F50CE57}.Release|Any CPU.ActiveCfg = Release|Any CPU
		{7BBD8459-F924-45A4-8C61-482A7F50CE57}.Release|Any CPU.Build.0 = Release|Any CPU
		{153007F5-B38B-47D4-A695-5822802EDB89}.Debug|Any CPU.ActiveCfg = Debug|Any CPU
		{153007F5-B38B-47D4-A695-5822802EDB89}.Debug|Any CPU.Build.0 = Debug|Any CPU
		{153007F5-B38B-47D4-A695-5822802EDB89}.Release|Any CPU.ActiveCfg = Release|Any CPU
		{153007F5-B38B-47D4-A695-5822802EDB89}.Release|Any CPU.Build.0 = Release|Any CPU
	EndGlobalSection
	GlobalSection(SolutionProperties) = preSolution
		HideSolutionNode = FALSE
	EndGlobalSection
EndGlobal
