
Microsoft Visual Studio Solution File, Format Version 9.00
# Visual Studio 2005
Project("{FAE04EC0-301F-11D3-BF4B-00C04F79EFBC}") = "PMHNB02200U", "PMHNB02200U\PMHNB02200U.csproj", "{0FA90821-F652-43DF-8DD5-2BBA0523546D}"
EndProject
Global
	GlobalSection(SourceCodeControl) = preSolution
		SccNumberOfProjects = 2
		SccLocalPath0 = .
		SccProjectUniqueName1 = PMHNB02200U\\PMHNB02200U.csproj
		SccLocalPath1 = .
		SccProjectFilePathRelativizedFromConnection1 = PMHNB02200U\\
	EndGlobalSection
	GlobalSection(SolutionConfigurationPlatforms) = preSolution
		Debug|Any CPU = Debug|Any CPU
		Release|Any CPU = Release|Any CPU
	EndGlobalSection
	GlobalSection(ProjectConfigurationPlatforms) = postSolution
		{0FA90821-F652-43DF-8DD5-2BBA0523546D}.Debug|Any CPU.ActiveCfg = Debug|Any CPU
		{0FA90821-F652-43DF-8DD5-2BBA0523546D}.Debug|Any CPU.Build.0 = Debug|Any CPU
		{0FA90821-F652-43DF-8DD5-2BBA0523546D}.Release|Any CPU.ActiveCfg = Release|Any CPU
		{0FA90821-F652-43DF-8DD5-2BBA0523546D}.Release|Any CPU.Build.0 = Release|Any CPU
	EndGlobalSection
	GlobalSection(SolutionProperties) = preSolution
		HideSolutionNode = FALSE
	EndGlobalSection
EndGlobal
