
Microsoft Visual Studio Solution File, Format Version 9.00
# Visual Studio 2005
Project("{FAE04EC0-301F-11D3-BF4B-00C04F79EFBC}") = "PMKHN09031E", "PMKHN09031E\PMKHN09031E.csproj", "{171CE783-9648-4657-B0CA-D71F86BFDED0}"
EndProject
Global
	GlobalSection(SourceCodeControl) = preSolution
		SccNumberOfProjects = 2
		SccLocalPath0 = .
		SccProjectUniqueName1 = PMKHN09031E\\PMKHN09031E.csproj
		SccLocalPath1 = .
		SccProjectFilePathRelativizedFromConnection1 = PMKHN09031E\\
	EndGlobalSection
	GlobalSection(SolutionConfigurationPlatforms) = preSolution
		Debug|Any CPU = Debug|Any CPU
		Release|Any CPU = Release|Any CPU
	EndGlobalSection
	GlobalSection(ProjectConfigurationPlatforms) = postSolution
		{171CE783-9648-4657-B0CA-D71F86BFDED0}.Debug|Any CPU.ActiveCfg = Debug|Any CPU
		{171CE783-9648-4657-B0CA-D71F86BFDED0}.Debug|Any CPU.Build.0 = Debug|Any CPU
		{171CE783-9648-4657-B0CA-D71F86BFDED0}.Release|Any CPU.ActiveCfg = Release|Any CPU
		{171CE783-9648-4657-B0CA-D71F86BFDED0}.Release|Any CPU.Build.0 = Release|Any CPU
	EndGlobalSection
	GlobalSection(SolutionProperties) = preSolution
		HideSolutionNode = FALSE
	EndGlobalSection
EndGlobal
