
Microsoft Visual Studio Solution File, Format Version 9.00
# Visual Studio 2005
Project("{FAE04EC0-301F-11D3-BF4B-00C04F79EFBC}") = "DCCMN00003C", "DCCMN00003C\DCCMN00003C.csproj", "{61E596BA-1722-4DBB-856F-DF822D530904}"
EndProject
Project("{FAE04EC0-301F-11D3-BF4B-00C04F79EFBC}") = "DateGetTester", "DateGetTester\DateGetTester.csproj", "{6F225D8A-5759-494B-AA9A-63822BA7CF1F}"
EndProject
Global
	GlobalSection(SourceCodeControl) = preSolution
		SccNumberOfProjects = 3
		SccLocalPath0 = .
		SccProjectUniqueName1 = DateGetTester\\DateGetTester.csproj
		SccLocalPath1 = .
		SccProjectFilePathRelativizedFromConnection1 = DateGetTester\\
		SccProjectUniqueName2 = DCCMN00003C\\DCCMN00003C.csproj
		SccLocalPath2 = .
		SccProjectFilePathRelativizedFromConnection2 = DCCMN00003C\\
	EndGlobalSection
	GlobalSection(SolutionConfigurationPlatforms) = preSolution
		Debug|Any CPU = Debug|Any CPU
		Release|Any CPU = Release|Any CPU
	EndGlobalSection
	GlobalSection(ProjectConfigurationPlatforms) = postSolution
		{61E596BA-1722-4DBB-856F-DF822D530904}.Debug|Any CPU.ActiveCfg = Debug|Any CPU
		{61E596BA-1722-4DBB-856F-DF822D530904}.Debug|Any CPU.Build.0 = Debug|Any CPU
		{61E596BA-1722-4DBB-856F-DF822D530904}.Release|Any CPU.ActiveCfg = Release|Any CPU
		{61E596BA-1722-4DBB-856F-DF822D530904}.Release|Any CPU.Build.0 = Release|Any CPU
		{6F225D8A-5759-494B-AA9A-63822BA7CF1F}.Debug|Any CPU.ActiveCfg = Debug|Any CPU
		{6F225D8A-5759-494B-AA9A-63822BA7CF1F}.Debug|Any CPU.Build.0 = Debug|Any CPU
		{6F225D8A-5759-494B-AA9A-63822BA7CF1F}.Release|Any CPU.ActiveCfg = Release|Any CPU
		{6F225D8A-5759-494B-AA9A-63822BA7CF1F}.Release|Any CPU.Build.0 = Release|Any CPU
	EndGlobalSection
	GlobalSection(SolutionProperties) = preSolution
		HideSolutionNode = FALSE
	EndGlobalSection
EndGlobal
