
Microsoft Visual Studio Solution File, Format Version 9.00
# Visual Studio 2005
Project("{9E1DE91D-2FE4-4A13-9B1C-982E1EBA86BF}") = "PMCMN00300C", "PMCMN00300C\PMCMN00300C.csproj", "{068B2FDD-BC4F-4AD4-9B92-E309AEB9D7C1}"
EndProject
Global
	GlobalSection(SolutionConfigurationPlatforms) = preSolution
		Debug|Any CPU = Debug|Any CPU
		Release|Any CPU = Release|Any CPU
	EndGlobalSection
	GlobalSection(ProjectConfigurationPlatforms) = postSolution
		{068B2FDD-BC4F-4AD4-9B92-E309AEB9D7C1}.Debug|Any CPU.ActiveCfg = Debug|Any CPU
		{068B2FDD-BC4F-4AD4-9B92-E309AEB9D7C1}.Debug|Any CPU.Build.0 = Debug|Any CPU
		{068B2FDD-BC4F-4AD4-9B92-E309AEB9D7C1}.Release|Any CPU.ActiveCfg = Release|Any CPU
		{068B2FDD-BC4F-4AD4-9B92-E309AEB9D7C1}.Release|Any CPU.Build.0 = Release|Any CPU
	EndGlobalSection
	GlobalSection(SolutionProperties) = preSolution
		HideSolutionNode = FALSE
	EndGlobalSection
EndGlobal
