
Microsoft Visual Studio Solution File, Format Version 9.00
# Visual Studio 2005
Project("{FAE04EC0-301F-11D3-BF4B-00C04F79EFBC}") = "DCHNB04101U", "DCHNB04101U\DCHNB04101U.csproj", "{7BBD8459-F924-45A4-8C61-482A7F50CE57}"
EndProject
Project("{FAE04EC0-301F-11D3-BF4B-00C04F79EFBC}") = "DCHNB04102A", "DCHNB04102A\DCHNB04102A.csproj", "{61E596BA-1722-4DBB-856F-DF822D530904}"
EndProject
Project("{FAE04EC0-301F-11D3-BF4B-00C04F79EFBC}") = "DCHNB04100U", "DCHNB04100U\DCHNB04100U.csproj", "{E51B66D2-80E3-46DF-AEF3-900E39537850}"
EndProject
Global
	GlobalSection(SourceCodeControl) = preSolution
		SccNumberOfProjects = 4
		SccLocalPath0 = .
		SccProjectUniqueName1 = DCHNB04100U\\DCHNB04100U.csproj
		SccLocalPath1 = .
		SccProjectFilePathRelativizedFromConnection1 = DCHNB04100U\\
		SccProjectUniqueName2 = DCHNB04101U\\DCHNB04101U.csproj
		SccLocalPath2 = .
		SccProjectFilePathRelativizedFromConnection2 = DCHNB04101U\\
		SccProjectUniqueName3 = DCHNB04102A\\DCHNB04102A.csproj
		SccLocalPath3 = .
		SccProjectFilePathRelativizedFromConnection3 = DCHNB04102A\\
	EndGlobalSection
	GlobalSection(SolutionConfigurationPlatforms) = preSolution
		Debug|Any CPU = Debug|Any CPU
		Release|Any CPU = Release|Any CPU
	EndGlobalSection
	GlobalSection(ProjectConfigurationPlatforms) = postSolution
		{7BBD8459-F924-45A4-8C61-482A7F50CE57}.Debug|Any CPU.ActiveCfg = Debug|Any CPU
		{7BBD8459-F924-45A4-8C61-482A7F50CE57}.Debug|Any CPU.Build.0 = Debug|Any CPU
		{7BBD8459-F924-45A4-8C61-482A7F50CE57}.Release|Any CPU.ActiveCfg = Release|Any CPU
		{7BBD8459-F924-45A4-8C61-482A7F50CE57}.Release|Any CPU.Build.0 = Release|Any CPU
		{61E596BA-1722-4DBB-856F-DF822D530904}.Debug|Any CPU.ActiveCfg = Debug|Any CPU
		{61E596BA-1722-4DBB-856F-DF822D530904}.Debug|Any CPU.Build.0 = Debug|Any CPU
		{61E596BA-1722-4DBB-856F-DF822D530904}.Release|Any CPU.ActiveCfg = Release|Any CPU
		{61E596BA-1722-4DBB-856F-DF822D530904}.Release|Any CPU.Build.0 = Release|Any CPU
		{E51B66D2-80E3-46DF-AEF3-900E39537850}.Debug|Any CPU.ActiveCfg = Debug|Any CPU
		{E51B66D2-80E3-46DF-AEF3-900E39537850}.Debug|Any CPU.Build.0 = Debug|Any CPU
		{E51B66D2-80E3-46DF-AEF3-900E39537850}.Release|Any CPU.ActiveCfg = Release|Any CPU
		{E51B66D2-80E3-46DF-AEF3-900E39537850}.Release|Any CPU.Build.0 = Release|Any CPU
	EndGlobalSection
	GlobalSection(SolutionProperties) = preSolution
		HideSolutionNode = FALSE
	EndGlobalSection
EndGlobal
