
Microsoft Visual Studio Solution File, Format Version 9.00
# Visual Studio 2005
Project("{FAE04EC0-301F-11D3-BF4B-00C04F79EFBC}") = "NsNetworkChk", "NsNetworkChk\NsNetworkChk.csproj", "{E1BC901A-B88D-44A6-87AD-B3D9C348B41C}"
EndProject
Project("{FAE04EC0-301F-11D3-BF4B-00C04F79EFBC}") = "NSNetworkTestManagement", "NSNetworkTestManagement\NSNetworkTestManagement.csproj", "{23BC1FDB-3B3C-4312-9FEA-7D58152536F5}"
EndProject
Project("{FAE04EC0-301F-11D3-BF4B-00C04F79EFBC}") = "Data_WindowsApplication", "Data_WindowsApplication\Data_WindowsApplication.csproj", "{2726C1B1-88D6-42F9-8B15-4A291342AC2D}"
EndProject
Global
	GlobalSection(SolutionConfigurationPlatforms) = preSolution
		Debug|Any CPU = Debug|Any CPU
		Release|Any CPU = Release|Any CPU
	EndGlobalSection
	GlobalSection(ProjectConfigurationPlatforms) = postSolution
		{E1BC901A-B88D-44A6-87AD-B3D9C348B41C}.Debug|Any CPU.ActiveCfg = Debug|Any CPU
		{E1BC901A-B88D-44A6-87AD-B3D9C348B41C}.Debug|Any CPU.Build.0 = Debug|Any CPU
		{E1BC901A-B88D-44A6-87AD-B3D9C348B41C}.Release|Any CPU.ActiveCfg = Release|Any CPU
		{E1BC901A-B88D-44A6-87AD-B3D9C348B41C}.Release|Any CPU.Build.0 = Release|Any CPU
		{23BC1FDB-3B3C-4312-9FEA-7D58152536F5}.Debug|Any CPU.ActiveCfg = Debug|Any CPU
		{23BC1FDB-3B3C-4312-9FEA-7D58152536F5}.Debug|Any CPU.Build.0 = Debug|Any CPU
		{23BC1FDB-3B3C-4312-9FEA-7D58152536F5}.Release|Any CPU.ActiveCfg = Release|Any CPU
		{23BC1FDB-3B3C-4312-9FEA-7D58152536F5}.Release|Any CPU.Build.0 = Release|Any CPU
		{2726C1B1-88D6-42F9-8B15-4A291342AC2D}.Debug|Any CPU.ActiveCfg = Debug|Any CPU
		{2726C1B1-88D6-42F9-8B15-4A291342AC2D}.Debug|Any CPU.Build.0 = Debug|Any CPU
		{2726C1B1-88D6-42F9-8B15-4A291342AC2D}.Release|Any CPU.ActiveCfg = Release|Any CPU
		{2726C1B1-88D6-42F9-8B15-4A291342AC2D}.Release|Any CPU.Build.0 = Release|Any CPU
	EndGlobalSection
	GlobalSection(SolutionProperties) = preSolution
		HideSolutionNode = FALSE
	EndGlobalSection
EndGlobal
