
Microsoft Visual Studio Solution File, Format Version 9.00
# Visual Studio 2005
Project("{FAE04EC0-301F-11D3-BF4B-00C04F79EFBC}") = "PMUOE01504A", "PMUOE01504A\PMUOE01504A.csproj", "{2CBF2527-95F1-4C0A-94C8-BDB492C5B82B}"
EndProject
Global
	GlobalSection(SourceCodeControl) = preSolution
		SccNumberOfProjects = 2
		SccLocalPath0 = .
		SccProjectUniqueName1 = PMUOE01504A\\PMUOE01504A.csproj
		SccLocalPath1 = .
		SccProjectFilePathRelativizedFromConnection1 = PMUOE01504A\\
	EndGlobalSection
	GlobalSection(SolutionConfigurationPlatforms) = preSolution
		Debug|Any CPU = Debug|Any CPU
		Release|Any CPU = Release|Any CPU
	EndGlobalSection
	GlobalSection(ProjectConfigurationPlatforms) = postSolution
		{2CBF2527-95F1-4C0A-94C8-BDB492C5B82B}.Debug|Any CPU.ActiveCfg = Debug|Any CPU
		{2CBF2527-95F1-4C0A-94C8-BDB492C5B82B}.Debug|Any CPU.Build.0 = Debug|Any CPU
		{2CBF2527-95F1-4C0A-94C8-BDB492C5B82B}.Release|Any CPU.ActiveCfg = Release|Any CPU
		{2CBF2527-95F1-4C0A-94C8-BDB492C5B82B}.Release|Any CPU.Build.0 = Release|Any CPU
	EndGlobalSection
	GlobalSection(SolutionProperties) = preSolution
		HideSolutionNode = FALSE
	EndGlobalSection
EndGlobal
