Microsoft Visual Studio Solution File, Format Version 9.00
# Visual Studio 2005
Project("{FAE04EC0-301F-11D3-BF4B-00C04F79EFBC}") = "MAZAI05178R", "MAZAI05178R\MAZAI05178R.csproj", "{2EB46B03-92EA-4D2B-AA77-123F99C2AA3D}"
EndProject
Global
	GlobalSection(SourceCodeControl) = preSolution
		SccNumberOfProjects = 2
		SccLocalPath0 = .
		SccProjectUniqueName1 = MAZAI05178R\\MAZAI05178R.csproj
		SccLocalPath1 = .
		SccProjectFilePathRelativizedFromConnection1 = MAZAI05178R\\
	EndGlobalSection
	GlobalSection(SolutionConfigurationPlatforms) = preSolution
		Debug|Any CPU = Debug|Any CPU
		Release|Any CPU = Release|Any CPU
	EndGlobalSection
	GlobalSection(ProjectConfigurationPlatforms) = postSolution
		{2EB46B03-92EA-4D2B-AA77-123F99C2AA3D}.Debug|Any CPU.ActiveCfg = Debug|Any CPU
		{2EB46B03-92EA-4D2B-AA77-123F99C2AA3D}.Debug|Any CPU.Build.0 = Debug|Any CPU
		{2EB46B03-92EA-4D2B-AA77-123F99C2AA3D}.Release|Any CPU.ActiveCfg = Release|Any CPU
		{2EB46B03-92EA-4D2B-AA77-123F99C2AA3D}.Release|Any CPU.Build.0 = Release|Any CPU
	EndGlobalSection
	GlobalSection(SolutionProperties) = preSolution
		HideSolutionNode = FALSE
	EndGlobalSection
EndGlobal
