
Microsoft Visual Studio Solution File, Format Version 9.00
# Visual Studio 2005
Project("{FAE04EC0-301F-11D3-BF4B-00C04F79EFBC}") = "SFMIT10201U", "SFMIT10201U\SFMIT10201U.csproj", "{4B1B009F-FED1-47E6-A0AA-90E334508948}"
EndProject
Global
	GlobalSection(SourceCodeControl) = preSolution
		SccNumberOfProjects = 2
		SccProjectUniqueName0 = SFMIT10201U\\SFMIT10201U.csproj
		SccProjectName0 = \u0022$/Partsman.NS[060]/Source/Client/SFMIT10201U.root/SFMIT10201U/SFMIT10201U\u0022,\u0020FPVPAAAA
		SccLocalPath0 = SFMIT10201U
		SccLocalPath1 = .
	EndGlobalSection
	GlobalSection(SolutionConfigurationPlatforms) = preSolution
		Debug|Any CPU = Debug|Any CPU
		Release|Any CPU = Release|Any CPU
	EndGlobalSection
	GlobalSection(ProjectConfigurationPlatforms) = postSolution
		{4B1B009F-FED1-47E6-A0AA-90E334508948}.Debug|Any CPU.ActiveCfg = Debug|Any CPU
		{4B1B009F-FED1-47E6-A0AA-90E334508948}.Debug|Any CPU.Build.0 = Debug|Any CPU
		{4B1B009F-FED1-47E6-A0AA-90E334508948}.Release|Any CPU.ActiveCfg = Release|Any CPU
		{4B1B009F-FED1-47E6-A0AA-90E334508948}.Release|Any CPU.Build.0 = Release|Any CPU
	EndGlobalSection
	GlobalSection(SolutionProperties) = preSolution
		HideSolutionNode = FALSE
	EndGlobalSection
EndGlobal
