
Microsoft Visual Studio Solution File, Format Version 9.00
# Visual Studio 2005
Project("{FAE04EC0-301F-11D3-BF4B-00C04F79EFBC}") = "PMKHN09690U", "PMKHN09690U\PMKHN09690U.csproj", "{99D72D76-78F3-4FDA-8EA3-88793B798320}"
EndProject
Global
	GlobalSection(SourceCodeControl) = preSolution
		SccNumberOfProjects = 2
		SccLocalPath0 = .
		SccProjectUniqueName1 = PMKHN09690U\\PMKHN09690U.csproj
		SccLocalPath1 = .
		SccProjectFilePathRelativizedFromConnection1 = PMKHN09690U\\
	EndGlobalSection
	GlobalSection(SolutionConfigurationPlatforms) = preSolution
		Debug|Any CPU = Debug|Any CPU
		Release|Any CPU = Release|Any CPU
	EndGlobalSection
	GlobalSection(ProjectConfigurationPlatforms) = postSolution
		{99D72D76-78F3-4FDA-8EA3-88793B798320}.Debug|Any CPU.ActiveCfg = Debug|Any CPU
		{99D72D76-78F3-4FDA-8EA3-88793B798320}.Debug|Any CPU.Build.0 = Debug|Any CPU
		{99D72D76-78F3-4FDA-8EA3-88793B798320}.Release|Any CPU.ActiveCfg = Release|Any CPU
		{99D72D76-78F3-4FDA-8EA3-88793B798320}.Release|Any CPU.Build.0 = Release|Any CPU
	EndGlobalSection
	GlobalSection(SolutionProperties) = preSolution
		HideSolutionNode = FALSE
	EndGlobalSection
	GlobalSection(DPCodeReviewSolutionGUID) = preSolution
		DPCodeReviewSolutionGUID = {00000000-0000-0000-0000-000000000000}
	EndGlobalSection
EndGlobal
