Microsoft Visual Studio Solution File, Format Version 9.00
# Visual Studio 2005
Project("{FAE04EC0-301F-11D3-BF4B-00C04F79EFBC}") = "MAPOS09151E", "MAPOS09151E.csproj", "{9F59F4CC-9830-45E6-96A2-E8995A3D7E1D}"
EndProject
Global
	GlobalSection(SourceCodeControl) = preSolution
		SccNumberOfProjects = 2
		SccLocalPath0 = .
		SccProjectUniqueName1 = MAPOS09151E.csproj
		SccLocalPath1 = .
	EndGlobalSection
	GlobalSection(SolutionConfigurationPlatforms) = preSolution
		Debug|Any CPU = Debug|Any CPU
		Release|Any CPU = Release|Any CPU
	EndGlobalSection
	GlobalSection(ProjectConfigurationPlatforms) = postSolution
		{9F59F4CC-9830-45E6-96A2-E8995A3D7E1D}.Debug|Any CPU.ActiveCfg = Debug|Any CPU
		{9F59F4CC-9830-45E6-96A2-E8995A3D7E1D}.Debug|Any CPU.Build.0 = Debug|Any CPU
		{9F59F4CC-9830-45E6-96A2-E8995A3D7E1D}.Release|Any CPU.ActiveCfg = Release|Any CPU
		{9F59F4CC-9830-45E6-96A2-E8995A3D7E1D}.Release|Any CPU.Build.0 = Release|Any CPU
	EndGlobalSection
	GlobalSection(SolutionProperties) = preSolution
		HideSolutionNode = FALSE
	EndGlobalSection
EndGlobal
