
Microsoft Visual Studio Solution File, Format Version 9.00
# Visual Studio 2005
Project("{FAE04EC0-301F-11D3-BF4B-00C04F79EFBC}") = "PMKHN05125R", "PMKHN05125R\PMKHN05125R.csproj", "{6E2FC6D8-08CF-4EAA-8F42-8B6D6D9A6A4B}"
	ProjectSection(ProjectDependencies) = postProject
		{E1CF3CE1-839C-4B2B-82F4-4E5F166E3CB4} = {E1CF3CE1-839C-4B2B-82F4-4E5F166E3CB4}
		{491DBDC2-9099-477E-8094-AAC4BB282F8E} = {491DBDC2-9099-477E-8094-AAC4BB282F8E}
		{FE809C4D-C22E-4FF4-82EA-17197E8F932F} = {FE809C4D-C22E-4FF4-82EA-17197E8F932F}
	EndProjectSection
EndProject
Project("{FAE04EC0-301F-11D3-BF4B-00C04F79EFBC}") = "PMKHN05127D", "PMKHN05127D\PMKHN05127D.csproj", "{491DBDC2-9099-477E-8094-AAC4BB282F8E}"
EndProject
Project("{FAE04EC0-301F-11D3-BF4B-00C04F79EFBC}") = "PMKHN05126O", "PMKHN05126O\PMKHN05126O.csproj", "{E1CF3CE1-839C-4B2B-82F4-4E5F166E3CB4}"
EndProject
Project("{FAE04EC0-301F-11D3-BF4B-00C04F79EFBC}") = "PMKHN05124G", "PMKHN05124G\PMKHN05124G.csproj", "{FE809C4D-C22E-4FF4-82EA-17197E8F932F}"
	ProjectSection(ProjectDependencies) = postProject
		{E1CF3CE1-839C-4B2B-82F4-4E5F166E3CB4} = {E1CF3CE1-839C-4B2B-82F4-4E5F166E3CB4}
	EndProjectSection
EndProject
Project("{FAE04EC0-301F-11D3-BF4B-00C04F79EFBC}") = "ConsoleServer", "ConsoleServer\ConsoleServer.csproj", "{567FCE42-FF1B-40E8-A5E2-E2934D24C84C}"
	ProjectSection(ProjectDependencies) = postProject
		{6E2FC6D8-08CF-4EAA-8F42-8B6D6D9A6A4B} = {6E2FC6D8-08CF-4EAA-8F42-8B6D6D9A6A4B}
	EndProjectSection
EndProject
Global
	GlobalSection(SolutionConfigurationPlatforms) = preSolution
		Debug|Any CPU = Debug|Any CPU
		Release|Any CPU = Release|Any CPU
	EndGlobalSection
	GlobalSection(ProjectConfigurationPlatforms) = postSolution
		{6E2FC6D8-08CF-4EAA-8F42-8B6D6D9A6A4B}.Debug|Any CPU.ActiveCfg = Debug|Any CPU
		{6E2FC6D8-08CF-4EAA-8F42-8B6D6D9A6A4B}.Debug|Any CPU.Build.0 = Debug|Any CPU
		{6E2FC6D8-08CF-4EAA-8F42-8B6D6D9A6A4B}.Release|Any CPU.ActiveCfg = Release|Any CPU
		{6E2FC6D8-08CF-4EAA-8F42-8B6D6D9A6A4B}.Release|Any CPU.Build.0 = Release|Any CPU
		{491DBDC2-9099-477E-8094-AAC4BB282F8E}.Debug|Any CPU.ActiveCfg = Debug|Any CPU
		{491DBDC2-9099-477E-8094-AAC4BB282F8E}.Debug|Any CPU.Build.0 = Debug|Any CPU
		{491DBDC2-9099-477E-8094-AAC4BB282F8E}.Release|Any CPU.ActiveCfg = Release|Any CPU
		{491DBDC2-9099-477E-8094-AAC4BB282F8E}.Release|Any CPU.Build.0 = Release|Any CPU
		{E1CF3CE1-839C-4B2B-82F4-4E5F166E3CB4}.Debug|Any CPU.ActiveCfg = Debug|Any CPU
		{E1CF3CE1-839C-4B2B-82F4-4E5F166E3CB4}.Debug|Any CPU.Build.0 = Debug|Any CPU
		{E1CF3CE1-839C-4B2B-82F4-4E5F166E3CB4}.Release|Any CPU.ActiveCfg = Release|Any CPU
		{E1CF3CE1-839C-4B2B-82F4-4E5F166E3CB4}.Release|Any CPU.Build.0 = Release|Any CPU
		{FE809C4D-C22E-4FF4-82EA-17197E8F932F}.Debug|Any CPU.ActiveCfg = Debug|Any CPU
		{FE809C4D-C22E-4FF4-82EA-17197E8F932F}.Debug|Any CPU.Build.0 = Debug|Any CPU
		{FE809C4D-C22E-4FF4-82EA-17197E8F932F}.Release|Any CPU.ActiveCfg = Release|Any CPU
		{FE809C4D-C22E-4FF4-82EA-17197E8F932F}.Release|Any CPU.Build.0 = Release|Any CPU
		{567FCE42-FF1B-40E8-A5E2-E2934D24C84C}.Debug|Any CPU.ActiveCfg = Debug|Any CPU
		{567FCE42-FF1B-40E8-A5E2-E2934D24C84C}.Debug|Any CPU.Build.0 = Debug|Any CPU
		{567FCE42-FF1B-40E8-A5E2-E2934D24C84C}.Release|Any CPU.ActiveCfg = Release|Any CPU
		{567FCE42-FF1B-40E8-A5E2-E2934D24C84C}.Release|Any CPU.Build.0 = Release|Any CPU
	EndGlobalSection
	GlobalSection(SolutionProperties) = preSolution
		HideSolutionNode = FALSE
	EndGlobalSection
EndGlobal
