Microsoft Visual Studio Solution File, Format Version 9.00
# Visual Studio 2005
Project("{4D4A0079-81BD-9BB8-2B3F-5E85BD15BD4C}") = "ConsolePMKHN09294R", "ConsolePMKHN09294R\ConsolePMKHN09294R.csproj", "{6C7806FA-4A2D-4018-AEF8-1A8E429A0788}"
EndProject
Project("{4D4A0079-81BD-9BB8-2B3F-5E85BD15BD4C}") = "PMKHN09296D", "PMKHN09296D\PMKHN09296D.csproj", "{D30FD78E-2BD5-F6F4-8998-84DC38433242}"
EndProject
Project("{4D4A0079-81BD-9BB8-2B3F-5E85BD15BD4C}") = "PMKHN09295O", "PMKHN09295O\PMKHN09295O.csproj", "{0B17E22C-A453-1ADA-2B2A-9C3D6087CD5B}"
EndProject
Project("{4D4A0079-81BD-9BB8-2B3F-5E85BD15BD4C}") = "PMKHN09294R", "PMKHN09294R\PMKHN09294R.csproj", "{5C69205F-E65B-EB08-8CF3-9C5A77581893}"
EndProject
Project("{4D4A0079-81BD-9BB8-2B3F-5E85BD15BD4C}") = "PMKHN09293G", "PMKHN09293G\PMKHN09293G.csproj", "{BF46007D-1C38-8C15-3464-1A07206C5B63}"
EndProject
Global
	GlobalSection(SolutionConfigurationPlatforms) = preSolution
		Debug|Any CPU = Debug|Any CPU
		Release|Any CPU = Release|Any CPU
	EndGlobalSection
	GlobalSection(ProjectConfigurationPlatforms) = postSolution
		{6C7806FA-4A2D-4018-AEF8-1A8E429A0788}.Debug|Any CPU.ActiveCfg = Debug|Any CPU
		{6C7806FA-4A2D-4018-AEF8-1A8E429A0788}.Debug|Any CPU.Build.0 = Debug|Any CPU
		{6C7806FA-4A2D-4018-AEF8-1A8E429A0788}.Release|Any CPU.ActiveCfg = Release|Any CPU
		{6C7806FA-4A2D-4018-AEF8-1A8E429A0788}.Release|Any CPU.Build.0 = Release|Any CPU
		{D30FD78E-2BD5-F6F4-8998-84DC38433242}.Debug|Any CPU.ActiveCfg = Debug|Any CPU
		{D30FD78E-2BD5-F6F4-8998-84DC38433242}.Debug|Any CPU.Build.0 = Debug|Any CPU
		{D30FD78E-2BD5-F6F4-8998-84DC38433242}.Release|Any CPU.ActiveCfg = Release|Any CPU
		{D30FD78E-2BD5-F6F4-8998-84DC38433242}.Release|Any CPU.Build.0 = Release|Any CPU
		{0B17E22C-A453-1ADA-2B2A-9C3D6087CD5B}.Debug|Any CPU.ActiveCfg = Debug|Any CPU
		{0B17E22C-A453-1ADA-2B2A-9C3D6087CD5B}.Debug|Any CPU.Build.0 = Debug|Any CPU
		{0B17E22C-A453-1ADA-2B2A-9C3D6087CD5B}.Release|Any CPU.ActiveCfg = Release|Any CPU
		{0B17E22C-A453-1ADA-2B2A-9C3D6087CD5B}.Release|Any CPU.Build.0 = Release|Any CPU
		{5C69205F-E65B-EB08-8CF3-9C5A77581893}.Debug|Any CPU.ActiveCfg = Debug|Any CPU
		{5C69205F-E65B-EB08-8CF3-9C5A77581893}.Debug|Any CPU.Build.0 = Debug|Any CPU
		{5C69205F-E65B-EB08-8CF3-9C5A77581893}.Release|Any CPU.ActiveCfg = Release|Any CPU
		{5C69205F-E65B-EB08-8CF3-9C5A77581893}.Release|Any CPU.Build.0 = Release|Any CPU
		{BF46007D-1C38-8C15-3464-1A07206C5B63}.Debug|Any CPU.ActiveCfg = Debug|Any CPU
		{BF46007D-1C38-8C15-3464-1A07206C5B63}.Debug|Any CPU.Build.0 = Debug|Any CPU
		{BF46007D-1C38-8C15-3464-1A07206C5B63}.Release|Any CPU.ActiveCfg = Release|Any CPU
		{BF46007D-1C38-8C15-3464-1A07206C5B63}.Release|Any CPU.Build.0 = Release|Any CPU
	EndGlobalSection
	GlobalSection(SolutionProperties) = preSolution
		HideSolutionNode = FALSE
	EndGlobalSection
EndGlobal
