
Microsoft Visual Studio Solution File, Format Version 9.00
# Visual Studio 2005
Project("{FAE04EC0-301F-11D3-BF4B-00C04F79EFBC}") = "SFCMN03505C", "SFCMN03505C\SFCMN03505C.csproj", "{CA9FA8AD-430B-4A40-9A7C-BA1AC8CF95B4}"
EndProject
Project("{FAE04EC0-301F-11D3-BF4B-00C04F79EFBC}") = "WindowsApplication1", "WindowsApplication1\WindowsApplication1.csproj", "{3BEBC342-D005-4C95-8438-5C921ECCC662}"
EndProject
Global
	GlobalSection(SourceCodeControl) = preSolution
		SccNumberOfProjects = 3
		SccLocalPath0 = .
		SccProjectUniqueName1 = SFCMN03505C\\SFCMN03505C.csproj
		SccLocalPath1 = .
		SccProjectFilePathRelativizedFromConnection1 = SFCMN03505C\\
		SccProjectUniqueName2 = WindowsApplication1\\WindowsApplication1.csproj
		SccLocalPath2 = .
		SccProjectFilePathRelativizedFromConnection2 = WindowsApplication1\\
	EndGlobalSection
	GlobalSection(SolutionConfigurationPlatforms) = preSolution
		Debug|Any CPU = Debug|Any CPU
		Release|Any CPU = Release|Any CPU
	EndGlobalSection
	GlobalSection(ProjectConfigurationPlatforms) = postSolution
		{CA9FA8AD-430B-4A40-9A7C-BA1AC8CF95B4}.Debug|Any CPU.ActiveCfg = Debug|Any CPU
		{CA9FA8AD-430B-4A40-9A7C-BA1AC8CF95B4}.Debug|Any CPU.Build.0 = Debug|Any CPU
		{CA9FA8AD-430B-4A40-9A7C-BA1AC8CF95B4}.Release|Any CPU.ActiveCfg = Release|Any CPU
		{CA9FA8AD-430B-4A40-9A7C-BA1AC8CF95B4}.Release|Any CPU.Build.0 = Release|Any CPU
		{3BEBC342-D005-4C95-8438-5C921ECCC662}.Debug|Any CPU.ActiveCfg = Debug|Any CPU
		{3BEBC342-D005-4C95-8438-5C921ECCC662}.Debug|Any CPU.Build.0 = Debug|Any CPU
		{3BEBC342-D005-4C95-8438-5C921ECCC662}.Release|Any CPU.ActiveCfg = Release|Any CPU
		{3BEBC342-D005-4C95-8438-5C921ECCC662}.Release|Any CPU.Build.0 = Release|Any CPU
	EndGlobalSection
	GlobalSection(SolutionProperties) = preSolution
		HideSolutionNode = FALSE
	EndGlobalSection
EndGlobal
