Microsoft Visual Studio Solution File, Format Version 9.00
# Visual Studio 2005
Project("{FAE04EC0-301F-11D3-BF4B-00C04F79EFBC}") = "PMKHN07262A", "PMKHN07262A\PMKHN07262A.csproj", "{94476AD6-67E6-438C-90CF-729FEC2CE67D}"
EndProject
Global
	GlobalSection(SourceCodeControl) = preSolution
		SccNumberOfProjects = 2
		SccLocalPath0 = .
		SccProjectUniqueName1 = PMKHN07262A\\PMKHN07262A.csproj
		SccLocalPath1 = .
		SccProjectFilePathRelativizedFromConnection1 = PMKHN07262A\\
	EndGlobalSection
	GlobalSection(SolutionConfigurationPlatforms) = preSolution
		Debug|Any CPU = Debug|Any CPU
		Release|Any CPU = Release|Any CPU
	EndGlobalSection
	GlobalSection(ProjectConfigurationPlatforms) = postSolution
		{94476AD6-67E6-438C-90CF-729FEC2CE67D}.Debug|Any CPU.ActiveCfg = Debug|Any CPU
		{94476AD6-67E6-438C-90CF-729FEC2CE67D}.Debug|Any CPU.Build.0 = Debug|Any CPU
		{94476AD6-67E6-438C-90CF-729FEC2CE67D}.Release|Any CPU.ActiveCfg = Release|Any CPU
		{94476AD6-67E6-438C-90CF-729FEC2CE67D}.Release|Any CPU.Build.0 = Release|Any CPU
	EndGlobalSection
	GlobalSection(SolutionProperties) = preSolution
		HideSolutionNode = FALSE
	EndGlobalSection
	GlobalSection(DPCodeReviewSolutionGUID) = preSolution
		DPCodeReviewSolutionGUID = {00000000-0000-0000-0000-000000000000}
	EndGlobalSection
EndGlobal
