Microsoft Visual Studio Solution File, Format Version 9.00
# Visual Studio 2005
Project("{FAE04EC0-301F-11D3-BF4B-00C04F79EFBC}") = "PMKHN09000U", "PMKHN09000U\PMKHN09000U.csproj", "{2884912E-D8E7-4627-83B0-A120DDF671FA}"
EndProject
Project("{FAE04EC0-301F-11D3-BF4B-00C04F79EFBC}") = "PMKHN09001A", "PMKHN09001A\PMKHN09001A.csproj", "{6610A586-EAD1-4FF4-9897-E1A172FDFF43}"
EndProject
Project("{FAE04EC0-301F-11D3-BF4B-00C04F79EFBC}") = "PMKHN09002U", "PMKHN09002U\PMKHN09002U.csproj", "{451DDBB9-79CB-4902-BE37-AE5071C14396}"
EndProject
Project("{FAE04EC0-301F-11D3-BF4B-00C04F79EFBC}") = "PMKHN09010U", "PMKHN09010U\PMKHN09010U.csproj", "{82B9E1B8-0059-4155-B6C7-9AB3CB6BC463}"
	ProjectSection(ProjectDependencies) = postProject
		{F2E217DA-DE73-4D8A-B0C3-4D984F44A9F0} = {F2E217DA-DE73-4D8A-B0C3-4D984F44A9F0}
	EndProjectSection
EndProject
Project("{FAE04EC0-301F-11D3-BF4B-00C04F79EFBC}") = "PMKHN09011E", "PMKHN09011E\PMKHN09011E.csproj", "{F2E217DA-DE73-4D8A-B0C3-4D984F44A9F0}"
EndProject
Project("{FAE04EC0-301F-11D3-BF4B-00C04F79EFBC}") = "PMKHN09012A", "PMKHN09012A\PMKHN09012A.csproj", "{B2C56A42-DDA6-434D-BC75-7636458DB320}"
	ProjectSection(ProjectDependencies) = postProject
		{F2E217DA-DE73-4D8A-B0C3-4D984F44A9F0} = {F2E217DA-DE73-4D8A-B0C3-4D984F44A9F0}
	EndProjectSection
EndProject
Global
	GlobalSection(SolutionConfigurationPlatforms) = preSolution
		Debug|Any CPU = Debug|Any CPU
		Release|Any CPU = Release|Any CPU
	EndGlobalSection
	GlobalSection(ProjectConfigurationPlatforms) = postSolution
		{2884912E-D8E7-4627-83B0-A120DDF671FA}.Debug|Any CPU.ActiveCfg = Debug|Any CPU
		{2884912E-D8E7-4627-83B0-A120DDF671FA}.Debug|Any CPU.Build.0 = Debug|Any CPU
		{2884912E-D8E7-4627-83B0-A120DDF671FA}.Release|Any CPU.ActiveCfg = Release|Any CPU
		{2884912E-D8E7-4627-83B0-A120DDF671FA}.Release|Any CPU.Build.0 = Release|Any CPU
		{6610A586-EAD1-4FF4-9897-E1A172FDFF43}.Debug|Any CPU.ActiveCfg = Debug|Any CPU
		{6610A586-EAD1-4FF4-9897-E1A172FDFF43}.Debug|Any CPU.Build.0 = Debug|Any CPU
		{6610A586-EAD1-4FF4-9897-E1A172FDFF43}.Release|Any CPU.ActiveCfg = Release|Any CPU
		{6610A586-EAD1-4FF4-9897-E1A172FDFF43}.Release|Any CPU.Build.0 = Release|Any CPU
		{451DDBB9-79CB-4902-BE37-AE5071C14396}.Debug|Any CPU.ActiveCfg = Debug|Any CPU
		{451DDBB9-79CB-4902-BE37-AE5071C14396}.Debug|Any CPU.Build.0 = Debug|Any CPU
		{451DDBB9-79CB-4902-BE37-AE5071C14396}.Release|Any CPU.ActiveCfg = Release|Any CPU
		{451DDBB9-79CB-4902-BE37-AE5071C14396}.Release|Any CPU.Build.0 = Release|Any CPU
		{82B9E1B8-0059-4155-B6C7-9AB3CB6BC463}.Debug|Any CPU.ActiveCfg = Debug|Any CPU
		{82B9E1B8-0059-4155-B6C7-9AB3CB6BC463}.Debug|Any CPU.Build.0 = Debug|Any CPU
		{82B9E1B8-0059-4155-B6C7-9AB3CB6BC463}.Release|Any CPU.ActiveCfg = Release|Any CPU
		{82B9E1B8-0059-4155-B6C7-9AB3CB6BC463}.Release|Any CPU.Build.0 = Release|Any CPU
		{F2E217DA-DE73-4D8A-B0C3-4D984F44A9F0}.Debug|Any CPU.ActiveCfg = Debug|Any CPU
		{F2E217DA-DE73-4D8A-B0C3-4D984F44A9F0}.Debug|Any CPU.Build.0 = Debug|Any CPU
		{F2E217DA-DE73-4D8A-B0C3-4D984F44A9F0}.Release|Any CPU.ActiveCfg = Release|Any CPU
		{F2E217DA-DE73-4D8A-B0C3-4D984F44A9F0}.Release|Any CPU.Build.0 = Release|Any CPU
		{B2C56A42-DDA6-434D-BC75-7636458DB320}.Debug|Any CPU.ActiveCfg = Debug|Any CPU
		{B2C56A42-DDA6-434D-BC75-7636458DB320}.Debug|Any CPU.Build.0 = Debug|Any CPU
		{B2C56A42-DDA6-434D-BC75-7636458DB320}.Release|Any CPU.ActiveCfg = Release|Any CPU
		{B2C56A42-DDA6-434D-BC75-7636458DB320}.Release|Any CPU.Build.0 = Release|Any CPU
	EndGlobalSection
	GlobalSection(SolutionProperties) = preSolution
		HideSolutionNode = FALSE
	EndGlobalSection
EndGlobal
