Microsoft Visual Studio Solution File, Format Version 9.00
# Visual Studio 2005
Project("{FAE04EC0-301F-11D3-BF4B-00C04F79EFBC}") = "PMKHN04000U", "PMKHN04000U\PMKHN04000U.csproj", "{E51B66D2-80E3-46DF-AEF3-900E39537850}"
EndProject
Project("{FAE04EC0-301F-11D3-BF4B-00C04F79EFBC}") = "PMKHN04003A", "PMKHN04003A\PMKHN04003A.csproj", "{B6D48B38-F2B1-4246-84AF-2573A64F859F}"
EndProject
Project("{FAE04EC0-301F-11D3-BF4B-00C04F79EFBC}") = "PMKHN04002E", "PMKHN04002E\PMKHN04002E.csproj", "{936383A8-4087-42D2-94ED-F13C2C625194}"
EndProject
Project("{FAE04EC0-301F-11D3-BF4B-00C04F79EFBC}") = "PMKHN04001U", "PMKHN04001U\PMKHN04001U.csproj", "{2884912E-D8E7-4627-83B0-A120DDF671FA}"
EndProject
Project("{FAE04EC0-301F-11D3-BF4B-00C04F79EFBC}") = "PMKHN04004U", "PMKHN04004U\PMKHN04004U.csproj", "{451DDBB9-79CB-4902-BE37-AE5071C14396}"
EndProject
Project("{FAE04EC0-301F-11D3-BF4B-00C04F79EFBC}") = "PMKHN04005U", "PMKHN04005U\PMKHN04005U.csproj", "{851FC5AA-6F74-4053-98B3-09AE7FFBBA9E}"
EndProject
Global
	GlobalSection(SourceCodeControl) = preSolution
		SccNumberOfProjects = 7
		SccLocalPath0 = .
		SccProjectUniqueName1 = PMKHN04000U\\PMKHN04000U.csproj
		SccLocalPath1 = .
		SccProjectFilePathRelativizedFromConnection1 = PMKHN04000U\\
		SccProjectUniqueName2 = PMKHN04001U\\PMKHN04001U.csproj
		SccLocalPath2 = .
		SccProjectFilePathRelativizedFromConnection2 = PMKHN04001U\\
		SccProjectUniqueName3 = PMKHN04002E\\PMKHN04002E.csproj
		SccLocalPath3 = .
		SccProjectFilePathRelativizedFromConnection3 = PMKHN04002E\\
		SccProjectUniqueName4 = PMKHN04003A\\PMKHN04003A.csproj
		SccLocalPath4 = .
		SccProjectFilePathRelativizedFromConnection4 = PMKHN04003A\\
		SccProjectUniqueName5 = PMKHN04004U\\PMKHN04004U.csproj
		SccLocalPath5 = .
		SccProjectFilePathRelativizedFromConnection5 = PMKHN04004U\\
		SccProjectUniqueName6 = PMKHN04005U\\PMKHN04005U.csproj
		SccLocalPath6 = .
		SccProjectFilePathRelativizedFromConnection6 = PMKHN04005U\\
	EndGlobalSection
	GlobalSection(SolutionConfigurationPlatforms) = preSolution
		Debug|Any CPU = Debug|Any CPU
		Release|Any CPU = Release|Any CPU
	EndGlobalSection
	GlobalSection(ProjectConfigurationPlatforms) = postSolution
		{E51B66D2-80E3-46DF-AEF3-900E39537850}.Debug|Any CPU.ActiveCfg = Debug|Any CPU
		{E51B66D2-80E3-46DF-AEF3-900E39537850}.Debug|Any CPU.Build.0 = Debug|Any CPU
		{E51B66D2-80E3-46DF-AEF3-900E39537850}.Release|Any CPU.ActiveCfg = Release|Any CPU
		{E51B66D2-80E3-46DF-AEF3-900E39537850}.Release|Any CPU.Build.0 = Release|Any CPU
		{B6D48B38-F2B1-4246-84AF-2573A64F859F}.Debug|Any CPU.ActiveCfg = Debug|Any CPU
		{B6D48B38-F2B1-4246-84AF-2573A64F859F}.Debug|Any CPU.Build.0 = Debug|Any CPU
		{B6D48B38-F2B1-4246-84AF-2573A64F859F}.Release|Any CPU.ActiveCfg = Release|Any CPU
		{B6D48B38-F2B1-4246-84AF-2573A64F859F}.Release|Any CPU.Build.0 = Release|Any CPU
		{936383A8-4087-42D2-94ED-F13C2C625194}.Debug|Any CPU.ActiveCfg = Debug|Any CPU
		{936383A8-4087-42D2-94ED-F13C2C625194}.Debug|Any CPU.Build.0 = Debug|Any CPU
		{936383A8-4087-42D2-94ED-F13C2C625194}.Release|Any CPU.ActiveCfg = Release|Any CPU
		{936383A8-4087-42D2-94ED-F13C2C625194}.Release|Any CPU.Build.0 = Release|Any CPU
		{2884912E-D8E7-4627-83B0-A120DDF671FA}.Debug|Any CPU.ActiveCfg = Debug|Any CPU
		{2884912E-D8E7-4627-83B0-A120DDF671FA}.Debug|Any CPU.Build.0 = Debug|Any CPU
		{2884912E-D8E7-4627-83B0-A120DDF671FA}.Release|Any CPU.ActiveCfg = Release|Any CPU
		{2884912E-D8E7-4627-83B0-A120DDF671FA}.Release|Any CPU.Build.0 = Release|Any CPU
		{451DDBB9-79CB-4902-BE37-AE5071C14396}.Debug|Any CPU.ActiveCfg = Debug|Any CPU
		{451DDBB9-79CB-4902-BE37-AE5071C14396}.Debug|Any CPU.Build.0 = Debug|Any CPU
		{451DDBB9-79CB-4902-BE37-AE5071C14396}.Release|Any CPU.ActiveCfg = Release|Any CPU
		{451DDBB9-79CB-4902-BE37-AE5071C14396}.Release|Any CPU.Build.0 = Release|Any CPU
		{851FC5AA-6F74-4053-98B3-09AE7FFBBA9E}.Debug|Any CPU.ActiveCfg = Debug|Any CPU
		{851FC5AA-6F74-4053-98B3-09AE7FFBBA9E}.Debug|Any CPU.Build.0 = Debug|Any CPU
		{851FC5AA-6F74-4053-98B3-09AE7FFBBA9E}.Release|Any CPU.ActiveCfg = Release|Any CPU
		{851FC5AA-6F74-4053-98B3-09AE7FFBBA9E}.Release|Any CPU.Build.0 = Release|Any CPU
	EndGlobalSection
	GlobalSection(SolutionProperties) = preSolution
		HideSolutionNode = FALSE
	EndGlobalSection
EndGlobal
