
Microsoft Visual Studio Solution File, Format Version 9.00
# Visual Studio 2005
Project("{FAE04EC0-301F-11D3-BF4B-00C04F79EFBC}") = "PMKOU02061E", "PMKOU02061E.csproj", "{417D995C-856A-411A-8A47-307BC42FBDB2}"
EndProject
Global
	GlobalSection(SourceCodeControl) = preSolution
		SccNumberOfProjects = 2
		SccLocalPath0 = .
		SccProjectUniqueName1 = PMKOU02061E.csproj
		SccLocalPath1 = .
	EndGlobalSection
	GlobalSection(SolutionConfigurationPlatforms) = preSolution
		Debug|Any CPU = Debug|Any CPU
		Release|Any CPU = Release|Any CPU
	EndGlobalSection
	GlobalSection(ProjectConfigurationPlatforms) = postSolution
		{417D995C-856A-411A-8A47-307BC42FBDB2}.Debug|Any CPU.ActiveCfg = Debug|Any CPU
		{417D995C-856A-411A-8A47-307BC42FBDB2}.Debug|Any CPU.Build.0 = Debug|Any CPU
		{417D995C-856A-411A-8A47-307BC42FBDB2}.Release|Any CPU.ActiveCfg = Release|Any CPU
		{417D995C-856A-411A-8A47-307BC42FBDB2}.Release|Any CPU.Build.0 = Release|Any CPU
	EndGlobalSection
	GlobalSection(SolutionProperties) = preSolution
		HideSolutionNode = FALSE
	EndGlobalSection
EndGlobal
