
Microsoft Visual Studio Solution File, Format Version 9.00
# Visual Studio 2005
Project("{FAE04EC0-301F-11D3-BF4B-00C04F79EFBC}") = "PMHNB02140U", "PMHNB02140U\PMHNB02140U.csproj", "{229F181D-716C-4E35-9CC3-965A62D26AAC}"
EndProject
Global
	GlobalSection(SourceCodeControl) = preSolution
		SccNumberOfProjects = 2
		SccLocalPath0 = .
		SccProjectUniqueName1 = PMHNB02140U\\PMHNB02140U.csproj
		SccLocalPath1 = .
		SccProjectFilePathRelativizedFromConnection1 = PMHNB02140U\\
	EndGlobalSection
	GlobalSection(SolutionConfigurationPlatforms) = preSolution
		Debug|Any CPU = Debug|Any CPU
		Release|Any CPU = Release|Any CPU
	EndGlobalSection
	GlobalSection(ProjectConfigurationPlatforms) = postSolution
		{229F181D-716C-4E35-9CC3-965A62D26AAC}.Debug|Any CPU.ActiveCfg = Debug|Any CPU
		{229F181D-716C-4E35-9CC3-965A62D26AAC}.Debug|Any CPU.Build.0 = Debug|Any CPU
		{229F181D-716C-4E35-9CC3-965A62D26AAC}.Release|Any CPU.ActiveCfg = Release|Any CPU
		{229F181D-716C-4E35-9CC3-965A62D26AAC}.Release|Any CPU.Build.0 = Release|Any CPU
	EndGlobalSection
	GlobalSection(SolutionProperties) = preSolution
		HideSolutionNode = FALSE
	EndGlobalSection
EndGlobal
