
Microsoft Visual Studio Solution File, Format Version 9.00
# Visual Studio 2005
Project("{FAE04EC0-301F-11D3-BF4B-00C04F79EFBC}") = "PMKYO07003D", "PMKYO07003D\PMKYO07003D.csproj", "{9FEB12BE-4D6B-44C4-AF23-D6A9ADACA28A}"
EndProject
Project("{FAE04EC0-301F-11D3-BF4B-00C04F79EFBC}") = "PMKYO07002O", "PMKYO07002O\PMKYO07002O.csproj", "{F88CD2DA-FD05-4CDE-9228-FCE4A0667F8D}"
EndProject
Project("{FAE04EC0-301F-11D3-BF4B-00C04F79EFBC}") = "PMKYO07001R", "PMKYO07001R\PMKYO07001R.csproj", "{97697B5B-A2FD-4E9D-AC89-5DA368691D66}"
EndProject
Project("{FAE04EC0-301F-11D3-BF4B-00C04F79EFBC}") = "PMKYO07000G", "PMKYO07000G\PMKYO07000G.csproj", "{DB37ACEC-F6DA-4941-9981-162B8CBE5DDD}"
EndProject
Project("{FAE04EC0-301F-11D3-BF4B-00C04F79EFBC}") = "PMKYO07010R", "PMKYO07010R\PMKYO07010R.csproj", "{58D30894-BD78-4C77-8A8F-49DC3CEBA400}"
EndProject
Project("{FAE04EC0-301F-11D3-BF4B-00C04F79EFBC}") = "PMKYO07011D", "PMKYO07011D\PMKYO07011D.csproj", "{A07E9345-5511-4C25-B806-34E49E014AB0}"
EndProject
Project("{FAE04EC0-301F-11D3-BF4B-00C04F79EFBC}") = "PMKYO07020R", "PMKYO07020R\PMKYO07020R.csproj", "{AA11A7E4-5DDD-4773-9F6C-7051220E1ED9}"
EndProject
Project("{FAE04EC0-301F-11D3-BF4B-00C04F79EFBC}") = "PMKYO07021D", "PMKYO07021D\PMKYO07021D.csproj", "{853AF740-BF93-4337-898D-21933A35C52D}"
EndProject
Project("{FAE04EC0-301F-11D3-BF4B-00C04F79EFBC}") = "PMKYO07030R", "PMKYO07030R\PMKYO07030R.csproj", "{D9064940-2F83-4BB7-9A30-F1DFBFF0256C}"
EndProject
Project("{FAE04EC0-301F-11D3-BF4B-00C04F79EFBC}") = "PMKYO07031D", "PMKYO07031D\PMKYO07031D.csproj", "{B4C2D673-0E2B-4C86-A98E-695D272FEED2}"
EndProject
Project("{FAE04EC0-301F-11D3-BF4B-00C04F79EFBC}") = "PMKYO07040R", "PMKYO07040R\PMKYO07040R.csproj", "{0BE2B552-38ED-49FC-AC2D-605955936A04}"
EndProject
Project("{FAE04EC0-301F-11D3-BF4B-00C04F79EFBC}") = "PMKYO07041D", "PMKYO07041D\PMKYO07041D.csproj", "{69669D74-DEBD-4EAC-A32A-3D2F46C26D07}"
EndProject
Project("{FAE04EC0-301F-11D3-BF4B-00C04F79EFBC}") = "PMKYO07050R", "PMKYO07050R\PMKYO07050R.csproj", "{79240BF3-73F1-47FD-A194-ADD0EFC0421F}"
EndProject
Project("{FAE04EC0-301F-11D3-BF4B-00C04F79EFBC}") = "PMKYO07051D", "PMKYO07051D\PMKYO07051D.csproj", "{46991FA6-FE83-48D8-B133-7DF0C43F6826}"
EndProject
Project("{FAE04EC0-301F-11D3-BF4B-00C04F79EFBC}") = "PMKYO07060R", "PMKYO07060R\PMKYO07060R.csproj", "{9EFF2115-167B-4E4F-9668-93B8CAB1C71B}"
EndProject
Project("{FAE04EC0-301F-11D3-BF4B-00C04F79EFBC}") = "PMKYO07061D", "PMKYO07061D\PMKYO07061D.csproj", "{73DB7753-F792-4DE7-B0A7-EF34FF2AAD17}"
EndProject
Project("{FAE04EC0-301F-11D3-BF4B-00C04F79EFBC}") = "PMKYO07070R", "PMKYO07070R\PMKYO07070R.csproj", "{848F56D2-BDF2-4EDD-A26E-12A37405B3BE}"
EndProject
Project("{FAE04EC0-301F-11D3-BF4B-00C04F79EFBC}") = "PMKYO07071D", "PMKYO07071D\PMKYO07071D.csproj", "{F1063269-84DE-4AE9-B108-091F0EF3F3D8}"
EndProject
Project("{FAE04EC0-301F-11D3-BF4B-00C04F79EFBC}") = "PMKYO07080R", "PMKYO07080R\PMKYO07080R.csproj", "{06DDE52E-108D-4C18-BB04-C4FF25A386B2}"
EndProject
Project("{FAE04EC0-301F-11D3-BF4B-00C04F79EFBC}") = "PMKYO07081D", "PMKYO07081D\PMKYO07081D.csproj", "{76A9A1F4-9815-4374-9D4B-6CDABE6E1526}"
EndProject
Project("{FAE04EC0-301F-11D3-BF4B-00C04F79EFBC}") = "PMKYO07090R", "PMKYO07090R\PMKYO07090R.csproj", "{48636BB9-8BAC-4644-BBE7-DFBC14C10C8B}"
EndProject
Project("{FAE04EC0-301F-11D3-BF4B-00C04F79EFBC}") = "PMKYO07091D", "PMKYO07091D\PMKYO07091D.csproj", "{A62046E9-966B-450D-A1D0-4B0685B75491}"
EndProject
Project("{FAE04EC0-301F-11D3-BF4B-00C04F79EFBC}") = "PMKYO07110R", "PMKYO07110R\PMKYO07110R.csproj", "{D38FB5F3-8745-41B6-AAC0-3BFA74B6552E}"
EndProject
Project("{FAE04EC0-301F-11D3-BF4B-00C04F79EFBC}") = "PMKYO07111D", "PMKYO07111D\PMKYO07111D.csproj", "{83F0E7E7-C2E1-4555-B65D-98930396E988}"
EndProject
Project("{FAE04EC0-301F-11D3-BF4B-00C04F79EFBC}") = "PMKYO07120R", "PMKYO07120R\PMKYO07120R.csproj", "{387E7BAD-56EC-4260-B021-45D69A0FAD2D}"
EndProject
Project("{FAE04EC0-301F-11D3-BF4B-00C04F79EFBC}") = "PMKYO07121D", "PMKYO07121D\PMKYO07121D.csproj", "{8EA2F09C-F576-44D3-A89B-32A6E69E6280}"
EndProject
Project("{FAE04EC0-301F-11D3-BF4B-00C04F79EFBC}") = "PMKYO07130R", "PMKYO07130R\PMKYO07130R.csproj", "{2E15EBC5-89E8-4E4D-B45E-3B974DAC003A}"
EndProject
Project("{FAE04EC0-301F-11D3-BF4B-00C04F79EFBC}") = "PMKYO07131D", "PMKYO07131D\PMKYO07131D.csproj", "{82DCD604-EE8E-48B2-8746-512FE3AC7626}"
EndProject
Project("{FAE04EC0-301F-11D3-BF4B-00C04F79EFBC}") = "PMKYO07140R", "PMKYO07140R\PMKYO07140R.csproj", "{B7F12D68-E01C-49AF-AC37-5F5122B689E0}"
EndProject
Project("{FAE04EC0-301F-11D3-BF4B-00C04F79EFBC}") = "PMKYO07141D", "PMKYO07141D\PMKYO07141D.csproj", "{ACCBF4CB-9A52-44A5-80EB-B470DE254338}"
EndProject
Project("{FAE04EC0-301F-11D3-BF4B-00C04F79EFBC}") = "PMKYO07150R", "PMKYO07150R\PMKYO07150R.csproj", "{F5A3D345-F0AD-4853-9A81-5CF2BBD58120}"
EndProject
Project("{FAE04EC0-301F-11D3-BF4B-00C04F79EFBC}") = "PMKYO07151D", "PMKYO07151D\PMKYO07151D.csproj", "{405E3312-C0F2-4762-B360-3A31601FD74E}"
EndProject
Project("{FAE04EC0-301F-11D3-BF4B-00C04F79EFBC}") = "PMKYO07160R", "PMKYO07160R\PMKYO07160R.csproj", "{D9521893-9ADE-4B73-B400-C29A75656602}"
EndProject
Project("{FAE04EC0-301F-11D3-BF4B-00C04F79EFBC}") = "PMKYO07161D", "PMKYO07161D\PMKYO07161D.csproj", "{11A2DDEB-772B-4F7A-900D-A014C30DEA80}"
EndProject
Project("{FAE04EC0-301F-11D3-BF4B-00C04F79EFBC}") = "PMKYO07170R", "PMKYO07170R\PMKYO07170R.csproj", "{858FE7E6-69FD-41B0-AF46-F41F4FF9B7BD}"
EndProject
Project("{FAE04EC0-301F-11D3-BF4B-00C04F79EFBC}") = "PMKYO07171D", "PMKYO07171D\PMKYO07171D.csproj", "{FD1B8BD0-A7D5-46A3-B42A-AF81E6C1B890}"
EndProject
Project("{FAE04EC0-301F-11D3-BF4B-00C04F79EFBC}") = "PMKYO07100R", "PMKYO07100R\PMKYO07100R.csproj", "{835AEC53-DA8A-4E69-9D28-7FF30DEE41D1}"
EndProject
Project("{FAE04EC0-301F-11D3-BF4B-00C04F79EFBC}") = "PMKYO07101D", "PMKYO07101D\PMKYO07101D.csproj", "{BA302F03-72F5-49FF-A391-7A5A16BD1BB1}"
EndProject
Project("{FAE04EC0-301F-11D3-BF4B-00C04F79EFBC}") = "PMKYO06330R", "PMKYO06330R\PMKYO06330R.csproj", "{DCB5EDDC-6D3E-49BE-9B4A-52994A2CB665}"
EndProject
Project("{FAE04EC0-301F-11D3-BF4B-00C04F79EFBC}") = "PMKYO06331D", "PMKYO06331D\PMKYO06331D.csproj", "{2917EE76-7E40-4842-990D-5FCB43C4E2FD}"
EndProject
Project("{FAE04EC0-301F-11D3-BF4B-00C04F79EFBC}") = "PMKYO06340R", "PMKYO06340R\PMKYO06340R.csproj", "{0C7CFCA3-19EB-424F-8E9C-871746D6E339}"
EndProject
Project("{FAE04EC0-301F-11D3-BF4B-00C04F79EFBC}") = "PMKYO06341D", "PMKYO06341D\PMKYO06341D.csproj", "{7624306A-EEBA-4281-8F6B-0AF99A563DD6}"
EndProject
Project("{FAE04EC0-301F-11D3-BF4B-00C04F79EFBC}") = "PMKYO06350R", "PMKYO06350R\PMKYO06350R.csproj", "{C62F3D1F-6E71-4C22-9597-67F5CA60C70A}"
EndProject
Project("{FAE04EC0-301F-11D3-BF4B-00C04F79EFBC}") = "PMKYO06351D", "PMKYO06351D\PMKYO06351D.csproj", "{E52EC109-B3FE-4131-A1F7-8E30EB7F6516}"
EndProject
Project("{FAE04EC0-301F-11D3-BF4B-00C04F79EFBC}") = "PMKYO06360R", "PMKYO06360R\PMKYO06360R.csproj", "{001C5B0C-8BF6-4188-9386-600B7AD152CC}"
EndProject
Project("{FAE04EC0-301F-11D3-BF4B-00C04F79EFBC}") = "PMKYO06361D", "PMKYO06361D\PMKYO06361D.csproj", "{B211B2BC-1A9E-46EF-9215-298A62FB5171}"
EndProject
Project("{FAE04EC0-301F-11D3-BF4B-00C04F79EFBC}") = "ConsoleServerWorker7001", "ConsoleServerWorker7001\ConsoleServerWorker7001.csproj", "{653448F2-786E-48C1-AFEB-570C5D87741E}"
EndProject
Project("{FAE04EC0-301F-11D3-BF4B-00C04F79EFBC}") = "PMKYO07180R", "PMKYO07180R\PMKYO07180R\PMKYO07180R.csproj", "{0BA4E888-3270-42E8-8786-5463DA20C06B}"
EndProject
Project("{FAE04EC0-301F-11D3-BF4B-00C04F79EFBC}") = "PMKYO07181D", "PMKYO07181D\PMKYO07181D.csproj", "{85F4FEE1-4FBA-4AF2-B933-818B659C4326}"
EndProject
Project("{FAE04EC0-301F-11D3-BF4B-00C04F79EFBC}") = "PMKYO07223D", "PMKYO07223D\PMKYO07223D.csproj", "{549E8FB6-0FD7-49DA-AEF5-ABCE872D71E5}"
EndProject
Project("{FAE04EC0-301F-11D3-BF4B-00C04F79EFBC}") = "PMKYO07221R", "PMKYO07221R\PMKYO07221R.csproj", "{0F783050-0A7A-411F-AAF4-A6A4D0E93C1B}"
EndProject
Project("{FAE04EC0-301F-11D3-BF4B-00C04F79EFBC}") = "PMKYO07231R", "PMKYO07231R\PMKYO07231R.csproj", "{F30366D4-82F4-48C7-A0FD-B3691058DA79}"
EndProject
Project("{FAE04EC0-301F-11D3-BF4B-00C04F79EFBC}") = "PMKYO07233D", "PMKYO07233D\PMKYO07233D.csproj", "{EE30A45B-069D-434C-8DC9-A46871492F55}"
EndProject
Project("{FAE04EC0-301F-11D3-BF4B-00C04F79EFBC}") = "PMKYO07241R", "PMKYO07241R\PMKYO07241R.csproj", "{E321D5B1-DB04-434F-ACC0-3105AE04E398}"
EndProject
Project("{FAE04EC0-301F-11D3-BF4B-00C04F79EFBC}") = "PMKYO07243D", "PMKYO07243D\PMKYO07243D.csproj", "{29BD8E9A-0B82-4031-935E-4B7D40A29903}"
EndProject
Project("{FAE04EC0-301F-11D3-BF4B-00C04F79EFBC}") = "PMKYO07200R", "PMKYO07200R\PMKYO07200R\PMKYO07200R.csproj", "{67E93A00-FA34-4F06-8BB0-EA87A4C65A9F}"
EndProject
Project("{FAE04EC0-301F-11D3-BF4B-00C04F79EFBC}") = "PMKYO07201D", "PMKYO07201D\PMKYO07201D.csproj", "{EC55D788-48F5-4184-A57F-744726A60B49}"
EndProject
Project("{FAE04EC0-301F-11D3-BF4B-00C04F79EFBC}") = "PMKYO07210R", "PMKYO07210R\PMKYO07210R\PMKYO07210R.csproj", "{A056B15E-665E-4D26-A5D4-4BEC954E633D}"
EndProject
Project("{FAE04EC0-301F-11D3-BF4B-00C04F79EFBC}") = "PMKYO07211D", "PMKYO07211D\PMKYO07211D.csproj", "{08AFD4CA-B9B3-402E-855A-AF75F616633F}"
EndProject
Project("{FAE04EC0-301F-11D3-BF4B-00C04F79EFBC}") = "PMKYO07251R", "PMKYO07251R\PMKYO07251R.csproj", "{80BC3CDD-59EA-44C7-A9A7-CD9A040EDCDF}"
EndProject
Project("{FAE04EC0-301F-11D3-BF4B-00C04F79EFBC}") = "PMKYO07253D", "PMKYO07253D\PMKYO07253D.csproj", "{98170E4C-2551-48C4-9ACA-3027C3FBE8F2}"
EndProject
Global
	GlobalSection(SourceCodeControl) = preSolution
		SccNumberOfProjects = 62
		SccLocalPath0 = .
		SccProjectUniqueName1 = ConsoleServerWorker7001\\ConsoleServerWorker7001.csproj
		SccLocalPath1 = .
		SccProjectFilePathRelativizedFromConnection1 = ConsoleServerWorker7001\\
		SccProjectUniqueName2 = PMKYO06330R\\PMKYO06330R.csproj
		SccLocalPath2 = .
		SccProjectFilePathRelativizedFromConnection2 = PMKYO06330R\\
		SccProjectUniqueName3 = PMKYO06331D\\PMKYO06331D.csproj
		SccLocalPath3 = .
		SccProjectFilePathRelativizedFromConnection3 = PMKYO06331D\\
		SccProjectUniqueName4 = PMKYO06340R\\PMKYO06340R.csproj
		SccLocalPath4 = .
		SccProjectFilePathRelativizedFromConnection4 = PMKYO06340R\\
		SccProjectUniqueName5 = PMKYO06341D\\PMKYO06341D.csproj
		SccLocalPath5 = .
		SccProjectFilePathRelativizedFromConnection5 = PMKYO06341D\\
		SccProjectUniqueName6 = PMKYO06350R\\PMKYO06350R.csproj
		SccLocalPath6 = .
		SccProjectFilePathRelativizedFromConnection6 = PMKYO06350R\\
		SccProjectUniqueName7 = PMKYO06351D\\PMKYO06351D.csproj
		SccLocalPath7 = .
		SccProjectFilePathRelativizedFromConnection7 = PMKYO06351D\\
		SccProjectUniqueName8 = PMKYO06360R\\PMKYO06360R.csproj
		SccLocalPath8 = .
		SccProjectFilePathRelativizedFromConnection8 = PMKYO06360R\\
		SccProjectUniqueName9 = PMKYO06361D\\PMKYO06361D.csproj
		SccLocalPath9 = .
		SccProjectFilePathRelativizedFromConnection9 = PMKYO06361D\\
		SccProjectUniqueName10 = PMKYO07000G\\PMKYO07000G.csproj
		SccLocalPath10 = .
		SccProjectFilePathRelativizedFromConnection10 = PMKYO07000G\\
		SccProjectUniqueName11 = PMKYO07001R\\PMKYO07001R.csproj
		SccLocalPath11 = .
		SccProjectFilePathRelativizedFromConnection11 = PMKYO07001R\\
		SccProjectUniqueName12 = PMKYO07002O\\PMKYO07002O.csproj
		SccLocalPath12 = .
		SccProjectFilePathRelativizedFromConnection12 = PMKYO07002O\\
		SccProjectUniqueName13 = PMKYO07003D\\PMKYO07003D.csproj
		SccLocalPath13 = .
		SccProjectFilePathRelativizedFromConnection13 = PMKYO07003D\\
		SccProjectUniqueName14 = PMKYO07010R\\PMKYO07010R.csproj
		SccLocalPath14 = .
		SccProjectFilePathRelativizedFromConnection14 = PMKYO07010R\\
		SccProjectUniqueName15 = PMKYO07011D\\PMKYO07011D.csproj
		SccLocalPath15 = .
		SccProjectFilePathRelativizedFromConnection15 = PMKYO07011D\\
		SccProjectUniqueName16 = PMKYO07020R\\PMKYO07020R.csproj
		SccLocalPath16 = .
		SccProjectFilePathRelativizedFromConnection16 = PMKYO07020R\\
		SccProjectUniqueName17 = PMKYO07021D\\PMKYO07021D.csproj
		SccLocalPath17 = .
		SccProjectFilePathRelativizedFromConnection17 = PMKYO07021D\\
		SccProjectUniqueName18 = PMKYO07030R\\PMKYO07030R.csproj
		SccLocalPath18 = .
		SccProjectFilePathRelativizedFromConnection18 = PMKYO07030R\\
		SccProjectUniqueName19 = PMKYO07031D\\PMKYO07031D.csproj
		SccLocalPath19 = .
		SccProjectFilePathRelativizedFromConnection19 = PMKYO07031D\\
		SccProjectUniqueName20 = PMKYO07040R\\PMKYO07040R.csproj
		SccLocalPath20 = .
		SccProjectFilePathRelativizedFromConnection20 = PMKYO07040R\\
		SccProjectUniqueName21 = PMKYO07041D\\PMKYO07041D.csproj
		SccLocalPath21 = .
		SccProjectFilePathRelativizedFromConnection21 = PMKYO07041D\\
		SccProjectUniqueName22 = PMKYO07050R\\PMKYO07050R.csproj
		SccLocalPath22 = .
		SccProjectFilePathRelativizedFromConnection22 = PMKYO07050R\\
		SccProjectUniqueName23 = PMKYO07051D\\PMKYO07051D.csproj
		SccLocalPath23 = .
		SccProjectFilePathRelativizedFromConnection23 = PMKYO07051D\\
		SccProjectUniqueName24 = PMKYO07060R\\PMKYO07060R.csproj
		SccLocalPath24 = .
		SccProjectFilePathRelativizedFromConnection24 = PMKYO07060R\\
		SccProjectUniqueName25 = PMKYO07061D\\PMKYO07061D.csproj
		SccLocalPath25 = .
		SccProjectFilePathRelativizedFromConnection25 = PMKYO07061D\\
		SccProjectUniqueName26 = PMKYO07070R\\PMKYO07070R.csproj
		SccLocalPath26 = .
		SccProjectFilePathRelativizedFromConnection26 = PMKYO07070R\\
		SccProjectUniqueName27 = PMKYO07071D\\PMKYO07071D.csproj
		SccLocalPath27 = .
		SccProjectFilePathRelativizedFromConnection27 = PMKYO07071D\\
		SccProjectUniqueName28 = PMKYO07080R\\PMKYO07080R.csproj
		SccLocalPath28 = .
		SccProjectFilePathRelativizedFromConnection28 = PMKYO07080R\\
		SccProjectUniqueName29 = PMKYO07081D\\PMKYO07081D.csproj
		SccLocalPath29 = .
		SccProjectFilePathRelativizedFromConnection29 = PMKYO07081D\\
		SccProjectUniqueName30 = PMKYO07090R\\PMKYO07090R.csproj
		SccLocalPath30 = .
		SccProjectFilePathRelativizedFromConnection30 = PMKYO07090R\\
		SccProjectUniqueName31 = PMKYO07091D\\PMKYO07091D.csproj
		SccLocalPath31 = .
		SccProjectFilePathRelativizedFromConnection31 = PMKYO07091D\\
		SccProjectUniqueName32 = PMKYO07100R\\PMKYO07100R.csproj
		SccLocalPath32 = .
		SccProjectFilePathRelativizedFromConnection32 = PMKYO07100R\\
		SccProjectUniqueName33 = PMKYO07101D\\PMKYO07101D.csproj
		SccLocalPath33 = .
		SccProjectFilePathRelativizedFromConnection33 = PMKYO07101D\\
		SccProjectUniqueName34 = PMKYO07110R\\PMKYO07110R.csproj
		SccLocalPath34 = .
		SccProjectFilePathRelativizedFromConnection34 = PMKYO07110R\\
		SccProjectUniqueName35 = PMKYO07111D\\PMKYO07111D.csproj
		SccLocalPath35 = .
		SccProjectFilePathRelativizedFromConnection35 = PMKYO07111D\\
		SccProjectUniqueName36 = PMKYO07120R\\PMKYO07120R.csproj
		SccLocalPath36 = .
		SccProjectFilePathRelativizedFromConnection36 = PMKYO07120R\\
		SccProjectUniqueName37 = PMKYO07121D\\PMKYO07121D.csproj
		SccLocalPath37 = .
		SccProjectFilePathRelativizedFromConnection37 = PMKYO07121D\\
		SccProjectUniqueName38 = PMKYO07130R\\PMKYO07130R.csproj
		SccLocalPath38 = .
		SccProjectFilePathRelativizedFromConnection38 = PMKYO07130R\\
		SccProjectUniqueName39 = PMKYO07131D\\PMKYO07131D.csproj
		SccLocalPath39 = .
		SccProjectFilePathRelativizedFromConnection39 = PMKYO07131D\\
		SccProjectUniqueName40 = PMKYO07140R\\PMKYO07140R.csproj
		SccLocalPath40 = .
		SccProjectFilePathRelativizedFromConnection40 = PMKYO07140R\\
		SccProjectUniqueName41 = PMKYO07141D\\PMKYO07141D.csproj
		SccLocalPath41 = .
		SccProjectFilePathRelativizedFromConnection41 = PMKYO07141D\\
		SccProjectUniqueName42 = PMKYO07150R\\PMKYO07150R.csproj
		SccLocalPath42 = .
		SccProjectFilePathRelativizedFromConnection42 = PMKYO07150R\\
		SccProjectUniqueName43 = PMKYO07151D\\PMKYO07151D.csproj
		SccLocalPath43 = .
		SccProjectFilePathRelativizedFromConnection43 = PMKYO07151D\\
		SccProjectUniqueName44 = PMKYO07160R\\PMKYO07160R.csproj
		SccLocalPath44 = .
		SccProjectFilePathRelativizedFromConnection44 = PMKYO07160R\\
		SccProjectUniqueName45 = PMKYO07161D\\PMKYO07161D.csproj
		SccLocalPath45 = .
		SccProjectFilePathRelativizedFromConnection45 = PMKYO07161D\\
		SccProjectUniqueName46 = PMKYO07170R\\PMKYO07170R.csproj
		SccLocalPath46 = .
		SccProjectFilePathRelativizedFromConnection46 = PMKYO07170R\\
		SccProjectUniqueName47 = PMKYO07171D\\PMKYO07171D.csproj
		SccLocalPath47 = .
		SccProjectFilePathRelativizedFromConnection47 = PMKYO07171D\\
		SccProjectUniqueName48 = PMKYO07180R\\PMKYO07180R\\PMKYO07180R.csproj
		SccLocalPath48 = .
		SccProjectFilePathRelativizedFromConnection48 = PMKYO07180R\\PMKYO07180R\\
		SccProjectUniqueName49 = PMKYO07181D\\PMKYO07181D.csproj
		SccLocalPath49 = .
		SccProjectFilePathRelativizedFromConnection49 = PMKYO07181D\\
		SccProjectUniqueName50 = PMKYO07200R\\PMKYO07200R\\PMKYO07200R.csproj
		SccLocalPath50 = .
		SccProjectFilePathRelativizedFromConnection50 = PMKYO07200R\\PMKYO07200R\\
		SccProjectUniqueName51 = PMKYO07201D\\PMKYO07201D.csproj
		SccLocalPath51 = .
		SccProjectFilePathRelativizedFromConnection51 = PMKYO07201D\\
		SccProjectUniqueName52 = PMKYO07210R\\PMKYO07210R\\PMKYO07210R.csproj
		SccLocalPath52 = .
		SccProjectFilePathRelativizedFromConnection52 = PMKYO07210R\\PMKYO07210R\\
		SccProjectUniqueName53 = PMKYO07211D\\PMKYO07211D.csproj
		SccLocalPath53 = .
		SccProjectFilePathRelativizedFromConnection53 = PMKYO07211D\\
		SccProjectUniqueName54 = PMKYO07221R\\PMKYO07221R.csproj
		SccLocalPath54 = .
		SccProjectFilePathRelativizedFromConnection54 = PMKYO07221R\\
		SccProjectUniqueName55 = PMKYO07223D\\PMKYO07223D.csproj
		SccLocalPath55 = .
		SccProjectFilePathRelativizedFromConnection55 = PMKYO07223D\\
		SccProjectUniqueName56 = PMKYO07231R\\PMKYO07231R.csproj
		SccLocalPath56 = .
		SccProjectFilePathRelativizedFromConnection56 = PMKYO07231R\\
		SccProjectUniqueName57 = PMKYO07233D\\PMKYO07233D.csproj
		SccLocalPath57 = .
		SccProjectFilePathRelativizedFromConnection57 = PMKYO07233D\\
		SccProjectUniqueName58 = PMKYO07241R\\PMKYO07241R.csproj
		SccLocalPath58 = .
		SccProjectFilePathRelativizedFromConnection58 = PMKYO07241R\\
		SccProjectUniqueName59 = PMKYO07243D\\PMKYO07243D.csproj
		SccLocalPath59 = .
		SccProjectFilePathRelativizedFromConnection59 = PMKYO07243D\\
		SccProjectUniqueName60 = PMKYO07251R\\PMKYO07251R.csproj
		SccLocalPath60 = .
		SccProjectFilePathRelativizedFromConnection60 = PMKYO07251R\\
		SccProjectUniqueName61 = PMKYO07253D\\PMKYO07253D.csproj
		SccLocalPath61 = .
		SccProjectFilePathRelativizedFromConnection61 = PMKYO07253D\\
	EndGlobalSection
	GlobalSection(SolutionConfigurationPlatforms) = preSolution
		Debug|Any CPU = Debug|Any CPU
		Release|Any CPU = Release|Any CPU
	EndGlobalSection
	GlobalSection(ProjectConfigurationPlatforms) = postSolution
		{9FEB12BE-4D6B-44C4-AF23-D6A9ADACA28A}.Debug|Any CPU.ActiveCfg = Debug|Any CPU
		{9FEB12BE-4D6B-44C4-AF23-D6A9ADACA28A}.Debug|Any CPU.Build.0 = Debug|Any CPU
		{9FEB12BE-4D6B-44C4-AF23-D6A9ADACA28A}.Release|Any CPU.ActiveCfg = Release|Any CPU
		{9FEB12BE-4D6B-44C4-AF23-D6A9ADACA28A}.Release|Any CPU.Build.0 = Release|Any CPU
		{F88CD2DA-FD05-4CDE-9228-FCE4A0667F8D}.Debug|Any CPU.ActiveCfg = Debug|Any CPU
		{F88CD2DA-FD05-4CDE-9228-FCE4A0667F8D}.Debug|Any CPU.Build.0 = Debug|Any CPU
		{F88CD2DA-FD05-4CDE-9228-FCE4A0667F8D}.Release|Any CPU.ActiveCfg = Release|Any CPU
		{F88CD2DA-FD05-4CDE-9228-FCE4A0667F8D}.Release|Any CPU.Build.0 = Release|Any CPU
		{97697B5B-A2FD-4E9D-AC89-5DA368691D66}.Debug|Any CPU.ActiveCfg = Debug|Any CPU
		{97697B5B-A2FD-4E9D-AC89-5DA368691D66}.Debug|Any CPU.Build.0 = Debug|Any CPU
		{97697B5B-A2FD-4E9D-AC89-5DA368691D66}.Release|Any CPU.ActiveCfg = Release|Any CPU
		{97697B5B-A2FD-4E9D-AC89-5DA368691D66}.Release|Any CPU.Build.0 = Release|Any CPU
		{DB37ACEC-F6DA-4941-9981-162B8CBE5DDD}.Debug|Any CPU.ActiveCfg = Debug|Any CPU
		{DB37ACEC-F6DA-4941-9981-162B8CBE5DDD}.Debug|Any CPU.Build.0 = Debug|Any CPU
		{DB37ACEC-F6DA-4941-9981-162B8CBE5DDD}.Release|Any CPU.ActiveCfg = Release|Any CPU
		{DB37ACEC-F6DA-4941-9981-162B8CBE5DDD}.Release|Any CPU.Build.0 = Release|Any CPU
		{58D30894-BD78-4C77-8A8F-49DC3CEBA400}.Debug|Any CPU.ActiveCfg = Debug|Any CPU
		{58D30894-BD78-4C77-8A8F-49DC3CEBA400}.Debug|Any CPU.Build.0 = Debug|Any CPU
		{58D30894-BD78-4C77-8A8F-49DC3CEBA400}.Release|Any CPU.ActiveCfg = Release|Any CPU
		{58D30894-BD78-4C77-8A8F-49DC3CEBA400}.Release|Any CPU.Build.0 = Release|Any CPU
		{A07E9345-5511-4C25-B806-34E49E014AB0}.Debug|Any CPU.ActiveCfg = Debug|Any CPU
		{A07E9345-5511-4C25-B806-34E49E014AB0}.Debug|Any CPU.Build.0 = Debug|Any CPU
		{A07E9345-5511-4C25-B806-34E49E014AB0}.Release|Any CPU.ActiveCfg = Release|Any CPU
		{A07E9345-5511-4C25-B806-34E49E014AB0}.Release|Any CPU.Build.0 = Release|Any CPU
		{AA11A7E4-5DDD-4773-9F6C-7051220E1ED9}.Debug|Any CPU.ActiveCfg = Debug|Any CPU
		{AA11A7E4-5DDD-4773-9F6C-7051220E1ED9}.Debug|Any CPU.Build.0 = Debug|Any CPU
		{AA11A7E4-5DDD-4773-9F6C-7051220E1ED9}.Release|Any CPU.ActiveCfg = Release|Any CPU
		{AA11A7E4-5DDD-4773-9F6C-7051220E1ED9}.Release|Any CPU.Build.0 = Release|Any CPU
		{853AF740-BF93-4337-898D-21933A35C52D}.Debug|Any CPU.ActiveCfg = Debug|Any CPU
		{853AF740-BF93-4337-898D-21933A35C52D}.Debug|Any CPU.Build.0 = Debug|Any CPU
		{853AF740-BF93-4337-898D-21933A35C52D}.Release|Any CPU.ActiveCfg = Release|Any CPU
		{853AF740-BF93-4337-898D-21933A35C52D}.Release|Any CPU.Build.0 = Release|Any CPU
		{D9064940-2F83-4BB7-9A30-F1DFBFF0256C}.Debug|Any CPU.ActiveCfg = Debug|Any CPU
		{D9064940-2F83-4BB7-9A30-F1DFBFF0256C}.Debug|Any CPU.Build.0 = Debug|Any CPU
		{D9064940-2F83-4BB7-9A30-F1DFBFF0256C}.Release|Any CPU.ActiveCfg = Release|Any CPU
		{D9064940-2F83-4BB7-9A30-F1DFBFF0256C}.Release|Any CPU.Build.0 = Release|Any CPU
		{B4C2D673-0E2B-4C86-A98E-695D272FEED2}.Debug|Any CPU.ActiveCfg = Debug|Any CPU
		{B4C2D673-0E2B-4C86-A98E-695D272FEED2}.Debug|Any CPU.Build.0 = Debug|Any CPU
		{B4C2D673-0E2B-4C86-A98E-695D272FEED2}.Release|Any CPU.ActiveCfg = Release|Any CPU
		{B4C2D673-0E2B-4C86-A98E-695D272FEED2}.Release|Any CPU.Build.0 = Release|Any CPU
		{0BE2B552-38ED-49FC-AC2D-605955936A04}.Debug|Any CPU.ActiveCfg = Debug|Any CPU
		{0BE2B552-38ED-49FC-AC2D-605955936A04}.Debug|Any CPU.Build.0 = Debug|Any CPU
		{0BE2B552-38ED-49FC-AC2D-605955936A04}.Release|Any CPU.ActiveCfg = Release|Any CPU
		{0BE2B552-38ED-49FC-AC2D-605955936A04}.Release|Any CPU.Build.0 = Release|Any CPU
		{69669D74-DEBD-4EAC-A32A-3D2F46C26D07}.Debug|Any CPU.ActiveCfg = Debug|Any CPU
		{69669D74-DEBD-4EAC-A32A-3D2F46C26D07}.Debug|Any CPU.Build.0 = Debug|Any CPU
		{69669D74-DEBD-4EAC-A32A-3D2F46C26D07}.Release|Any CPU.ActiveCfg = Release|Any CPU
		{69669D74-DEBD-4EAC-A32A-3D2F46C26D07}.Release|Any CPU.Build.0 = Release|Any CPU
		{79240BF3-73F1-47FD-A194-ADD0EFC0421F}.Debug|Any CPU.ActiveCfg = Debug|Any CPU
		{79240BF3-73F1-47FD-A194-ADD0EFC0421F}.Debug|Any CPU.Build.0 = Debug|Any CPU
		{79240BF3-73F1-47FD-A194-ADD0EFC0421F}.Release|Any CPU.ActiveCfg = Release|Any CPU
		{79240BF3-73F1-47FD-A194-ADD0EFC0421F}.Release|Any CPU.Build.0 = Release|Any CPU
		{46991FA6-FE83-48D8-B133-7DF0C43F6826}.Debug|Any CPU.ActiveCfg = Debug|Any CPU
		{46991FA6-FE83-48D8-B133-7DF0C43F6826}.Debug|Any CPU.Build.0 = Debug|Any CPU
		{46991FA6-FE83-48D8-B133-7DF0C43F6826}.Release|Any CPU.ActiveCfg = Release|Any CPU
		{46991FA6-FE83-48D8-B133-7DF0C43F6826}.Release|Any CPU.Build.0 = Release|Any CPU
		{9EFF2115-167B-4E4F-9668-93B8CAB1C71B}.Debug|Any CPU.ActiveCfg = Debug|Any CPU
		{9EFF2115-167B-4E4F-9668-93B8CAB1C71B}.Debug|Any CPU.Build.0 = Debug|Any CPU
		{9EFF2115-167B-4E4F-9668-93B8CAB1C71B}.Release|Any CPU.ActiveCfg = Release|Any CPU
		{9EFF2115-167B-4E4F-9668-93B8CAB1C71B}.Release|Any CPU.Build.0 = Release|Any CPU
		{73DB7753-F792-4DE7-B0A7-EF34FF2AAD17}.Debug|Any CPU.ActiveCfg = Debug|Any CPU
		{73DB7753-F792-4DE7-B0A7-EF34FF2AAD17}.Debug|Any CPU.Build.0 = Debug|Any CPU
		{73DB7753-F792-4DE7-B0A7-EF34FF2AAD17}.Release|Any CPU.ActiveCfg = Release|Any CPU
		{73DB7753-F792-4DE7-B0A7-EF34FF2AAD17}.Release|Any CPU.Build.0 = Release|Any CPU
		{848F56D2-BDF2-4EDD-A26E-12A37405B3BE}.Debug|Any CPU.ActiveCfg = Debug|Any CPU
		{848F56D2-BDF2-4EDD-A26E-12A37405B3BE}.Debug|Any CPU.Build.0 = Debug|Any CPU
		{848F56D2-BDF2-4EDD-A26E-12A37405B3BE}.Release|Any CPU.ActiveCfg = Release|Any CPU
		{848F56D2-BDF2-4EDD-A26E-12A37405B3BE}.Release|Any CPU.Build.0 = Release|Any CPU
		{F1063269-84DE-4AE9-B108-091F0EF3F3D8}.Debug|Any CPU.ActiveCfg = Debug|Any CPU
		{F1063269-84DE-4AE9-B108-091F0EF3F3D8}.Debug|Any CPU.Build.0 = Debug|Any CPU
		{F1063269-84DE-4AE9-B108-091F0EF3F3D8}.Release|Any CPU.ActiveCfg = Release|Any CPU
		{F1063269-84DE-4AE9-B108-091F0EF3F3D8}.Release|Any CPU.Build.0 = Release|Any CPU
		{06DDE52E-108D-4C18-BB04-C4FF25A386B2}.Debug|Any CPU.ActiveCfg = Debug|Any CPU
		{06DDE52E-108D-4C18-BB04-C4FF25A386B2}.Debug|Any CPU.Build.0 = Debug|Any CPU
		{06DDE52E-108D-4C18-BB04-C4FF25A386B2}.Release|Any CPU.ActiveCfg = Release|Any CPU
		{06DDE52E-108D-4C18-BB04-C4FF25A386B2}.Release|Any CPU.Build.0 = Release|Any CPU
		{76A9A1F4-9815-4374-9D4B-6CDABE6E1526}.Debug|Any CPU.ActiveCfg = Debug|Any CPU
		{76A9A1F4-9815-4374-9D4B-6CDABE6E1526}.Debug|Any CPU.Build.0 = Debug|Any CPU
		{76A9A1F4-9815-4374-9D4B-6CDABE6E1526}.Release|Any CPU.ActiveCfg = Release|Any CPU
		{76A9A1F4-9815-4374-9D4B-6CDABE6E1526}.Release|Any CPU.Build.0 = Release|Any CPU
		{48636BB9-8BAC-4644-BBE7-DFBC14C10C8B}.Debug|Any CPU.ActiveCfg = Debug|Any CPU
		{48636BB9-8BAC-4644-BBE7-DFBC14C10C8B}.Debug|Any CPU.Build.0 = Debug|Any CPU
		{48636BB9-8BAC-4644-BBE7-DFBC14C10C8B}.Release|Any CPU.ActiveCfg = Release|Any CPU
		{48636BB9-8BAC-4644-BBE7-DFBC14C10C8B}.Release|Any CPU.Build.0 = Release|Any CPU
		{A62046E9-966B-450D-A1D0-4B0685B75491}.Debug|Any CPU.ActiveCfg = Debug|Any CPU
		{A62046E9-966B-450D-A1D0-4B0685B75491}.Debug|Any CPU.Build.0 = Debug|Any CPU
		{A62046E9-966B-450D-A1D0-4B0685B75491}.Release|Any CPU.ActiveCfg = Release|Any CPU
		{A62046E9-966B-450D-A1D0-4B0685B75491}.Release|Any CPU.Build.0 = Release|Any CPU
		{D38FB5F3-8745-41B6-AAC0-3BFA74B6552E}.Debug|Any CPU.ActiveCfg = Debug|Any CPU
		{D38FB5F3-8745-41B6-AAC0-3BFA74B6552E}.Debug|Any CPU.Build.0 = Debug|Any CPU
		{D38FB5F3-8745-41B6-AAC0-3BFA74B6552E}.Release|Any CPU.ActiveCfg = Release|Any CPU
		{D38FB5F3-8745-41B6-AAC0-3BFA74B6552E}.Release|Any CPU.Build.0 = Release|Any CPU
		{83F0E7E7-C2E1-4555-B65D-98930396E988}.Debug|Any CPU.ActiveCfg = Debug|Any CPU
		{83F0E7E7-C2E1-4555-B65D-98930396E988}.Debug|Any CPU.Build.0 = Debug|Any CPU
		{83F0E7E7-C2E1-4555-B65D-98930396E988}.Release|Any CPU.ActiveCfg = Release|Any CPU
		{83F0E7E7-C2E1-4555-B65D-98930396E988}.Release|Any CPU.Build.0 = Release|Any CPU
		{387E7BAD-56EC-4260-B021-45D69A0FAD2D}.Debug|Any CPU.ActiveCfg = Debug|Any CPU
		{387E7BAD-56EC-4260-B021-45D69A0FAD2D}.Debug|Any CPU.Build.0 = Debug|Any CPU
		{387E7BAD-56EC-4260-B021-45D69A0FAD2D}.Release|Any CPU.ActiveCfg = Release|Any CPU
		{387E7BAD-56EC-4260-B021-45D69A0FAD2D}.Release|Any CPU.Build.0 = Release|Any CPU
		{8EA2F09C-F576-44D3-A89B-32A6E69E6280}.Debug|Any CPU.ActiveCfg = Debug|Any CPU
		{8EA2F09C-F576-44D3-A89B-32A6E69E6280}.Debug|Any CPU.Build.0 = Debug|Any CPU
		{8EA2F09C-F576-44D3-A89B-32A6E69E6280}.Release|Any CPU.ActiveCfg = Release|Any CPU
		{8EA2F09C-F576-44D3-A89B-32A6E69E6280}.Release|Any CPU.Build.0 = Release|Any CPU
		{2E15EBC5-89E8-4E4D-B45E-3B974DAC003A}.Debug|Any CPU.ActiveCfg = Debug|Any CPU
		{2E15EBC5-89E8-4E4D-B45E-3B974DAC003A}.Debug|Any CPU.Build.0 = Debug|Any CPU
		{2E15EBC5-89E8-4E4D-B45E-3B974DAC003A}.Release|Any CPU.ActiveCfg = Release|Any CPU
		{2E15EBC5-89E8-4E4D-B45E-3B974DAC003A}.Release|Any CPU.Build.0 = Release|Any CPU
		{82DCD604-EE8E-48B2-8746-512FE3AC7626}.Debug|Any CPU.ActiveCfg = Debug|Any CPU
		{82DCD604-EE8E-48B2-8746-512FE3AC7626}.Debug|Any CPU.Build.0 = Debug|Any CPU
		{82DCD604-EE8E-48B2-8746-512FE3AC7626}.Release|Any CPU.ActiveCfg = Release|Any CPU
		{82DCD604-EE8E-48B2-8746-512FE3AC7626}.Release|Any CPU.Build.0 = Release|Any CPU
		{B7F12D68-E01C-49AF-AC37-5F5122B689E0}.Debug|Any CPU.ActiveCfg = Debug|Any CPU
		{B7F12D68-E01C-49AF-AC37-5F5122B689E0}.Debug|Any CPU.Build.0 = Debug|Any CPU
		{B7F12D68-E01C-49AF-AC37-5F5122B689E0}.Release|Any CPU.ActiveCfg = Release|Any CPU
		{B7F12D68-E01C-49AF-AC37-5F5122B689E0}.Release|Any CPU.Build.0 = Release|Any CPU
		{ACCBF4CB-9A52-44A5-80EB-B470DE254338}.Debug|Any CPU.ActiveCfg = Debug|Any CPU
		{ACCBF4CB-9A52-44A5-80EB-B470DE254338}.Debug|Any CPU.Build.0 = Debug|Any CPU
		{ACCBF4CB-9A52-44A5-80EB-B470DE254338}.Release|Any CPU.ActiveCfg = Release|Any CPU
		{ACCBF4CB-9A52-44A5-80EB-B470DE254338}.Release|Any CPU.Build.0 = Release|Any CPU
		{F5A3D345-F0AD-4853-9A81-5CF2BBD58120}.Debug|Any CPU.ActiveCfg = Debug|Any CPU
		{F5A3D345-F0AD-4853-9A81-5CF2BBD58120}.Debug|Any CPU.Build.0 = Debug|Any CPU
		{F5A3D345-F0AD-4853-9A81-5CF2BBD58120}.Release|Any CPU.ActiveCfg = Release|Any CPU
		{F5A3D345-F0AD-4853-9A81-5CF2BBD58120}.Release|Any CPU.Build.0 = Release|Any CPU
		{405E3312-C0F2-4762-B360-3A31601FD74E}.Debug|Any CPU.ActiveCfg = Debug|Any CPU
		{405E3312-C0F2-4762-B360-3A31601FD74E}.Debug|Any CPU.Build.0 = Debug|Any CPU
		{405E3312-C0F2-4762-B360-3A31601FD74E}.Release|Any CPU.ActiveCfg = Release|Any CPU
		{405E3312-C0F2-4762-B360-3A31601FD74E}.Release|Any CPU.Build.0 = Release|Any CPU
		{D9521893-9ADE-4B73-B400-C29A75656602}.Debug|Any CPU.ActiveCfg = Debug|Any CPU
		{D9521893-9ADE-4B73-B400-C29A75656602}.Debug|Any CPU.Build.0 = Debug|Any CPU
		{D9521893-9ADE-4B73-B400-C29A75656602}.Release|Any CPU.ActiveCfg = Release|Any CPU
		{D9521893-9ADE-4B73-B400-C29A75656602}.Release|Any CPU.Build.0 = Release|Any CPU
		{11A2DDEB-772B-4F7A-900D-A014C30DEA80}.Debug|Any CPU.ActiveCfg = Debug|Any CPU
		{11A2DDEB-772B-4F7A-900D-A014C30DEA80}.Debug|Any CPU.Build.0 = Debug|Any CPU
		{11A2DDEB-772B-4F7A-900D-A014C30DEA80}.Release|Any CPU.ActiveCfg = Release|Any CPU
		{11A2DDEB-772B-4F7A-900D-A014C30DEA80}.Release|Any CPU.Build.0 = Release|Any CPU
		{858FE7E6-69FD-41B0-AF46-F41F4FF9B7BD}.Debug|Any CPU.ActiveCfg = Debug|Any CPU
		{858FE7E6-69FD-41B0-AF46-F41F4FF9B7BD}.Debug|Any CPU.Build.0 = Debug|Any CPU
		{858FE7E6-69FD-41B0-AF46-F41F4FF9B7BD}.Release|Any CPU.ActiveCfg = Release|Any CPU
		{858FE7E6-69FD-41B0-AF46-F41F4FF9B7BD}.Release|Any CPU.Build.0 = Release|Any CPU
		{FD1B8BD0-A7D5-46A3-B42A-AF81E6C1B890}.Debug|Any CPU.ActiveCfg = Debug|Any CPU
		{FD1B8BD0-A7D5-46A3-B42A-AF81E6C1B890}.Debug|Any CPU.Build.0 = Debug|Any CPU
		{FD1B8BD0-A7D5-46A3-B42A-AF81E6C1B890}.Release|Any CPU.ActiveCfg = Release|Any CPU
		{FD1B8BD0-A7D5-46A3-B42A-AF81E6C1B890}.Release|Any CPU.Build.0 = Release|Any CPU
		{835AEC53-DA8A-4E69-9D28-7FF30DEE41D1}.Debug|Any CPU.ActiveCfg = Debug|Any CPU
		{835AEC53-DA8A-4E69-9D28-7FF30DEE41D1}.Debug|Any CPU.Build.0 = Debug|Any CPU
		{835AEC53-DA8A-4E69-9D28-7FF30DEE41D1}.Release|Any CPU.ActiveCfg = Release|Any CPU
		{835AEC53-DA8A-4E69-9D28-7FF30DEE41D1}.Release|Any CPU.Build.0 = Release|Any CPU
		{BA302F03-72F5-49FF-A391-7A5A16BD1BB1}.Debug|Any CPU.ActiveCfg = Debug|Any CPU
		{BA302F03-72F5-49FF-A391-7A5A16BD1BB1}.Debug|Any CPU.Build.0 = Debug|Any CPU
		{BA302F03-72F5-49FF-A391-7A5A16BD1BB1}.Release|Any CPU.ActiveCfg = Release|Any CPU
		{BA302F03-72F5-49FF-A391-7A5A16BD1BB1}.Release|Any CPU.Build.0 = Release|Any CPU
		{DCB5EDDC-6D3E-49BE-9B4A-52994A2CB665}.Debug|Any CPU.ActiveCfg = Debug|Any CPU
		{DCB5EDDC-6D3E-49BE-9B4A-52994A2CB665}.Debug|Any CPU.Build.0 = Debug|Any CPU
		{DCB5EDDC-6D3E-49BE-9B4A-52994A2CB665}.Release|Any CPU.ActiveCfg = Release|Any CPU
		{DCB5EDDC-6D3E-49BE-9B4A-52994A2CB665}.Release|Any CPU.Build.0 = Release|Any CPU
		{2917EE76-7E40-4842-990D-5FCB43C4E2FD}.Debug|Any CPU.ActiveCfg = Debug|Any CPU
		{2917EE76-7E40-4842-990D-5FCB43C4E2FD}.Debug|Any CPU.Build.0 = Debug|Any CPU
		{2917EE76-7E40-4842-990D-5FCB43C4E2FD}.Release|Any CPU.ActiveCfg = Release|Any CPU
		{2917EE76-7E40-4842-990D-5FCB43C4E2FD}.Release|Any CPU.Build.0 = Release|Any CPU
		{0C7CFCA3-19EB-424F-8E9C-871746D6E339}.Debug|Any CPU.ActiveCfg = Debug|Any CPU
		{0C7CFCA3-19EB-424F-8E9C-871746D6E339}.Debug|Any CPU.Build.0 = Debug|Any CPU
		{0C7CFCA3-19EB-424F-8E9C-871746D6E339}.Release|Any CPU.ActiveCfg = Release|Any CPU
		{0C7CFCA3-19EB-424F-8E9C-871746D6E339}.Release|Any CPU.Build.0 = Release|Any CPU
		{7624306A-EEBA-4281-8F6B-0AF99A563DD6}.Debug|Any CPU.ActiveCfg = Debug|Any CPU
		{7624306A-EEBA-4281-8F6B-0AF99A563DD6}.Debug|Any CPU.Build.0 = Debug|Any CPU
		{7624306A-EEBA-4281-8F6B-0AF99A563DD6}.Release|Any CPU.ActiveCfg = Release|Any CPU
		{7624306A-EEBA-4281-8F6B-0AF99A563DD6}.Release|Any CPU.Build.0 = Release|Any CPU
		{C62F3D1F-6E71-4C22-9597-67F5CA60C70A}.Debug|Any CPU.ActiveCfg = Debug|Any CPU
		{C62F3D1F-6E71-4C22-9597-67F5CA60C70A}.Debug|Any CPU.Build.0 = Debug|Any CPU
		{C62F3D1F-6E71-4C22-9597-67F5CA60C70A}.Release|Any CPU.ActiveCfg = Release|Any CPU
		{C62F3D1F-6E71-4C22-9597-67F5CA60C70A}.Release|Any CPU.Build.0 = Release|Any CPU
		{E52EC109-B3FE-4131-A1F7-8E30EB7F6516}.Debug|Any CPU.ActiveCfg = Debug|Any CPU
		{E52EC109-B3FE-4131-A1F7-8E30EB7F6516}.Debug|Any CPU.Build.0 = Debug|Any CPU
		{E52EC109-B3FE-4131-A1F7-8E30EB7F6516}.Release|Any CPU.ActiveCfg = Release|Any CPU
		{E52EC109-B3FE-4131-A1F7-8E30EB7F6516}.Release|Any CPU.Build.0 = Release|Any CPU
		{001C5B0C-8BF6-4188-9386-600B7AD152CC}.Debug|Any CPU.ActiveCfg = Debug|Any CPU
		{001C5B0C-8BF6-4188-9386-600B7AD152CC}.Debug|Any CPU.Build.0 = Debug|Any CPU
		{001C5B0C-8BF6-4188-9386-600B7AD152CC}.Release|Any CPU.ActiveCfg = Release|Any CPU
		{001C5B0C-8BF6-4188-9386-600B7AD152CC}.Release|Any CPU.Build.0 = Release|Any CPU
		{B211B2BC-1A9E-46EF-9215-298A62FB5171}.Debug|Any CPU.ActiveCfg = Debug|Any CPU
		{B211B2BC-1A9E-46EF-9215-298A62FB5171}.Debug|Any CPU.Build.0 = Debug|Any CPU
		{B211B2BC-1A9E-46EF-9215-298A62FB5171}.Release|Any CPU.ActiveCfg = Release|Any CPU
		{B211B2BC-1A9E-46EF-9215-298A62FB5171}.Release|Any CPU.Build.0 = Release|Any CPU
		{653448F2-786E-48C1-AFEB-570C5D87741E}.Debug|Any CPU.ActiveCfg = Debug|Any CPU
		{653448F2-786E-48C1-AFEB-570C5D87741E}.Debug|Any CPU.Build.0 = Debug|Any CPU
		{653448F2-786E-48C1-AFEB-570C5D87741E}.Release|Any CPU.ActiveCfg = Release|Any CPU
		{653448F2-786E-48C1-AFEB-570C5D87741E}.Release|Any CPU.Build.0 = Release|Any CPU
		{0BA4E888-3270-42E8-8786-5463DA20C06B}.Debug|Any CPU.ActiveCfg = Debug|Any CPU
		{0BA4E888-3270-42E8-8786-5463DA20C06B}.Debug|Any CPU.Build.0 = Debug|Any CPU
		{0BA4E888-3270-42E8-8786-5463DA20C06B}.Release|Any CPU.ActiveCfg = Release|Any CPU
		{0BA4E888-3270-42E8-8786-5463DA20C06B}.Release|Any CPU.Build.0 = Release|Any CPU
		{85F4FEE1-4FBA-4AF2-B933-818B659C4326}.Debug|Any CPU.ActiveCfg = Debug|Any CPU
		{85F4FEE1-4FBA-4AF2-B933-818B659C4326}.Debug|Any CPU.Build.0 = Debug|Any CPU
		{85F4FEE1-4FBA-4AF2-B933-818B659C4326}.Release|Any CPU.ActiveCfg = Release|Any CPU
		{85F4FEE1-4FBA-4AF2-B933-818B659C4326}.Release|Any CPU.Build.0 = Release|Any CPU
		{549E8FB6-0FD7-49DA-AEF5-ABCE872D71E5}.Debug|Any CPU.ActiveCfg = Debug|Any CPU
		{549E8FB6-0FD7-49DA-AEF5-ABCE872D71E5}.Debug|Any CPU.Build.0 = Debug|Any CPU
		{549E8FB6-0FD7-49DA-AEF5-ABCE872D71E5}.Release|Any CPU.ActiveCfg = Release|Any CPU
		{549E8FB6-0FD7-49DA-AEF5-ABCE872D71E5}.Release|Any CPU.Build.0 = Release|Any CPU
		{0F783050-0A7A-411F-AAF4-A6A4D0E93C1B}.Debug|Any CPU.ActiveCfg = Debug|Any CPU
		{0F783050-0A7A-411F-AAF4-A6A4D0E93C1B}.Debug|Any CPU.Build.0 = Debug|Any CPU
		{0F783050-0A7A-411F-AAF4-A6A4D0E93C1B}.Release|Any CPU.ActiveCfg = Release|Any CPU
		{0F783050-0A7A-411F-AAF4-A6A4D0E93C1B}.Release|Any CPU.Build.0 = Release|Any CPU
		{F30366D4-82F4-48C7-A0FD-B3691058DA79}.Debug|Any CPU.ActiveCfg = Debug|Any CPU
		{F30366D4-82F4-48C7-A0FD-B3691058DA79}.Debug|Any CPU.Build.0 = Debug|Any CPU
		{F30366D4-82F4-48C7-A0FD-B3691058DA79}.Release|Any CPU.ActiveCfg = Release|Any CPU
		{F30366D4-82F4-48C7-A0FD-B3691058DA79}.Release|Any CPU.Build.0 = Release|Any CPU
		{EE30A45B-069D-434C-8DC9-A46871492F55}.Debug|Any CPU.ActiveCfg = Debug|Any CPU
		{EE30A45B-069D-434C-8DC9-A46871492F55}.Debug|Any CPU.Build.0 = Debug|Any CPU
		{EE30A45B-069D-434C-8DC9-A46871492F55}.Release|Any CPU.ActiveCfg = Release|Any CPU
		{EE30A45B-069D-434C-8DC9-A46871492F55}.Release|Any CPU.Build.0 = Release|Any CPU
		{E321D5B1-DB04-434F-ACC0-3105AE04E398}.Debug|Any CPU.ActiveCfg = Debug|Any CPU
		{E321D5B1-DB04-434F-ACC0-3105AE04E398}.Debug|Any CPU.Build.0 = Debug|Any CPU
		{E321D5B1-DB04-434F-ACC0-3105AE04E398}.Release|Any CPU.ActiveCfg = Release|Any CPU
		{E321D5B1-DB04-434F-ACC0-3105AE04E398}.Release|Any CPU.Build.0 = Release|Any CPU
		{29BD8E9A-0B82-4031-935E-4B7D40A29903}.Debug|Any CPU.ActiveCfg = Debug|Any CPU
		{29BD8E9A-0B82-4031-935E-4B7D40A29903}.Debug|Any CPU.Build.0 = Debug|Any CPU
		{29BD8E9A-0B82-4031-935E-4B7D40A29903}.Release|Any CPU.ActiveCfg = Release|Any CPU
		{29BD8E9A-0B82-4031-935E-4B7D40A29903}.Release|Any CPU.Build.0 = Release|Any CPU
		{67E93A00-FA34-4F06-8BB0-EA87A4C65A9F}.Debug|Any CPU.ActiveCfg = Debug|Any CPU
		{67E93A00-FA34-4F06-8BB0-EA87A4C65A9F}.Debug|Any CPU.Build.0 = Debug|Any CPU
		{67E93A00-FA34-4F06-8BB0-EA87A4C65A9F}.Release|Any CPU.ActiveCfg = Release|Any CPU
		{67E93A00-FA34-4F06-8BB0-EA87A4C65A9F}.Release|Any CPU.Build.0 = Release|Any CPU
		{EC55D788-48F5-4184-A57F-744726A60B49}.Debug|Any CPU.ActiveCfg = Debug|Any CPU
		{EC55D788-48F5-4184-A57F-744726A60B49}.Debug|Any CPU.Build.0 = Debug|Any CPU
		{EC55D788-48F5-4184-A57F-744726A60B49}.Release|Any CPU.ActiveCfg = Release|Any CPU
		{EC55D788-48F5-4184-A57F-744726A60B49}.Release|Any CPU.Build.0 = Release|Any CPU
		{A056B15E-665E-4D26-A5D4-4BEC954E633D}.Debug|Any CPU.ActiveCfg = Debug|Any CPU
		{A056B15E-665E-4D26-A5D4-4BEC954E633D}.Debug|Any CPU.Build.0 = Debug|Any CPU
		{A056B15E-665E-4D26-A5D4-4BEC954E633D}.Release|Any CPU.ActiveCfg = Release|Any CPU
		{A056B15E-665E-4D26-A5D4-4BEC954E633D}.Release|Any CPU.Build.0 = Release|Any CPU
		{08AFD4CA-B9B3-402E-855A-AF75F616633F}.Debug|Any CPU.ActiveCfg = Debug|Any CPU
		{08AFD4CA-B9B3-402E-855A-AF75F616633F}.Debug|Any CPU.Build.0 = Debug|Any CPU
		{08AFD4CA-B9B3-402E-855A-AF75F616633F}.Release|Any CPU.ActiveCfg = Release|Any CPU
		{08AFD4CA-B9B3-402E-855A-AF75F616633F}.Release|Any CPU.Build.0 = Release|Any CPU
		{80BC3CDD-59EA-44C7-A9A7-CD9A040EDCDF}.Debug|Any CPU.ActiveCfg = Debug|Any CPU
		{80BC3CDD-59EA-44C7-A9A7-CD9A040EDCDF}.Debug|Any CPU.Build.0 = Debug|Any CPU
		{80BC3CDD-59EA-44C7-A9A7-CD9A040EDCDF}.Release|Any CPU.ActiveCfg = Release|Any CPU
		{80BC3CDD-59EA-44C7-A9A7-CD9A040EDCDF}.Release|Any CPU.Build.0 = Release|Any CPU
		{98170E4C-2551-48C4-9ACA-3027C3FBE8F2}.Debug|Any CPU.ActiveCfg = Debug|Any CPU
		{98170E4C-2551-48C4-9ACA-3027C3FBE8F2}.Debug|Any CPU.Build.0 = Debug|Any CPU
		{98170E4C-2551-48C4-9ACA-3027C3FBE8F2}.Release|Any CPU.ActiveCfg = Release|Any CPU
		{98170E4C-2551-48C4-9ACA-3027C3FBE8F2}.Release|Any CPU.Build.0 = Release|Any CPU
	EndGlobalSection
	GlobalSection(SolutionProperties) = preSolution
		HideSolutionNode = FALSE
	EndGlobalSection
	GlobalSection(DPCodeReviewSolutionGUID) = preSolution
		DPCodeReviewSolutionGUID = {00000000-0000-0000-0000-000000000000}
	EndGlobalSection
EndGlobal
