
Microsoft Visual Studio Solution File, Format Version 9.00
# Visual Studio 2005
Project("{FAE04EC0-301F-11D3-BF4B-00C04F79EFBC}") = "PMKHN09130U", "PMKHN09130U\PMKHN09130U.csproj", "{F8FB2605-59E1-401A-A7FB-281356016B44}"
EndProject
Global
	GlobalSection(SourceCodeControl) = preSolution
		SccNumberOfProjects = 2
		SccLocalPath0 = .
		SccProjectUniqueName1 = PMKHN09130U\\PMKHN09130U.csproj
		SccLocalPath1 = .
		SccProjectFilePathRelativizedFromConnection1 = PMKHN09130U\\
	EndGlobalSection
	GlobalSection(SolutionConfigurationPlatforms) = preSolution
		Debug|Any CPU = Debug|Any CPU
		Release|Any CPU = Release|Any CPU
	EndGlobalSection
	GlobalSection(ProjectConfigurationPlatforms) = postSolution
		{F8FB2605-59E1-401A-A7FB-281356016B44}.Debug|Any CPU.ActiveCfg = Debug|Any CPU
		{F8FB2605-59E1-401A-A7FB-281356016B44}.Debug|Any CPU.Build.0 = Debug|Any CPU
		{F8FB2605-59E1-401A-A7FB-281356016B44}.Release|Any CPU.ActiveCfg = Release|Any CPU
		{F8FB2605-59E1-401A-A7FB-281356016B44}.Release|Any CPU.Build.0 = Release|Any CPU
	EndGlobalSection
	GlobalSection(SolutionProperties) = preSolution
		HideSolutionNode = FALSE
	EndGlobalSection
EndGlobal
