
Microsoft Visual Studio Solution File, Format Version 9.00
# Visual Studio 2005
Project("{FAE04EC0-301F-11D3-BF4B-00C04F79EFBC}") = "PMKHN09505R", "PMKHN09505R\PMKHN09505R.csproj", "{74F4CD0C-9410-4734-8FD0-6C0A0005104F}"
EndProject
Project("{FAE04EC0-301F-11D3-BF4B-00C04F79EFBC}") = "PMKHN09504G", "..\PMKHN09504G\PMKHN09504G.csproj", "{0524E92F-22A0-43E2-9568-7A227A252204}"
EndProject
Project("{FAE04EC0-301F-11D3-BF4B-00C04F79EFBC}") = "PMKHN09506O", "..\PMKHN09506O\PMKHN09506O.csproj", "{A4D35D1A-EEAE-4DBA-BD12-3BEB4776DC46}"
EndProject
Project("{FAE04EC0-301F-11D3-BF4B-00C04F79EFBC}") = "PMKHN09507D", "..\PMKHN09507D\PMKHN09507D.csproj", "{AA679988-C158-4531-B74A-8232C05EB7E3}"
EndProject
Project("{FAE04EC0-301F-11D3-BF4B-00C04F79EFBC}") = "ConsoleServerWorker", "..\ConsoleServerWorker\ConsoleServerWorker.csproj", "{481DA2FB-62BA-4875-B2C1-49CA332C1132}"
EndProject
Global
	GlobalSection(SourceCodeControl) = preSolution
		SccNumberOfProjects = 6
		SccProjectName0 = \u0022$/Partsman[810]/Source/Server/PMKHN09505R.root/PMKHN09505R\u0022,\u0020PIJCAAAA
		SccLocalPath0 = ..
		SccProvider0 = MSSCCI:Microsoft\u0020Visual\u0020SourceSafe
		SccProjectFilePathRelativizedFromConnection0 = PMKHN09505R\\
		SccProjectUniqueName1 = ..\\ConsoleServerWorker\\ConsoleServerWorker.csproj
		SccLocalPath1 = ..
		SccProjectFilePathRelativizedFromConnection1 = ConsoleServerWorker\\
		SccProjectUniqueName2 = ..\\PMKHN09504G\\PMKHN09504G.csproj
		SccLocalPath2 = ..
		SccProjectFilePathRelativizedFromConnection2 = PMKHN09504G\\
		SccProjectUniqueName3 = PMKHN09505R\\PMKHN09505R.csproj
		SccLocalPath3 = ..
		SccProjectFilePathRelativizedFromConnection3 = PMKHN09505R\\PMKHN09505R\\
		SccProjectUniqueName4 = ..\\PMKHN09506O\\PMKHN09506O.csproj
		SccLocalPath4 = ..
		SccProjectFilePathRelativizedFromConnection4 = PMKHN09506O\\
		SccProjectUniqueName5 = ..\\PMKHN09507D\\PMKHN09507D.csproj
		SccLocalPath5 = ..
		SccProjectFilePathRelativizedFromConnection5 = PMKHN09507D\\
	EndGlobalSection
	GlobalSection(SolutionConfigurationPlatforms) = preSolution
		Debug|Any CPU = Debug|Any CPU
		Release|Any CPU = Release|Any CPU
	EndGlobalSection
	GlobalSection(ProjectConfigurationPlatforms) = postSolution
		{74F4CD0C-9410-4734-8FD0-6C0A0005104F}.Debug|Any CPU.ActiveCfg = Debug|Any CPU
		{74F4CD0C-9410-4734-8FD0-6C0A0005104F}.Debug|Any CPU.Build.0 = Debug|Any CPU
		{74F4CD0C-9410-4734-8FD0-6C0A0005104F}.Release|Any CPU.ActiveCfg = Release|Any CPU
		{74F4CD0C-9410-4734-8FD0-6C0A0005104F}.Release|Any CPU.Build.0 = Release|Any CPU
		{0524E92F-22A0-43E2-9568-7A227A252204}.Debug|Any CPU.ActiveCfg = Debug|Any CPU
		{0524E92F-22A0-43E2-9568-7A227A252204}.Debug|Any CPU.Build.0 = Debug|Any CPU
		{0524E92F-22A0-43E2-9568-7A227A252204}.Release|Any CPU.ActiveCfg = Release|Any CPU
		{0524E92F-22A0-43E2-9568-7A227A252204}.Release|Any CPU.Build.0 = Release|Any CPU
		{A4D35D1A-EEAE-4DBA-BD12-3BEB4776DC46}.Debug|Any CPU.ActiveCfg = Debug|Any CPU
		{A4D35D1A-EEAE-4DBA-BD12-3BEB4776DC46}.Debug|Any CPU.Build.0 = Debug|Any CPU
		{A4D35D1A-EEAE-4DBA-BD12-3BEB4776DC46}.Release|Any CPU.ActiveCfg = Release|Any CPU
		{A4D35D1A-EEAE-4DBA-BD12-3BEB4776DC46}.Release|Any CPU.Build.0 = Release|Any CPU
		{AA679988-C158-4531-B74A-8232C05EB7E3}.Debug|Any CPU.ActiveCfg = Debug|Any CPU
		{AA679988-C158-4531-B74A-8232C05EB7E3}.Debug|Any CPU.Build.0 = Debug|Any CPU
		{AA679988-C158-4531-B74A-8232C05EB7E3}.Release|Any CPU.ActiveCfg = Release|Any CPU
		{AA679988-C158-4531-B74A-8232C05EB7E3}.Release|Any CPU.Build.0 = Release|Any CPU
		{481DA2FB-62BA-4875-B2C1-49CA332C1132}.Debug|Any CPU.ActiveCfg = Debug|Any CPU
		{481DA2FB-62BA-4875-B2C1-49CA332C1132}.Debug|Any CPU.Build.0 = Debug|Any CPU
		{481DA2FB-62BA-4875-B2C1-49CA332C1132}.Release|Any CPU.ActiveCfg = Release|Any CPU
		{481DA2FB-62BA-4875-B2C1-49CA332C1132}.Release|Any CPU.Build.0 = Release|Any CPU
	EndGlobalSection
	GlobalSection(SolutionProperties) = preSolution
		HideSolutionNode = FALSE
	EndGlobalSection
EndGlobal
