
Microsoft Visual Studio Solution File, Format Version 9.00
# Visual Studio 2005
Project("{FAE04EC0-301F-11D3-BF4B-00C04F79EFBC}") = "DCTOK02024R", "DCTOK02024R\DCTOK02024R.csproj", "{00B5B371-7E8F-43D2-A1D4-8C1D18FCBF80}"
EndProject
Project("{FAE04EC0-301F-11D3-BF4B-00C04F79EFBC}") = "DCTOK02023G", "DCTOK02023G\DCTOK02023G.csproj", "{C90EA23E-0D5A-44C4-BE93-457D476F3957}"
EndProject
Project("{FAE04EC0-301F-11D3-BF4B-00C04F79EFBC}") = "DCTOK02025O", "DCTOK02025O\DCTOK02025O.csproj", "{BA5430BE-7BE1-48BF-ADB2-1D93B5256566}"
EndProject
Project("{FAE04EC0-301F-11D3-BF4B-00C04F79EFBC}") = "DCTOK02026D", "DCTOK02026D\DCTOK02026D.csproj", "{4B3D972A-9DDB-40A6-B691-4CA925055D73}"
EndProject
Project("{FAE04EC0-301F-11D3-BF4B-00C04F79EFBC}") = "WindowsApplicationWork", "WindowsApplicationWork\WindowsApplicationWork.csproj", "{8600E1DA-8F1F-461D-8016-653B1DC65E75}"
EndProject
Project("{FAE04EC0-301F-11D3-BF4B-00C04F79EFBC}") = "ConsoleApplicationWork", "ConsoleApplicationWork\ConsoleApplicationWork.csproj", "{E8D34015-A390-4201-9A1C-598438A96D72}"
EndProject
Global
	GlobalSection(SourceCodeControl) = preSolution
		SccNumberOfProjects = 7
		SccLocalPath0 = .
		SccProjectUniqueName1 = ConsoleApplicationWork\\ConsoleApplicationWork.csproj
		SccLocalPath1 = .
		SccProjectFilePathRelativizedFromConnection1 = ConsoleApplicationWork\\
		SccProjectUniqueName2 = DCTOK02023G\\DCTOK02023G.csproj
		SccLocalPath2 = .
		SccProjectFilePathRelativizedFromConnection2 = DCTOK02023G\\
		SccProjectUniqueName3 = DCTOK02024R\\DCTOK02024R.csproj
		SccLocalPath3 = .
		SccProjectFilePathRelativizedFromConnection3 = DCTOK02024R\\
		SccProjectUniqueName4 = DCTOK02025O\\DCTOK02025O.csproj
		SccLocalPath4 = .
		SccProjectFilePathRelativizedFromConnection4 = DCTOK02025O\\
		SccProjectUniqueName5 = DCTOK02026D\\DCTOK02026D.csproj
		SccLocalPath5 = .
		SccProjectFilePathRelativizedFromConnection5 = DCTOK02026D\\
		SccProjectUniqueName6 = WindowsApplicationWork\\WindowsApplicationWork.csproj
		SccLocalPath6 = .
		SccProjectFilePathRelativizedFromConnection6 = WindowsApplicationWork\\
	EndGlobalSection
	GlobalSection(SolutionConfigurationPlatforms) = preSolution
		Debug|Any CPU = Debug|Any CPU
		Release|Any CPU = Release|Any CPU
	EndGlobalSection
	GlobalSection(ProjectConfigurationPlatforms) = postSolution
		{00B5B371-7E8F-43D2-A1D4-8C1D18FCBF80}.Debug|Any CPU.ActiveCfg = Debug|Any CPU
		{00B5B371-7E8F-43D2-A1D4-8C1D18FCBF80}.Debug|Any CPU.Build.0 = Debug|Any CPU
		{00B5B371-7E8F-43D2-A1D4-8C1D18FCBF80}.Release|Any CPU.ActiveCfg = Release|Any CPU
		{00B5B371-7E8F-43D2-A1D4-8C1D18FCBF80}.Release|Any CPU.Build.0 = Release|Any CPU
		{C90EA23E-0D5A-44C4-BE93-457D476F3957}.Debug|Any CPU.ActiveCfg = Debug|Any CPU
		{C90EA23E-0D5A-44C4-BE93-457D476F3957}.Debug|Any CPU.Build.0 = Debug|Any CPU
		{C90EA23E-0D5A-44C4-BE93-457D476F3957}.Release|Any CPU.ActiveCfg = Release|Any CPU
		{C90EA23E-0D5A-44C4-BE93-457D476F3957}.Release|Any CPU.Build.0 = Release|Any CPU
		{BA5430BE-7BE1-48BF-ADB2-1D93B5256566}.Debug|Any CPU.ActiveCfg = Debug|Any CPU
		{BA5430BE-7BE1-48BF-ADB2-1D93B5256566}.Debug|Any CPU.Build.0 = Debug|Any CPU
		{BA5430BE-7BE1-48BF-ADB2-1D93B5256566}.Release|Any CPU.ActiveCfg = Release|Any CPU
		{BA5430BE-7BE1-48BF-ADB2-1D93B5256566}.Release|Any CPU.Build.0 = Release|Any CPU
		{4B3D972A-9DDB-40A6-B691-4CA925055D73}.Debug|Any CPU.ActiveCfg = Debug|Any CPU
		{4B3D972A-9DDB-40A6-B691-4CA925055D73}.Debug|Any CPU.Build.0 = Debug|Any CPU
		{4B3D972A-9DDB-40A6-B691-4CA925055D73}.Release|Any CPU.ActiveCfg = Release|Any CPU
		{4B3D972A-9DDB-40A6-B691-4CA925055D73}.Release|Any CPU.Build.0 = Release|Any CPU
		{8600E1DA-8F1F-461D-8016-653B1DC65E75}.Debug|Any CPU.ActiveCfg = Debug|Any CPU
		{8600E1DA-8F1F-461D-8016-653B1DC65E75}.Debug|Any CPU.Build.0 = Debug|Any CPU
		{8600E1DA-8F1F-461D-8016-653B1DC65E75}.Release|Any CPU.ActiveCfg = Release|Any CPU
		{8600E1DA-8F1F-461D-8016-653B1DC65E75}.Release|Any CPU.Build.0 = Release|Any CPU
		{E8D34015-A390-4201-9A1C-598438A96D72}.Debug|Any CPU.ActiveCfg = Debug|Any CPU
		{E8D34015-A390-4201-9A1C-598438A96D72}.Debug|Any CPU.Build.0 = Debug|Any CPU
		{E8D34015-A390-4201-9A1C-598438A96D72}.Release|Any CPU.ActiveCfg = Release|Any CPU
		{E8D34015-A390-4201-9A1C-598438A96D72}.Release|Any CPU.Build.0 = Release|Any CPU
	EndGlobalSection
	GlobalSection(SolutionProperties) = preSolution
		HideSolutionNode = FALSE
	EndGlobalSection
EndGlobal
