Microsoft Visual Studio Solution File, Format Version 9.00
# Visual Studio 2005
Project("{FAE04EC0-301F-11D3-BF4B-00C04F79EFBC}") = "PMKEN09010U", "PMKEN09010U\PMKEN09010U.csproj", "{15DCAD31-30D0-404D-8151-A376F684150B}"
	ProjectSection(ProjectDependencies) = postProject
		{F83B253E-A878-4200-BD13-2180FACCBE79} = {F83B253E-A878-4200-BD13-2180FACCBE79}
		{9920B244-3DBE-4798-BC12-CABF7F2FB110} = {9920B244-3DBE-4798-BC12-CABF7F2FB110}
	EndProjectSection
EndProject
Project("{FAE04EC0-301F-11D3-BF4B-00C04F79EFBC}") = "PMKEN09011U", "PMKEN09011U\PMKEN09011U.csproj", "{0C81C097-10A7-45F7-886B-7515B32F9A1B}"
	ProjectSection(ProjectDependencies) = postProject
		{15DCAD31-30D0-404D-8151-A376F684150B} = {15DCAD31-30D0-404D-8151-A376F684150B}
		{F83B253E-A878-4200-BD13-2180FACCBE79} = {F83B253E-A878-4200-BD13-2180FACCBE79}
		{9920B244-3DBE-4798-BC12-CABF7F2FB110} = {9920B244-3DBE-4798-BC12-CABF7F2FB110}
	EndProjectSection
EndProject
Project("{FAE04EC0-301F-11D3-BF4B-00C04F79EFBC}") = "PMKEN09012U", "PMKEN09012U\PMKEN09012U.csproj", "{4F140AF2-28BF-4321-A5B6-19DC8E209DA3}"
	ProjectSection(ProjectDependencies) = postProject
		{15DCAD31-30D0-404D-8151-A376F684150B} = {15DCAD31-30D0-404D-8151-A376F684150B}
		{F83B253E-A878-4200-BD13-2180FACCBE79} = {F83B253E-A878-4200-BD13-2180FACCBE79}
		{9920B244-3DBE-4798-BC12-CABF7F2FB110} = {9920B244-3DBE-4798-BC12-CABF7F2FB110}
	EndProjectSection
EndProject
Project("{FAE04EC0-301F-11D3-BF4B-00C04F79EFBC}") = "PMKEN09013U", "PMKEN09013U\PMKEN09013U.csproj", "{C9CB03B1-47B6-4D6F-B381-72B25F7FF8ED}"
	ProjectSection(ProjectDependencies) = postProject
		{15DCAD31-30D0-404D-8151-A376F684150B} = {15DCAD31-30D0-404D-8151-A376F684150B}
		{F83B253E-A878-4200-BD13-2180FACCBE79} = {F83B253E-A878-4200-BD13-2180FACCBE79}
		{9920B244-3DBE-4798-BC12-CABF7F2FB110} = {9920B244-3DBE-4798-BC12-CABF7F2FB110}
	EndProjectSection
EndProject
Project("{FAE04EC0-301F-11D3-BF4B-00C04F79EFBC}") = "PMKEN09014U", "PMKEN09014U\PMKEN09014U.csproj", "{EE332F01-2061-4786-94A9-E6CDF1FCD525}"
	ProjectSection(ProjectDependencies) = postProject
		{15DCAD31-30D0-404D-8151-A376F684150B} = {15DCAD31-30D0-404D-8151-A376F684150B}
		{F83B253E-A878-4200-BD13-2180FACCBE79} = {F83B253E-A878-4200-BD13-2180FACCBE79}
		{9920B244-3DBE-4798-BC12-CABF7F2FB110} = {9920B244-3DBE-4798-BC12-CABF7F2FB110}
	EndProjectSection
EndProject
Project("{FAE04EC0-301F-11D3-BF4B-00C04F79EFBC}") = "PMKEN09015A", "PMKEN09015A\PMKEN09015A.csproj", "{F83B253E-A878-4200-BD13-2180FACCBE79}"
	ProjectSection(ProjectDependencies) = postProject
		{9920B244-3DBE-4798-BC12-CABF7F2FB110} = {9920B244-3DBE-4798-BC12-CABF7F2FB110}
	EndProjectSection
EndProject
Project("{FAE04EC0-301F-11D3-BF4B-00C04F79EFBC}") = "PMKEN09016I", "PMKEN09016I\PMKEN09016I.csproj", "{9920B244-3DBE-4798-BC12-CABF7F2FB110}"
EndProject
Global
	GlobalSection(SourceCodeControl) = preSolution
		SccNumberOfProjects = 8
		SccLocalPath0 = .
		SccProjectUniqueName1 = PMKEN09010U\\PMKEN09010U.csproj
		SccLocalPath1 = .
		SccProjectFilePathRelativizedFromConnection1 = PMKEN09010U\\
		SccProjectUniqueName2 = PMKEN09011U\\PMKEN09011U.csproj
		SccLocalPath2 = .
		SccProjectFilePathRelativizedFromConnection2 = PMKEN09011U\\
		SccProjectUniqueName3 = PMKEN09012U\\PMKEN09012U.csproj
		SccLocalPath3 = .
		SccProjectFilePathRelativizedFromConnection3 = PMKEN09012U\\
		SccProjectUniqueName4 = PMKEN09013U\\PMKEN09013U.csproj
		SccLocalPath4 = .
		SccProjectFilePathRelativizedFromConnection4 = PMKEN09013U\\
		SccProjectUniqueName5 = PMKEN09014U\\PMKEN09014U.csproj
		SccLocalPath5 = .
		SccProjectFilePathRelativizedFromConnection5 = PMKEN09014U\\
		SccProjectUniqueName6 = PMKEN09015A\\PMKEN09015A.csproj
		SccLocalPath6 = .
		SccProjectFilePathRelativizedFromConnection6 = PMKEN09015A\\
		SccProjectUniqueName7 = PMKEN09016I\\PMKEN09016I.csproj
		SccLocalPath7 = .
		SccProjectFilePathRelativizedFromConnection7 = PMKEN09016I\\
	EndGlobalSection
	GlobalSection(SolutionConfigurationPlatforms) = preSolution
		Debug|Any CPU = Debug|Any CPU
		Release|Any CPU = Release|Any CPU
	EndGlobalSection
	GlobalSection(ProjectConfigurationPlatforms) = postSolution
		{15DCAD31-30D0-404D-8151-A376F684150B}.Debug|Any CPU.ActiveCfg = Debug|Any CPU
		{15DCAD31-30D0-404D-8151-A376F684150B}.Debug|Any CPU.Build.0 = Debug|Any CPU
		{15DCAD31-30D0-404D-8151-A376F684150B}.Release|Any CPU.ActiveCfg = Release|Any CPU
		{15DCAD31-30D0-404D-8151-A376F684150B}.Release|Any CPU.Build.0 = Release|Any CPU
		{0C81C097-10A7-45F7-886B-7515B32F9A1B}.Debug|Any CPU.ActiveCfg = Debug|Any CPU
		{0C81C097-10A7-45F7-886B-7515B32F9A1B}.Debug|Any CPU.Build.0 = Debug|Any CPU
		{0C81C097-10A7-45F7-886B-7515B32F9A1B}.Release|Any CPU.ActiveCfg = Release|Any CPU
		{0C81C097-10A7-45F7-886B-7515B32F9A1B}.Release|Any CPU.Build.0 = Release|Any CPU
		{4F140AF2-28BF-4321-A5B6-19DC8E209DA3}.Debug|Any CPU.ActiveCfg = Debug|Any CPU
		{4F140AF2-28BF-4321-A5B6-19DC8E209DA3}.Debug|Any CPU.Build.0 = Debug|Any CPU
		{4F140AF2-28BF-4321-A5B6-19DC8E209DA3}.Release|Any CPU.ActiveCfg = Release|Any CPU
		{4F140AF2-28BF-4321-A5B6-19DC8E209DA3}.Release|Any CPU.Build.0 = Release|Any CPU
		{C9CB03B1-47B6-4D6F-B381-72B25F7FF8ED}.Debug|Any CPU.ActiveCfg = Debug|Any CPU
		{C9CB03B1-47B6-4D6F-B381-72B25F7FF8ED}.Debug|Any CPU.Build.0 = Debug|Any CPU
		{C9CB03B1-47B6-4D6F-B381-72B25F7FF8ED}.Release|Any CPU.ActiveCfg = Release|Any CPU
		{C9CB03B1-47B6-4D6F-B381-72B25F7FF8ED}.Release|Any CPU.Build.0 = Release|Any CPU
		{EE332F01-2061-4786-94A9-E6CDF1FCD525}.Debug|Any CPU.ActiveCfg = Debug|Any CPU
		{EE332F01-2061-4786-94A9-E6CDF1FCD525}.Debug|Any CPU.Build.0 = Debug|Any CPU
		{EE332F01-2061-4786-94A9-E6CDF1FCD525}.Release|Any CPU.ActiveCfg = Release|Any CPU
		{EE332F01-2061-4786-94A9-E6CDF1FCD525}.Release|Any CPU.Build.0 = Release|Any CPU
		{F83B253E-A878-4200-BD13-2180FACCBE79}.Debug|Any CPU.ActiveCfg = Debug|Any CPU
		{F83B253E-A878-4200-BD13-2180FACCBE79}.Debug|Any CPU.Build.0 = Debug|Any CPU
		{F83B253E-A878-4200-BD13-2180FACCBE79}.Release|Any CPU.ActiveCfg = Release|Any CPU
		{F83B253E-A878-4200-BD13-2180FACCBE79}.Release|Any CPU.Build.0 = Release|Any CPU
		{9920B244-3DBE-4798-BC12-CABF7F2FB110}.Debug|Any CPU.ActiveCfg = Debug|Any CPU
		{9920B244-3DBE-4798-BC12-CABF7F2FB110}.Debug|Any CPU.Build.0 = Debug|Any CPU
		{9920B244-3DBE-4798-BC12-CABF7F2FB110}.Release|Any CPU.ActiveCfg = Release|Any CPU
		{9920B244-3DBE-4798-BC12-CABF7F2FB110}.Release|Any CPU.Build.0 = Release|Any CPU
	EndGlobalSection
	GlobalSection(SolutionProperties) = preSolution
		HideSolutionNode = FALSE
	EndGlobalSection
EndGlobal
