
Microsoft Visual Studio Solution File, Format Version 9.00
# Visual Studio 2005
Project("{FAE04EC0-301F-11D3-BF4B-00C04F79EFBC}") = "MAKHN04110U", "MAKHN04110U\MAKHN04110U.csproj", "{24DD6162-766D-47D8-9B20-C8B5EF562B7E}"
EndProject
Global
	GlobalSection(SourceCodeControl) = preSolution
		SccNumberOfProjects = 2
		SccLocalPath0 = .
		SccProjectUniqueName1 = MAKHN04110U\\MAKHN04110U.csproj
		SccLocalPath1 = .
		SccProjectFilePathRelativizedFromConnection1 = MAKHN04110U\\
	EndGlobalSection
	GlobalSection(SolutionConfigurationPlatforms) = preSolution
		Debug|Any CPU = Debug|Any CPU
		Release|Any CPU = Release|Any CPU
	EndGlobalSection
	GlobalSection(ProjectConfigurationPlatforms) = postSolution
		{24DD6162-766D-47D8-9B20-C8B5EF562B7E}.Debug|Any CPU.ActiveCfg = Debug|Any CPU
		{24DD6162-766D-47D8-9B20-C8B5EF562B7E}.Debug|Any CPU.Build.0 = Debug|Any CPU
		{24DD6162-766D-47D8-9B20-C8B5EF562B7E}.Release|Any CPU.ActiveCfg = Release|Any CPU
		{24DD6162-766D-47D8-9B20-C8B5EF562B7E}.Release|Any CPU.Build.0 = Release|Any CPU
	EndGlobalSection
	GlobalSection(SolutionProperties) = preSolution
		HideSolutionNode = FALSE
	EndGlobalSection
EndGlobal
